{"format_version":"1.0","provider_schemas":{"registry.terraform.io/rancher/rancher2":{"provider":{"version":0,"block":{"attributes":{"access_key":{"type":"string","description":"API Key used to authenticate with the rancher server","description_kind":"plain","optional":true,"sensitive":true},"api_url":{"type":"string","description":"The URL to the rancher API","description_kind":"plain","optional":true},"bootstrap":{"type":"bool","description":"Bootstrap rancher server","description_kind":"plain","optional":true},"ca_certs":{"type":"string","description":"CA certificates used to sign rancher server tls certificates. Mandatory if self signed tls and insecure option false","description_kind":"plain","optional":true},"insecure":{"type":"bool","description":"Allow insecure connections to Rancher. Mandatory if self signed tls and not ca_certs provided","description_kind":"plain","optional":true},"retries":{"type":"number","description":"Rancher connection retries","description_kind":"plain","deprecated":true,"optional":true,"computed":true},"secret_key":{"type":"string","description":"API secret used to authenticate with the rancher server","description_kind":"plain","optional":true,"sensitive":true},"timeout":{"type":"string","description":"Rancher connection timeout (retry every 5s). Golang duration format, ex: \"60s\"","description_kind":"plain","optional":true},"token_key":{"type":"string","description":"API token used to authenticate with the rancher server","description_kind":"plain","optional":true,"sensitive":true}},"description_kind":"plain"}},"resource_schemas":{"rancher2_app_v2":{"version":0,"block":{"attributes":{"annotations":{"type":["map","string"],"description":"Annotations of the resource","description_kind":"plain","optional":true,"computed":true},"chart_name":{"type":"string","description":"Chart name","description_kind":"plain","required":true},"chart_version":{"type":"string","description":"Chart version","description_kind":"plain","optional":true,"computed":true},"cleanup_on_fail":{"type":"bool","description":"Cleanup app V2 on failed chart upgrade","description_kind":"plain","optional":true},"cluster_id":{"type":"string","description_kind":"plain","required":true},"cluster_name":{"type":"string","description_kind":"plain","computed":true},"deployment_values":{"type":"string","description":"Values YAML file including computed values. This field prevents incorrect discrepancies from showing in the terraform plan output when files change but values stay the same, due to additional computed values included by the provider itself.","description_kind":"plain","computed":true},"disable_hooks":{"type":"bool","description":"Disable app V2 chart hooks","description_kind":"plain","optional":true},"disable_open_api_validation":{"type":"bool","description":"Disable app V2 Open API Validation","description_kind":"plain","optional":true},"force_upgrade":{"type":"bool","description":"Force app V2 chart upgrade","description_kind":"plain","optional":true},"id":{"type":"string","description_kind":"plain","optional":true,"computed":true},"labels":{"type":["map","string"],"description":"Labels of the resource","description_kind":"plain","optional":true,"computed":true},"name":{"type":"string","description":"App v2 name","description_kind":"plain","required":true},"namespace":{"type":"string","description":"App v2 namespace","description_kind":"plain","required":true},"project_id":{"type":"string","description":"Deploy app within project ID","description_kind":"plain","optional":true},"repo_name":{"type":"string","description":"Repo name","description_kind":"plain","required":true},"system_default_registry":{"type":"string","description":"System default registry providing images for app deployment.","description_kind":"plain","optional":true,"computed":true},"values":{"type":"string","description":"App v2 custom values yaml","description_kind":"plain","optional":true},"wait":{"type":"bool","description":"Wait until app is deployed","description_kind":"plain","optional":true}},"block_types":{"timeouts":{"nesting_mode":"single","block":{"attributes":{"create":{"type":"string","description_kind":"plain","optional":true},"delete":{"type":"string","description_kind":"plain","optional":true},"update":{"type":"string","description_kind":"plain","optional":true}},"description_kind":"plain"}}},"description_kind":"plain"}},"rancher2_auth_config_activedirectory":{"version":0,"block":{"attributes":{"access_mode":{"type":"string","description_kind":"plain","optional":true},"allowed_principal_ids":{"type":["list","string"],"description_kind":"plain","optional":true},"annotations":{"type":["map","string"],"description":"Annotations of the resource","description_kind":"plain","optional":true,"computed":true},"certificate":{"type":"string","description_kind":"plain","optional":true,"sensitive":true},"connection_timeout":{"type":"number","description_kind":"plain","optional":true},"default_login_domain":{"type":"string","description_kind":"plain","optional":true},"enabled":{"type":"bool","description_kind":"plain","optional":true},"group_dn_attribute":{"type":"string","description_kind":"plain","optional":true,"computed":true},"group_member_mapping_attribute":{"type":"string","description_kind":"plain","optional":true,"computed":true},"group_member_user_attribute":{"type":"string","description_kind":"plain","optional":true,"computed":true},"group_name_attribute":{"type":"string","description_kind":"plain","optional":true,"computed":true},"group_object_class":{"type":"string","description_kind":"plain","optional":true,"computed":true},"group_search_attribute":{"type":"string","description_kind":"plain","optional":true,"computed":true},"group_search_base":{"type":"string","description_kind":"plain","optional":true,"computed":true},"group_search_filter":{"type":"string","description_kind":"plain","optional":true,"computed":true},"id":{"type":"string","description_kind":"plain","optional":true,"computed":true},"labels":{"type":["map","string"],"description":"Labels of the resource","description_kind":"plain","optional":true,"computed":true},"name":{"type":"string","description_kind":"plain","computed":true},"nested_group_membership_enabled":{"type":"bool","description_kind":"plain","optional":true,"computed":true},"port":{"type":"number","description_kind":"plain","optional":true},"servers":{"type":["list","string"],"description_kind":"plain","required":true},"service_account_password":{"type":"string","description_kind":"plain","required":true,"sensitive":true},"service_account_username":{"type":"string","description_kind":"plain","required":true,"sensitive":true},"start_tls":{"type":"bool","description_kind":"plain","optional":true,"computed":true},"test_password":{"type":"string","description_kind":"plain","required":true,"sensitive":true},"test_username":{"type":"string","description_kind":"plain","required":true},"tls":{"type":"bool","description_kind":"plain","optional":true,"computed":true},"type":{"type":"string","description_kind":"plain","computed":true},"user_disabled_bit_mask":{"type":"number","description_kind":"plain","optional":true},"user_enabled_attribute":{"type":"string","description_kind":"plain","optional":true,"computed":true},"user_login_attribute":{"type":"string","description_kind":"plain","optional":true,"computed":true},"user_name_attribute":{"type":"string","description_kind":"plain","optional":true,"computed":true},"user_object_class":{"type":"string","description_kind":"plain","optional":true,"computed":true},"user_search_attribute":{"type":"string","description_kind":"plain","optional":true,"computed":true},"user_search_base":{"type":"string","description_kind":"plain","required":true},"user_search_filter":{"type":"string","description_kind":"plain","optional":true,"computed":true}},"description_kind":"plain"}},"rancher2_auth_config_adfs":{"version":0,"block":{"attributes":{"access_mode":{"type":"string","description_kind":"plain","optional":true},"allowed_principal_ids":{"type":["list","string"],"description_kind":"plain","optional":true},"annotations":{"type":["map","string"],"description":"Annotations of the resource","description_kind":"plain","optional":true,"computed":true},"display_name_field":{"type":"string","description_kind":"plain","required":true},"enabled":{"type":"bool","description_kind":"plain","optional":true},"groups_field":{"type":"string","description_kind":"plain","required":true},"id":{"type":"string","description_kind":"plain","optional":true,"computed":true},"idp_metadata_content":{"type":"string","description_kind":"plain","required":true,"sensitive":true},"labels":{"type":["map","string"],"description":"Labels of the resource","description_kind":"plain","optional":true,"computed":true},"name":{"type":"string","description_kind":"plain","computed":true},"rancher_api_host":{"type":"string","description_kind":"plain","required":true},"sp_cert":{"type":"string","description_kind":"plain","required":true,"sensitive":true},"sp_key":{"type":"string","description_kind":"plain","required":true,"sensitive":true},"type":{"type":"string","description_kind":"plain","computed":true},"uid_field":{"type":"string","description_kind":"plain","required":true},"user_name_field":{"type":"string","description_kind":"plain","required":true}},"description_kind":"plain"}},"rancher2_auth_config_azuread":{"version":0,"block":{"attributes":{"access_mode":{"type":"string","description_kind":"plain","optional":true},"allowed_principal_ids":{"type":["list","string"],"description_kind":"plain","optional":true},"annotations":{"type":["map","string"],"description":"Annotations of the resource","description_kind":"plain","optional":true,"computed":true},"application_id":{"type":"string","description_kind":"plain","required":true,"sensitive":true},"application_secret":{"type":"string","description_kind":"plain","required":true,"sensitive":true},"auth_endpoint":{"type":"string","description_kind":"plain","required":true},"enabled":{"type":"bool","description_kind":"plain","optional":true},"endpoint":{"type":"string","description_kind":"plain","optional":true},"graph_endpoint":{"type":"string","description_kind":"plain","required":true},"group_membership_filter":{"type":"string","description_kind":"plain","optional":true},"id":{"type":"string","description_kind":"plain","optional":true,"computed":true},"labels":{"type":["map","string"],"description":"Labels of the resource","description_kind":"plain","optional":true,"computed":true},"name":{"type":"string","description_kind":"plain","computed":true},"rancher_url":{"type":"string","description_kind":"plain","required":true},"tenant_id":{"type":"string","description_kind":"plain","required":true},"token_endpoint":{"type":"string","description_kind":"plain","required":true},"type":{"type":"string","description_kind":"plain","computed":true}},"description_kind":"plain"}},"rancher2_auth_config_freeipa":{"version":0,"block":{"attributes":{"access_mode":{"type":"string","description_kind":"plain","optional":true},"allowed_principal_ids":{"type":["list","string"],"description_kind":"plain","optional":true},"annotations":{"type":["map","string"],"description":"Annotations of the resource","description_kind":"plain","optional":true,"computed":true},"certificate":{"type":"string","description_kind":"plain","optional":true,"sensitive":true},"connection_timeout":{"type":"number","description_kind":"plain","optional":true},"enabled":{"type":"bool","description_kind":"plain","optional":true},"group_dn_attribute":{"type":"string","description_kind":"plain","optional":true,"computed":true},"group_member_mapping_attribute":{"type":"string","description_kind":"plain","optional":true,"computed":true},"group_member_user_attribute":{"type":"string","description_kind":"plain","optional":true,"computed":true},"group_name_attribute":{"type":"string","description_kind":"plain","optional":true,"computed":true},"group_object_class":{"type":"string","description_kind":"plain","optional":true,"computed":true},"group_search_attribute":{"type":"string","description_kind":"plain","optional":true,"computed":true},"group_search_base":{"type":"string","description_kind":"plain","optional":true,"computed":true},"group_search_filter":{"type":"string","description_kind":"plain","optional":true},"id":{"type":"string","description_kind":"plain","optional":true,"computed":true},"labels":{"type":["map","string"],"description":"Labels of the resource","description_kind":"plain","optional":true,"computed":true},"name":{"type":"string","description_kind":"plain","computed":true},"nested_group_membership_enabled":{"type":"bool","description_kind":"plain","optional":true,"computed":true},"port":{"type":"number","description_kind":"plain","optional":true},"servers":{"type":["list","string"],"description_kind":"plain","required":true},"service_account_distinguished_name":{"type":"string","description_kind":"plain","required":true,"sensitive":true},"service_account_password":{"type":"string","description_kind":"plain","required":true,"sensitive":true},"start_tls":{"type":"bool","description_kind":"plain","optional":true,"computed":true},"test_password":{"type":"string","description_kind":"plain","required":true,"sensitive":true},"test_username":{"type":"string","description_kind":"plain","required":true},"tls":{"type":"bool","description_kind":"plain","optional":true,"computed":true},"type":{"type":"string","description_kind":"plain","computed":true},"user_disabled_bit_mask":{"type":"number","description_kind":"plain","optional":true,"computed":true},"user_enabled_attribute":{"type":"string","description_kind":"plain","optional":true,"computed":true},"user_login_attribute":{"type":"string","description_kind":"plain","optional":true,"computed":true},"user_member_attribute":{"type":"string","description_kind":"plain","optional":true,"computed":true},"user_name_attribute":{"type":"string","description_kind":"plain","optional":true,"computed":true},"user_object_class":{"type":"string","description_kind":"plain","optional":true,"computed":true},"user_search_attribute":{"type":"string","description_kind":"plain","optional":true,"computed":true},"user_search_base":{"type":"string","description_kind":"plain","required":true},"user_search_filter":{"type":"string","description_kind":"plain","optional":true}},"description_kind":"plain"}},"rancher2_auth_config_github":{"version":0,"block":{"attributes":{"access_mode":{"type":"string","description_kind":"plain","optional":true},"allowed_principal_ids":{"type":["list","string"],"description_kind":"plain","optional":true},"annotations":{"type":["map","string"],"description":"Annotations of the resource","description_kind":"plain","optional":true,"computed":true},"client_id":{"type":"string","description_kind":"plain","required":true,"sensitive":true},"client_secret":{"type":"string","description_kind":"plain","required":true,"sensitive":true},"enabled":{"type":"bool","description_kind":"plain","optional":true},"hostname":{"type":"string","description_kind":"plain","optional":true},"id":{"type":"string","description_kind":"plain","optional":true,"computed":true},"labels":{"type":["map","string"],"description":"Labels of the resource","description_kind":"plain","optional":true,"computed":true},"name":{"type":"string","description_kind":"plain","computed":true},"tls":{"type":"bool","description_kind":"plain","optional":true},"type":{"type":"string","description_kind":"plain","computed":true}},"description_kind":"plain"}},"rancher2_auth_config_keycloak":{"version":0,"block":{"attributes":{"access_mode":{"type":"string","description_kind":"plain","optional":true},"allowed_principal_ids":{"type":["list","string"],"description_kind":"plain","optional":true},"annotations":{"type":["map","string"],"description":"Annotations of the resource","description_kind":"plain","optional":true,"computed":true},"display_name_field":{"type":"string","description_kind":"plain","required":true},"enabled":{"type":"bool","description_kind":"plain","optional":true},"entity_id":{"type":"string","description_kind":"plain","optional":true,"computed":true},"groups_field":{"type":"string","description_kind":"plain","required":true},"id":{"type":"string","description_kind":"plain","optional":true,"computed":true},"idp_metadata_content":{"type":"string","description_kind":"plain","required":true,"sensitive":true},"labels":{"type":["map","string"],"description":"Labels of the resource","description_kind":"plain","optional":true,"computed":true},"name":{"type":"string","description_kind":"plain","computed":true},"rancher_api_host":{"type":"string","description_kind":"plain","required":true},"sp_cert":{"type":"string","description_kind":"plain","required":true,"sensitive":true},"sp_key":{"type":"string","description_kind":"plain","required":true,"sensitive":true},"type":{"type":"string","description_kind":"plain","computed":true},"uid_field":{"type":"string","description_kind":"plain","required":true},"user_name_field":{"type":"string","description_kind":"plain","required":true}},"description_kind":"plain"}},"rancher2_auth_config_okta":{"version":0,"block":{"attributes":{"access_mode":{"type":"string","description_kind":"plain","optional":true},"allowed_principal_ids":{"type":["list","string"],"description_kind":"plain","optional":true},"annotations":{"type":["map","string"],"description":"Annotations of the resource","description_kind":"plain","optional":true,"computed":true},"display_name_field":{"type":"string","description_kind":"plain","required":true},"enabled":{"type":"bool","description_kind":"plain","optional":true},"groups_field":{"type":"string","description_kind":"plain","required":true},"id":{"type":"string","description_kind":"plain","optional":true,"computed":true},"idp_metadata_content":{"type":"string","description_kind":"plain","required":true,"sensitive":true},"labels":{"type":["map","string"],"description":"Labels of the resource","description_kind":"plain","optional":true,"computed":true},"name":{"type":"string","description_kind":"plain","computed":true},"rancher_api_host":{"type":"string","description_kind":"plain","required":true},"sp_cert":{"type":"string","description_kind":"plain","required":true,"sensitive":true},"sp_key":{"type":"string","description_kind":"plain","required":true,"sensitive":true},"type":{"type":"string","description_kind":"plain","computed":true},"uid_field":{"type":"string","description_kind":"plain","required":true},"user_name_field":{"type":"string","description_kind":"plain","required":true}},"description_kind":"plain"}},"rancher2_auth_config_openldap":{"version":0,"block":{"attributes":{"access_mode":{"type":"string","description_kind":"plain","optional":true},"allowed_principal_ids":{"type":["list","string"],"description_kind":"plain","optional":true},"annotations":{"type":["map","string"],"description":"Annotations of the resource","description_kind":"plain","optional":true,"computed":true},"certificate":{"type":"string","description_kind":"plain","optional":true,"sensitive":true},"connection_timeout":{"type":"number","description_kind":"plain","optional":true},"enabled":{"type":"bool","description_kind":"plain","optional":true},"group_dn_attribute":{"type":"string","description_kind":"plain","optional":true,"computed":true},"group_member_mapping_attribute":{"type":"string","description_kind":"plain","optional":true,"computed":true},"group_member_user_attribute":{"type":"string","description_kind":"plain","optional":true,"computed":true},"group_name_attribute":{"type":"string","description_kind":"plain","optional":true,"computed":true},"group_object_class":{"type":"string","description_kind":"plain","optional":true,"computed":true},"group_search_attribute":{"type":"string","description_kind":"plain","optional":true,"computed":true},"group_search_base":{"type":"string","description_kind":"plain","optional":true,"computed":true},"group_search_filter":{"type":"string","description_kind":"plain","optional":true},"id":{"type":"string","description_kind":"plain","optional":true,"computed":true},"labels":{"type":["map","string"],"description":"Labels of the resource","description_kind":"plain","optional":true,"computed":true},"name":{"type":"string","description_kind":"plain","computed":true},"nested_group_membership_enabled":{"type":"bool","description_kind":"plain","optional":true,"computed":true},"port":{"type":"number","description_kind":"plain","optional":true},"servers":{"type":["list","string"],"description_kind":"plain","required":true},"service_account_distinguished_name":{"type":"string","description_kind":"plain","required":true,"sensitive":true},"service_account_password":{"type":"string","description_kind":"plain","required":true,"sensitive":true},"start_tls":{"type":"bool","description_kind":"plain","optional":true,"computed":true},"test_password":{"type":"string","description_kind":"plain","required":true,"sensitive":true},"test_username":{"type":"string","description_kind":"plain","required":true},"tls":{"type":"bool","description_kind":"plain","optional":true,"computed":true},"type":{"type":"string","description_kind":"plain","computed":true},"user_disabled_bit_mask":{"type":"number","description_kind":"plain","optional":true,"computed":true},"user_enabled_attribute":{"type":"string","description_kind":"plain","optional":true,"computed":true},"user_login_attribute":{"type":"string","description_kind":"plain","optional":true,"computed":true},"user_member_attribute":{"type":"string","description_kind":"plain","optional":true,"computed":true},"user_name_attribute":{"type":"string","description_kind":"plain","optional":true,"computed":true},"user_object_class":{"type":"string","description_kind":"plain","optional":true,"computed":true},"user_search_attribute":{"type":"string","description_kind":"plain","optional":true,"computed":true},"user_search_base":{"type":"string","description_kind":"plain","required":true},"user_search_filter":{"type":"string","description_kind":"plain","optional":true}},"description_kind":"plain"}},"rancher2_auth_config_ping":{"version":0,"block":{"attributes":{"access_mode":{"type":"string","description_kind":"plain","optional":true},"allowed_principal_ids":{"type":["list","string"],"description_kind":"plain","optional":true},"annotations":{"type":["map","string"],"description":"Annotations of the resource","description_kind":"plain","optional":true,"computed":true},"display_name_field":{"type":"string","description_kind":"plain","required":true},"enabled":{"type":"bool","description_kind":"plain","optional":true},"entity_id_field":{"type":"string","description_kind":"plain","optional":true},"groups_field":{"type":"string","description_kind":"plain","required":true},"id":{"type":"string","description_kind":"plain","optional":true,"computed":true},"idp_metadata_content":{"type":"string","description_kind":"plain","required":true,"sensitive":true},"labels":{"type":["map","string"],"description":"Labels of the resource","description_kind":"plain","optional":true,"computed":true},"name":{"type":"string","description_kind":"plain","computed":true},"rancher_api_host":{"type":"string","description_kind":"plain","required":true},"sp_cert":{"type":"string","description_kind":"plain","required":true,"sensitive":true},"sp_key":{"type":"string","description_kind":"plain","required":true,"sensitive":true},"type":{"type":"string","description_kind":"plain","computed":true},"uid_field":{"type":"string","description_kind":"plain","required":true},"user_name_field":{"type":"string","description_kind":"plain","required":true}},"description_kind":"plain"}},"rancher2_bootstrap":{"version":0,"block":{"attributes":{"current_password":{"type":"string","description_kind":"plain","computed":true,"sensitive":true},"id":{"type":"string","description_kind":"plain","optional":true,"computed":true},"initial_password":{"type":"string","description_kind":"plain","optional":true,"sensitive":true},"password":{"type":"string","description_kind":"plain","optional":true,"computed":true,"sensitive":true},"temp_token":{"type":"string","description_kind":"plain","computed":true,"sensitive":true},"temp_token_id":{"type":"string","description_kind":"plain","computed":true},"token":{"type":"string","description_kind":"plain","computed":true,"sensitive":true},"token_id":{"type":"string","description_kind":"plain","computed":true},"token_ttl":{"type":"number","description_kind":"plain","optional":true},"token_update":{"type":"bool","description_kind":"plain","optional":true},"ui_default_landing":{"type":"string","description_kind":"plain","optional":true},"url":{"type":"string","description_kind":"plain","computed":true},"user":{"type":"string","description_kind":"plain","computed":true}},"description_kind":"plain"}},"rancher2_catalog_v2":{"version":0,"block":{"attributes":{"annotations":{"type":["map","string"],"description":"Annotations of the resource","description_kind":"plain","optional":true,"computed":true},"ca_bundle":{"type":"string","description":"CA certificate in base64-encoded DER format which will be used to validate the repo's certificate","description_kind":"plain","optional":true},"cluster_id":{"type":"string","description":"K8s cluster ID","description_kind":"plain","required":true},"enabled":{"type":"bool","description":"If disabled the repo clone will not be updated or allowed to be installed from","description_kind":"plain","optional":true},"exponential_backoff_max_retries":{"type":"number","description":"Maximum number of retries before returning error","description_kind":"plain","optional":true,"computed":true},"exponential_backoff_max_wait":{"type":"number","description":"Maximum amount of seconds to wait before retrying","description_kind":"plain","optional":true,"computed":true},"exponential_backoff_min_wait":{"type":"number","description":"Minimum amount of seconds to wait before retrying","description_kind":"plain","optional":true,"computed":true},"git_branch":{"type":"string","description":"Git Repository branch containing Helm chart definitions","description_kind":"plain","optional":true,"computed":true},"git_repo":{"type":"string","description":"Git Repository containing Helm chart definitions","description_kind":"plain","optional":true},"id":{"type":"string","description_kind":"plain","optional":true,"computed":true},"insecure":{"type":"bool","description":"Use insecure HTTPS to download the repo's index","description_kind":"plain","optional":true},"insecure_plain_http":{"type":"bool","description":"Only valid for OCI URL's. Allows insecure connections to registries without enforcing TLS checks","description_kind":"plain","optional":true},"labels":{"type":["map","string"],"description":"Labels of the resource","description_kind":"plain","optional":true,"computed":true},"name":{"type":"string","description":"K8s Repo name","description_kind":"plain","required":true},"resource_version":{"type":"string","description_kind":"plain","computed":true},"secret_name":{"type":"string","description":"K8s secret name to be used to connect to the repo","description_kind":"plain","optional":true},"secret_namespace":{"type":"string","description":"K8s secret namespace","description_kind":"plain","optional":true},"service_account":{"type":"string","description":"K8s service account used to deploy charts instead of the end users credentials","description_kind":"plain","optional":true},"service_account_namespace":{"type":"string","description":"K8s namsepace of the service account","description_kind":"plain","optional":true},"url":{"type":"string","description":"URL to an index generated by Helm","description_kind":"plain","optional":true}},"block_types":{"timeouts":{"nesting_mode":"single","block":{"attributes":{"create":{"type":"string","description_kind":"plain","optional":true},"delete":{"type":"string","description_kind":"plain","optional":true},"update":{"type":"string","description_kind":"plain","optional":true}},"description_kind":"plain"}}},"description_kind":"plain"}},"rancher2_certificate":{"version":0,"block":{"attributes":{"annotations":{"type":["map","string"],"description":"Annotations of the resource","description_kind":"plain","optional":true,"computed":true},"certs":{"type":"string","description":"Certificate certs base64 encoded","description_kind":"plain","required":true},"description":{"type":"string","description":"Certificate description","description_kind":"plain","optional":true},"id":{"type":"string","description_kind":"plain","optional":true,"computed":true},"key":{"type":"string","description":"Certificate key base64 encoded","description_kind":"plain","required":true,"sensitive":true},"labels":{"type":["map","string"],"description":"Labels of the resource","description_kind":"plain","optional":true,"computed":true},"name":{"type":"string","description":"Certificate name","description_kind":"plain","optional":true},"namespace_id":{"type":"string","description":"Namespace ID to add certificate","description_kind":"plain","optional":true},"project_id":{"type":"string","description":"Project ID to add certificate","description_kind":"plain","required":true}},"block_types":{"timeouts":{"nesting_mode":"single","block":{"attributes":{"create":{"type":"string","description_kind":"plain","optional":true},"delete":{"type":"string","description_kind":"plain","optional":true},"update":{"type":"string","description_kind":"plain","optional":true}},"description_kind":"plain"}}},"description_kind":"plain"}},"rancher2_cloud_credential":{"version":0,"block":{"attributes":{"annotations":{"type":["map","string"],"description":"Annotations of the resource","description_kind":"plain","optional":true,"computed":true},"description":{"type":"string","description_kind":"plain","optional":true},"driver":{"type":"string","description_kind":"plain","computed":true},"id":{"type":"string","description_kind":"plain","optional":true,"computed":true},"labels":{"type":["map","string"],"description":"Labels of the resource","description_kind":"plain","optional":true,"computed":true},"name":{"type":"string","description_kind":"plain","required":true}},"block_types":{"amazonec2_credential_config":{"nesting_mode":"list","block":{"attributes":{"access_key":{"type":"string","description":"AWS Access Key","description_kind":"plain","required":true,"sensitive":true},"default_region":{"type":"string","description":"AWS default region","description_kind":"plain","optional":true},"secret_key":{"type":"string","description":"AWS Secret Key","description_kind":"plain","required":true,"sensitive":true}},"description_kind":"plain"},"max_items":1},"azure_credential_config":{"nesting_mode":"list","block":{"attributes":{"client_id":{"type":"string","description":"Azure Service Principal Account ID","description_kind":"plain","required":true,"sensitive":true},"client_secret":{"type":"string","description":"Azure Service Principal Account password","description_kind":"plain","required":true,"sensitive":true},"environment":{"type":"string","description":"Azure environment (e.g. AzurePublicCloud, AzureChinaCloud)","description_kind":"plain","optional":true,"computed":true},"subscription_id":{"type":"string","description":"Azure Subscription ID","description_kind":"plain","required":true,"sensitive":true},"tenant_id":{"type":"string","description":"Azure Tenant ID","description_kind":"plain","optional":true,"computed":true}},"description_kind":"plain"},"max_items":1},"digitalocean_credential_config":{"nesting_mode":"list","block":{"attributes":{"access_token":{"type":"string","description":"Digital Ocean access token","description_kind":"plain","required":true,"sensitive":true}},"description_kind":"plain"},"max_items":1},"google_credential_config":{"nesting_mode":"list","block":{"attributes":{"auth_encoded_json":{"type":"string","description":"Google auth encoded json","description_kind":"plain","required":true,"sensitive":true}},"description_kind":"plain"},"max_items":1},"harvester_credential_config":{"nesting_mode":"list","block":{"attributes":{"cluster_id":{"type":"string","description":"The cluster id of imported Harvester cluster","description_kind":"plain","optional":true},"cluster_type":{"type":"string","description":"Harvester cluster type. must be imported or external","description_kind":"plain","required":true},"kubeconfig_content":{"type":"string","description":"Harvester cluster kubeconfig content","description_kind":"plain","required":true,"sensitive":true}},"description_kind":"plain"},"max_items":1},"linode_credential_config":{"nesting_mode":"list","block":{"attributes":{"token":{"type":"string","description":"Linode API token","description_kind":"plain","required":true,"sensitive":true}},"description_kind":"plain"},"max_items":1},"openstack_credential_config":{"nesting_mode":"list","block":{"attributes":{"password":{"type":"string","description":"OpenStack password","description_kind":"plain","required":true,"sensitive":true}},"description_kind":"plain"},"max_items":1},"s3_credential_config":{"nesting_mode":"list","block":{"attributes":{"access_key":{"type":"string","description":"AWS Access Key","description_kind":"plain","required":true,"sensitive":true},"default_bucket":{"type":"string","description":"AWS default bucket","description_kind":"plain","optional":true},"default_endpoint":{"type":"string","description":"AWS default endpoint","description_kind":"plain","optional":true},"default_endpoint_ca":{"type":"string","description":"AWS default endpoint CA","description_kind":"plain","optional":true,"sensitive":true},"default_folder":{"type":"string","description":"AWS default folder","description_kind":"plain","optional":true},"default_region":{"type":"string","description":"AWS default region","description_kind":"plain","optional":true},"default_skip_ssl_verify":{"type":"bool","description":"AWS default skip ssl verify","description_kind":"plain","optional":true},"secret_key":{"type":"string","description":"AWS Secret Key","description_kind":"plain","required":true,"sensitive":true}},"description_kind":"plain"},"max_items":1},"timeouts":{"nesting_mode":"single","block":{"attributes":{"create":{"type":"string","description_kind":"plain","optional":true},"delete":{"type":"string","description_kind":"plain","optional":true},"update":{"type":"string","description_kind":"plain","optional":true}},"description_kind":"plain"}},"vsphere_credential_config":{"nesting_mode":"list","block":{"attributes":{"password":{"type":"string","description":"vSphere password","description_kind":"plain","required":true,"sensitive":true},"username":{"type":"string","description":"vSphere username","description_kind":"plain","required":true},"vcenter":{"type":"string","description":"vSphere IP/hostname for vCenter","description_kind":"plain","required":true},"vcenter_port":{"type":"string","description":"vSphere Port for vCenter","description_kind":"plain","optional":true}},"description_kind":"plain"},"max_items":1}},"description_kind":"plain"}},"rancher2_cluster":{"version":2,"block":{"attributes":{"annotations":{"type":["map","string"],"description":"Annotations of the resource","description_kind":"plain","optional":true,"computed":true},"ca_cert":{"type":"string","description_kind":"plain","computed":true,"sensitive":true},"cluster_registration_token":{"type":["list",["object",{"annotations":["map","string"],"cluster_id":"string","command":"string","id":"string","insecure_command":"string","insecure_node_command":"string","insecure_windows_node_command":"string","labels":["map","string"],"manifest_url":"string","name":"string","node_command":"string","token":"string","windows_node_command":"string"}]],"description_kind":"plain","computed":true},"cluster_template_id":{"type":"string","description":"Cluster template ID","description_kind":"plain","optional":true},"cluster_template_revision_id":{"type":"string","description":"Cluster template revision ID","description_kind":"plain","optional":true},"default_pod_security_admission_configuration_template_name":{"type":"string","description":"Default pod security admission configuration template name","description_kind":"plain","optional":true,"computed":true},"default_project_id":{"type":"string","description_kind":"plain","computed":true},"description":{"type":"string","description_kind":"plain","optional":true},"desired_agent_image":{"type":"string","description_kind":"plain","optional":true,"computed":true},"desired_auth_image":{"type":"string","description_kind":"plain","optional":true,"computed":true},"docker_root_dir":{"type":"string","description_kind":"plain","optional":true,"computed":true},"driver":{"type":"string","description_kind":"plain","optional":true,"computed":true},"enable_cluster_istio":{"type":"bool","description":"Enable built-in cluster istio","description_kind":"plain","deprecated":true,"computed":true},"enable_network_policy":{"type":"bool","description":"Enable project network isolation","description_kind":"plain","optional":true,"computed":true},"fleet_workspace_name":{"type":"string","description_kind":"plain","optional":true,"computed":true},"id":{"type":"string","description_kind":"plain","optional":true,"computed":true},"istio_enabled":{"type":"bool","description":"Is istio enabled at cluster?","description_kind":"plain","computed":true},"kube_config":{"type":"string","description_kind":"plain","computed":true,"sensitive":true},"labels":{"type":["map","string"],"description":"Labels of the resource","description_kind":"plain","optional":true,"computed":true},"name":{"type":"string","description_kind":"plain","required":true},"system_project_id":{"type":"string","description_kind":"plain","computed":true},"windows_prefered_cluster":{"type":"bool","description":"Windows preferred cluster","description_kind":"plain","optional":true}},"block_types":{"agent_env_vars":{"nesting_mode":"list","block":{"attributes":{"name":{"type":"string","description_kind":"plain","required":true},"value":{"type":"string","description_kind":"plain","required":true}},"description":"Optional Agent Env Vars for Rancher agent","description_kind":"plain"}},"aks_config_v2":{"nesting_mode":"list","block":{"attributes":{"auth_base_url":{"type":"string","description":"The AKS auth base url","description_kind":"plain","optional":true},"authorized_ip_ranges":{"type":["list","string"],"description":"The AKS authorized ip ranges","description_kind":"plain","optional":true},"base_url":{"type":"string","description":"The AKS base url","description_kind":"plain","optional":true},"cloud_credential_id":{"type":"string","description":"The AKS Cloud Credential ID to use","description_kind":"plain","required":true},"dns_prefix":{"type":"string","description":"The AKS dns prefix. Required if `import=false`","description_kind":"plain","optional":true},"http_application_routing":{"type":"bool","description":"Enable AKS http application routing?","description_kind":"plain","optional":true,"computed":true},"imported":{"type":"bool","description":"Is AKS cluster imported?","description_kind":"plain","optional":true},"kubernetes_version":{"type":"string","description":"The kubernetes master version. Required if `import=false`","description_kind":"plain","optional":true},"linux_admin_username":{"type":"string","description":"The AKS linux admin username","description_kind":"plain","optional":true,"computed":true},"linux_ssh_public_key":{"type":"string","description":"The AKS linux ssh public key","description_kind":"plain","optional":true,"computed":true},"load_balancer_sku":{"type":"string","description":"The AKS load balancer sku","description_kind":"plain","optional":true,"computed":true},"log_analytics_workspace_group":{"type":"string","description":"The AKS log analytics workspace group","description_kind":"plain","optional":true,"computed":true},"log_analytics_workspace_name":{"type":"string","description":"The AKS log analytics workspace name","description_kind":"plain","optional":true,"computed":true},"monitoring":{"type":"bool","description":"Is AKS cluster monitoring enabled?","description_kind":"plain","optional":true,"computed":true},"name":{"type":"string","description":"The AKS cluster name","description_kind":"plain","optional":true,"computed":true},"network_dns_service_ip":{"type":"string","description":"The AKS network dns service ip","description_kind":"plain","optional":true,"computed":true},"network_docker_bridge_cidr":{"type":"string","description":"The AKS network docker bridge cidr","description_kind":"plain","optional":true,"computed":true},"network_plugin":{"type":"string","description":"The AKS network plugin. Required if `import=false`","description_kind":"plain","optional":true},"network_pod_cidr":{"type":"string","description":"The AKS network pod cidr","description_kind":"plain","optional":true,"computed":true},"network_policy":{"type":"string","description":"The AKS network policy","description_kind":"plain","optional":true,"computed":true},"network_service_cidr":{"type":"string","description":"The AKS network service cidr","description_kind":"plain","optional":true,"computed":true},"node_resource_group":{"type":"string","description":"The AKS node resource group name","description_kind":"plain","optional":true,"computed":true},"outbound_type":{"type":"string","description":"The AKS outbound type for the egress traffic","description_kind":"plain","optional":true},"private_cluster":{"type":"bool","description":"Is AKS cluster private?","description_kind":"plain","optional":true,"computed":true},"resource_group":{"type":"string","description":"The AKS resource group","description_kind":"plain","required":true},"resource_location":{"type":"string","description":"The AKS resource location","description_kind":"plain","required":true},"subnet":{"type":"string","description":"The AKS subnet","description_kind":"plain","optional":true,"computed":true},"tags":{"type":["map","string"],"description":"The AKS cluster tags","description_kind":"plain","optional":true,"computed":true},"virtual_network":{"type":"string","description":"The AKS virtual network","description_kind":"plain","optional":true,"computed":true},"virtual_network_resource_group":{"type":"string","description":"The AKS virtual network resource group","description_kind":"plain","optional":true,"computed":true}},"block_types":{"node_pools":{"nesting_mode":"list","block":{"attributes":{"availability_zones":{"type":["list","string"],"description":"The AKS node pool availability zones","description_kind":"plain","optional":true},"count":{"type":"number","description":"The AKS node pool count","description_kind":"plain","optional":true},"enable_auto_scaling":{"type":"bool","description":"Is AKS node pool auto scaling enabled?","description_kind":"plain","optional":true},"labels":{"type":["map","string"],"description":"The AKS node pool labels","description_kind":"plain","optional":true,"computed":true},"max_count":{"type":"number","description":"The AKS node pool max count","description_kind":"plain","optional":true},"max_pods":{"type":"number","description":"The AKS node pool max pods","description_kind":"plain","optional":true},"max_surge":{"type":"string","description":"The AKS node pool max surge","description_kind":"plain","optional":true},"min_count":{"type":"number","description":"The AKS node pool min count","description_kind":"plain","optional":true},"mode":{"type":"string","description":"The AKS node pool mode","description_kind":"plain","optional":true},"name":{"type":"string","description":"The AKS node group name","description_kind":"plain","required":true},"orchestrator_version":{"type":"string","description":"The AKS node pool orchestrator version","description_kind":"plain","optional":true},"os_disk_size_gb":{"type":"number","description":"The AKS node pool os disk size gb","description_kind":"plain","optional":true},"os_disk_type":{"type":"string","description":"The AKS node pool os disk type","description_kind":"plain","optional":true},"os_type":{"type":"string","description":"Enable AKS node pool os type","description_kind":"plain","optional":true},"taints":{"type":["list","string"],"description":"The AKS node pool taints","description_kind":"plain","optional":true,"computed":true},"vm_size":{"type":"string","description":"The AKS node pool vm size","description_kind":"plain","optional":true,"computed":true}},"description":"The AKS node pools to use. Required if `import=false`","description_kind":"plain"}}},"description_kind":"plain"},"max_items":1},"cluster_agent_deployment_customization":{"nesting_mode":"list","block":{"attributes":{"override_affinity":{"type":"string","description":"User defined affinity to override default agent affinity","description_kind":"plain","optional":true}},"block_types":{"append_tolerations":{"nesting_mode":"list","block":{"attributes":{"effect":{"type":"string","description_kind":"plain","optional":true},"key":{"type":"string","description_kind":"plain","required":true},"operator":{"type":"string","description_kind":"plain","optional":true},"seconds":{"type":"number","description_kind":"plain","optional":true,"computed":true},"value":{"type":"string","description_kind":"plain","optional":true}},"description":"User defined tolerations to append to agent","description_kind":"plain"}},"override_resource_requirements":{"nesting_mode":"list","block":{"attributes":{"cpu_limit":{"type":"string","description":"The maximum CPU limit for agent","description_kind":"plain","optional":true},"cpu_request":{"type":"string","description":"The minimum CPU required for agent","description_kind":"plain","optional":true},"memory_limit":{"type":"string","description":"The maximum memory limit for agent","description_kind":"plain","optional":true},"memory_request":{"type":"string","description":"The minimum memory required for agent","description_kind":"plain","optional":true}},"description":"User defined resource requirements to set on the agent","description_kind":"plain"}},"scheduling_customization":{"nesting_mode":"list","block":{"block_types":{"pod_disruption_budget":{"nesting_mode":"list","block":{"attributes":{"max_unavailable":{"type":"string","description":"The maximum number of cattle cluster agent replicas that can be down at a given time.","description_kind":"plain","optional":true},"min_available":{"type":"string","description":"The minimum number of cattle cluster agent replicas that must be running at a given time.","description_kind":"plain","optional":true}},"description":"The Pod Disruption Budget created for the cattle cluster agent","description_kind":"plain"}},"priority_class":{"nesting_mode":"list","block":{"attributes":{"preemption_policy":{"type":"string","description":"The preemption behavior for the cattle cluster agent. Must be either 'PreemptLowerPriority' or 'Never'","description_kind":"plain","optional":true},"value":{"type":"number","description":"The priority value for the cattle cluster agent. Must be between negative 1 billion and 1 billion.","description_kind":"plain","required":true}},"description":"The Priority Class created for the cattle cluster agent","description_kind":"plain"}}},"description":"User defined scheduling customization for the cattle cluster agent","description_kind":"plain"}}},"description":"Optional customization for cluster agent","description_kind":"plain"}},"cluster_auth_endpoint":{"nesting_mode":"list","block":{"attributes":{"ca_certs":{"type":"string","description_kind":"plain","optional":true},"enabled":{"type":"bool","description_kind":"plain","optional":true},"fqdn":{"type":"string","description_kind":"plain","optional":true}},"description_kind":"plain"},"max_items":1},"cluster_template_answers":{"nesting_mode":"list","block":{"attributes":{"cluster_id":{"type":"string","description":"Cluster ID for answer","description_kind":"plain","optional":true,"computed":true},"project_id":{"type":"string","description":"Project ID for answer","description_kind":"plain","optional":true,"computed":true},"values":{"type":["map","string"],"description":"Key/values for answer","description_kind":"plain","optional":true,"computed":true}},"description":"Cluster template answers","description_kind":"plain"},"max_items":1},"cluster_template_questions":{"nesting_mode":"list","block":{"attributes":{"default":{"type":"string","description":"Default variable value","description_kind":"plain","required":true},"required":{"type":"bool","description":"Required variable","description_kind":"plain","optional":true},"type":{"type":"string","description":"Variable type","description_kind":"plain","optional":true},"variable":{"type":"string","description":"Variable name","description_kind":"plain","required":true}},"description":"Cluster template questions","description_kind":"plain"}},"eks_config_v2":{"nesting_mode":"list","block":{"attributes":{"cloud_credential_id":{"type":"string","description":"The AWS Cloud Credential ID to use","description_kind":"plain","required":true},"imported":{"type":"bool","description":"Is EKS cluster imported?","description_kind":"plain","optional":true},"kms_key":{"type":"string","description":"The AWS kms key to use","description_kind":"plain","optional":true},"kubernetes_version":{"type":"string","description":"The kubernetes master version","description_kind":"plain","optional":true,"computed":true},"logging_types":{"type":["list","string"],"description":"The AWS logging types","description_kind":"plain","optional":true},"name":{"type":"string","description":"The EKS cluster name","description_kind":"plain","optional":true,"computed":true},"private_access":{"type":"bool","description":"The EKS cluster has private access","description_kind":"plain","optional":true,"computed":true},"public_access":{"type":"bool","description":"The EKS cluster has public access","description_kind":"plain","optional":true,"computed":true},"public_access_sources":{"type":["list","string"],"description":"The EKS cluster public access sources","description_kind":"plain","optional":true,"computed":true},"region":{"type":"string","description":"The AWS Region to create the EKS cluster in","description_kind":"plain","optional":true},"secrets_encryption":{"type":"bool","description":"Enable EKS cluster secret encryption","description_kind":"plain","optional":true,"computed":true},"security_groups":{"type":["list","string"],"description":"List of security groups to use for the cluster","description_kind":"plain","optional":true},"service_role":{"type":"string","description":"The AWS service role to use","description_kind":"plain","optional":true},"subnets":{"type":["list","string"],"description":"List of subnets in the virtual network to use","description_kind":"plain","optional":true},"tags":{"type":["map","string"],"description":"The EKS cluster tags","description_kind":"plain","optional":true}},"block_types":{"node_groups":{"nesting_mode":"list","block":{"attributes":{"desired_size":{"type":"number","description":"The EKS node group desired size","description_kind":"plain","optional":true},"disk_size":{"type":"number","description":"The EKS node group disk size","description_kind":"plain","optional":true},"ec2_ssh_key":{"type":"string","description":"The EKS node group ssh key","description_kind":"plain","optional":true},"gpu":{"type":"bool","description":"Is EKS cluster using gpu?","description_kind":"plain","optional":true},"image_id":{"type":"string","description":"The EKS node group image ID","description_kind":"plain","optional":true},"instance_type":{"type":"string","description":"The EKS node group instance type","description_kind":"plain","optional":true},"labels":{"type":["map","string"],"description":"The EKS node group tags","description_kind":"plain","optional":true},"max_size":{"type":"number","description":"The EKS node group maximum size","description_kind":"plain","optional":true},"min_size":{"type":"number","description":"The EKS node group minimum size","description_kind":"plain","optional":true},"name":{"type":"string","description":"The EKS node group name","description_kind":"plain","required":true},"node_role":{"type":"string","description":"The EKS node group node role ARN","description_kind":"plain","optional":true},"request_spot_instances":{"type":"bool","description":"Enable EKS node group request spot instances","description_kind":"plain","optional":true},"resource_tags":{"type":["map","string"],"description":"The EKS node group resource tags","description_kind":"plain","optional":true},"spot_instance_types":{"type":["list","string"],"description":"The EKS node group spot instance types","description_kind":"plain","optional":true},"subnets":{"type":["list","string"],"description":"The EKS node group subnets","description_kind":"plain","optional":true,"computed":true},"tags":{"type":["map","string"],"description":"The EKS node group tags","description_kind":"plain","optional":true},"user_data":{"type":"string","description":"The EKS node group user data","description_kind":"plain","optional":true,"computed":true},"version":{"type":"string","description":"The EKS node group k8s version","description_kind":"plain","computed":true}},"block_types":{"launch_template":{"nesting_mode":"list","block":{"attributes":{"id":{"type":"string","description":"The EKS node group launch template ID","description_kind":"plain","required":true},"name":{"type":"string","description":"The EKS node group launch template name","description_kind":"plain","required":true},"version":{"type":"number","description":"The EKS node group launch template version","description_kind":"plain","required":true}},"description":"The EKS node groups launch template","description_kind":"plain"}}},"description":"The AWS node groups to use","description_kind":"plain"}}},"description_kind":"plain"},"max_items":1},"fleet_agent_deployment_customization":{"nesting_mode":"list","block":{"attributes":{"override_affinity":{"type":"string","description":"User defined affinity to override default agent affinity","description_kind":"plain","optional":true}},"block_types":{"append_tolerations":{"nesting_mode":"list","block":{"attributes":{"effect":{"type":"string","description_kind":"plain","optional":true},"key":{"type":"string","description_kind":"plain","required":true},"operator":{"type":"string","description_kind":"plain","optional":true},"seconds":{"type":"number","description_kind":"plain","optional":true,"computed":true},"value":{"type":"string","description_kind":"plain","optional":true}},"description":"User defined tolerations to append to agent","description_kind":"plain"}},"override_resource_requirements":{"nesting_mode":"list","block":{"attributes":{"cpu_limit":{"type":"string","description":"The maximum CPU limit for agent","description_kind":"plain","optional":true},"cpu_request":{"type":"string","description":"The minimum CPU required for agent","description_kind":"plain","optional":true},"memory_limit":{"type":"string","description":"The maximum memory limit for agent","description_kind":"plain","optional":true},"memory_request":{"type":"string","description":"The minimum memory required for agent","description_kind":"plain","optional":true}},"description":"User defined resource requirements to set on the agent","description_kind":"plain"}}},"description":"Optional customization for fleet agent","description_kind":"plain"}},"gke_config_v2":{"nesting_mode":"list","block":{"attributes":{"cluster_ipv4_cidr_block":{"type":"string","description":"The GKE ip v4 cidr block","description_kind":"plain","optional":true,"computed":true},"description":{"type":"string","description":"The GKE cluster description","description_kind":"plain","optional":true,"computed":true},"enable_kubernetes_alpha":{"type":"bool","description":"Enable Kubernetes alpha","description_kind":"plain","optional":true,"computed":true},"google_credential_secret":{"type":"string","description":"Google credential secret","description_kind":"plain","required":true,"sensitive":true},"imported":{"type":"bool","description":"Is GKE cluster imported?","description_kind":"plain","optional":true},"kubernetes_version":{"type":"string","description":"The kubernetes master version","description_kind":"plain","optional":true,"computed":true},"labels":{"type":["map","string"],"description":"The GKE cluster labels","description_kind":"plain","optional":true,"computed":true},"locations":{"type":["list","string"],"description":"The GKE cluster locations","description_kind":"plain","optional":true,"computed":true},"logging_service":{"type":"string","description":"The GKE cluster logging service","description_kind":"plain","optional":true,"computed":true},"maintenance_window":{"type":"string","description":"The GKE cluster maintenance window","description_kind":"plain","optional":true,"computed":true},"monitoring_service":{"type":"string","description":"The GKE cluster monitoring service","description_kind":"plain","optional":true,"computed":true},"name":{"type":"string","description":"The GKE cluster name","description_kind":"plain","required":true},"network":{"type":"string","description":"The GKE cluster network","description_kind":"plain","optional":true,"computed":true},"network_policy_enabled":{"type":"bool","description":"Is GKE cluster network policy enabled?","description_kind":"plain","optional":true,"computed":true},"project_id":{"type":"string","description":"The GKE project id","description_kind":"plain","required":true},"region":{"type":"string","description":"The GKE cluster region. Required if `zone` is empty","description_kind":"plain","optional":true,"computed":true},"subnetwork":{"type":"string","description":"The GKE cluster subnetwork","description_kind":"plain","optional":true,"computed":true},"zone":{"type":"string","description":"The GKE cluster zone. Required if `region` is empty","description_kind":"plain","optional":true,"computed":true}},"block_types":{"cluster_addons":{"nesting_mode":"list","block":{"attributes":{"horizontal_pod_autoscaling":{"type":"bool","description":"Enable GKE horizontal pod autoscaling","description_kind":"plain","optional":true,"computed":true},"http_load_balancing":{"type":"bool","description":"Enable GKE HTTP load balancing","description_kind":"plain","optional":true,"computed":true},"network_policy_config":{"type":"bool","description":"Enable GKE network policy config","description_kind":"plain","optional":true,"computed":true}},"description":"The GKE cluster addons","description_kind":"plain"},"max_items":1},"ip_allocation_policy":{"nesting_mode":"list","block":{"attributes":{"cluster_ipv4_cidr_block":{"type":"string","description":"The GKE cluster ip v4 allocation cidr block","description_kind":"plain","optional":true,"computed":true},"cluster_secondary_range_name":{"type":"string","description":"The GKE cluster ip v4 allocation secondary range name","description_kind":"plain","optional":true,"computed":true},"create_subnetwork":{"type":"bool","description":"Create GKE subnetwork?","description_kind":"plain","optional":true,"computed":true},"node_ipv4_cidr_block":{"type":"string","description":"The GKE node ip v4 allocation cidr block","description_kind":"plain","optional":true,"computed":true},"services_ipv4_cidr_block":{"type":"string","description":"The GKE services ip v4 allocation cidr block","description_kind":"plain","optional":true,"computed":true},"services_secondary_range_name":{"type":"string","description":"The GKE services ip v4 allocation secondary range name","description_kind":"plain","optional":true,"computed":true},"subnetwork_name":{"type":"string","description":"The GKE cluster subnetwork name","description_kind":"plain","optional":true,"computed":true},"use_ip_aliases":{"type":"bool","description":"Use GKE ip aliases?","description_kind":"plain","optional":true,"computed":true}},"description":"The GKE ip allocation policy","description_kind":"plain"},"max_items":1},"master_authorized_networks_config":{"nesting_mode":"list","block":{"attributes":{"enabled":{"type":"bool","description":"Enable GKE master authorized network config","description_kind":"plain","optional":true}},"block_types":{"cidr_blocks":{"nesting_mode":"list","block":{"attributes":{"cidr_block":{"type":"string","description":"The GKE master authorized network config cidr block","description_kind":"plain","required":true},"display_name":{"type":"string","description":"The GKE master authorized network config cidr block dispaly name","description_kind":"plain","optional":true}},"description":"The GKE master authorized network config cidr blocks","description_kind":"plain"},"min_items":1}},"description":"The GKE cluster master authorized networks config","description_kind":"plain"},"max_items":1},"node_pools":{"nesting_mode":"list","block":{"attributes":{"initial_node_count":{"type":"number","description":"The GKE node pool config initial node count","description_kind":"plain","required":true},"max_pods_constraint":{"type":"number","description":"The GKE node pool config max pods constraint","description_kind":"plain","optional":true,"computed":true},"name":{"type":"string","description":"The GKE node pool config name","description_kind":"plain","required":true},"version":{"type":"string","description":"The GKE node pool config version","description_kind":"plain","required":true}},"block_types":{"autoscaling":{"nesting_mode":"list","block":{"attributes":{"enabled":{"type":"bool","description":"Enable GKE node pool config autoscaling","description_kind":"plain","optional":true},"max_node_count":{"type":"number","description":"The GKE node pool config max node count","description_kind":"plain","optional":true,"computed":true},"min_node_count":{"type":"number","description":"The GKE node pool config min node count","description_kind":"plain","optional":true,"computed":true}},"description":"The GKE node pool config autoscaling","description_kind":"plain"},"max_items":1},"config":{"nesting_mode":"list","block":{"attributes":{"disk_size_gb":{"type":"number","description":"The GKE node config disk size (Gb)","description_kind":"plain","optional":true},"disk_type":{"type":"string","description":"The GKE node config disk type","description_kind":"plain","optional":true},"image_type":{"type":"string","description":"The GKE node config image type","description_kind":"plain","optional":true},"labels":{"type":["map","string"],"description":"The GKE node config labels","description_kind":"plain","optional":true,"computed":true},"local_ssd_count":{"type":"number","description":"The GKE node config local ssd count","description_kind":"plain","optional":true},"machine_type":{"type":"string","description":"The GKE node config machine type","description_kind":"plain","optional":true},"oauth_scopes":{"type":["list","string"],"description":"The GKE node config oauth scopes","description_kind":"plain","optional":true,"computed":true},"preemptible":{"type":"bool","description":"Enable GKE node config preemptible","description_kind":"plain","optional":true},"service_account":{"type":"string","description":"The GKE node config service account","description_kind":"plain","optional":true},"tags":{"type":["list","string"],"description":"The GKE node config tags","description_kind":"plain","optional":true,"computed":true}},"block_types":{"taints":{"nesting_mode":"list","block":{"attributes":{"effect":{"type":"string","description_kind":"plain","required":true},"key":{"type":"string","description_kind":"plain","required":true},"value":{"type":"string","description_kind":"plain","required":true}},"description":"The GKE node config taints","description_kind":"plain"}}},"description":"The GKE node pool node config","description_kind":"plain"},"max_items":1},"management":{"nesting_mode":"list","block":{"attributes":{"auto_repair":{"type":"bool","description":"Enable GKE node pool config management auto repair","description_kind":"plain","optional":true,"computed":true},"auto_upgrade":{"type":"bool","description":"Enable GKE node pool config management auto upgrade","description_kind":"plain","optional":true,"computed":true}},"description":"The GKE node pool config management","description_kind":"plain"},"max_items":1}},"description":"The GKE cluster node pools","description_kind":"plain"}},"private_cluster_config":{"nesting_mode":"list","block":{"attributes":{"enable_private_endpoint":{"type":"bool","description":"Enable GKE cluster private endpoint","description_kind":"plain","optional":true},"enable_private_nodes":{"type":"bool","description":"Enable GKE cluster private nodes","description_kind":"plain","optional":true},"master_ipv4_cidr_block":{"type":"string","description":"The GKE cluster private master ip v4 cidr block","description_kind":"plain","required":true}},"description":"The GKE private cluster config","description_kind":"plain"},"max_items":1}},"description_kind":"plain"},"max_items":1},"imported_config":{"nesting_mode":"list","block":{"attributes":{"private_registry_url":{"type":"string","description":"Private registry URL","description_kind":"plain","optional":true,"computed":true}},"description_kind":"plain"},"max_items":1},"k3s_config":{"nesting_mode":"list","block":{"attributes":{"version":{"type":"string","description":"The K3S kubernetes version","description_kind":"plain","optional":true,"computed":true}},"block_types":{"upgrade_strategy":{"nesting_mode":"list","block":{"attributes":{"drain_server_nodes":{"type":"bool","description":"Drain server nodes","description_kind":"plain","optional":true},"drain_worker_nodes":{"type":"bool","description":"Drain worker nodes","description_kind":"plain","optional":true},"server_concurrency":{"type":"number","description":"Server concurrency","description_kind":"plain","optional":true},"worker_concurrency":{"type":"number","description":"Worker concurrency","description_kind":"plain","optional":true}},"description":"The K3S upgrade strategy","description_kind":"plain"},"max_items":1}},"description_kind":"plain"},"max_items":1},"oke_config":{"nesting_mode":"list","block":{"attributes":{"cluster_type":{"type":"string","description":"Optionally specify a cluster type of basic or enhanced","description_kind":"plain","optional":true},"compartment_id":{"type":"string","description":"The OCID of the compartment in which to create resources (VCN, worker nodes, etc.)","description_kind":"plain","required":true},"control_plane_subnet_name":{"type":"string","description":"The (optional) name of a pre-existing subnet (public or private) for the Kubernetes API endpoint","description_kind":"plain","optional":true},"custom_boot_volume_size":{"type":"number","description":"An optional custom boot volume size (in GB) for the nodes","description_kind":"plain","optional":true},"description":{"type":"string","description":"An optional description of this cluster","description_kind":"plain","optional":true},"enable_kubernetes_dashboard":{"type":"bool","description":"Enable the kubernetes dashboard","description_kind":"plain","optional":true},"enable_private_control_plane":{"type":"bool","description":"Whether Kubernetes API endpoint is a private IP only accessible from within the VCN","description_kind":"plain","optional":true},"enable_private_nodes":{"type":"bool","description":"Whether worker nodes are deployed into a new private subnet","description_kind":"plain","optional":true},"eviction_grace_duration":{"type":"string","description":"The optional grace period in minutes to allow cordon and drain to complete successfuly","description_kind":"plain","optional":true},"fingerprint":{"type":"string","description":"The fingerprint corresponding to the specified user's private API Key","description_kind":"plain","optional":true},"flex_memory_in_gbs":{"type":"number","description":"Optional amount of memory in GB for nodes (requires flexible node_shape)","description_kind":"plain","optional":true},"flex_ocpus":{"type":"number","description":"Optional number of OCPUs for nodes (requires flexible node_shape)","description_kind":"plain","optional":true},"force_delete_after_grace_duration":{"type":"bool","description":"Whether to send a SIGKILL signal if a pod does not terminate within the specified grace period","description_kind":"plain","optional":true},"image_verification_kms_key_id":{"type":"string","description":"Optional specify a comma separated list of master encryption key OCID(s) to verify images","description_kind":"plain","optional":true},"kms_key_id":{"type":"string","description":"Optional specify the OCID of the KMS Vault master key","description_kind":"plain","optional":true},"kubernetes_version":{"type":"string","description":"The Kubernetes version that will be used for your master *and* worker nodes e.g. v1.33.1","description_kind":"plain","required":true},"limit_node_count":{"type":"number","description":"Optional limit on the total number of nodes in the pool","description_kind":"plain","optional":true},"load_balancer_subnet_name_1":{"type":"string","description":"The name of the first existing subnet to use for Kubernetes services / LB","description_kind":"plain","optional":true},"load_balancer_subnet_name_2":{"type":"string","description":"The (optional) name of a second existing subnet to use for Kubernetes services / LB","description_kind":"plain","optional":true},"node_image":{"type":"string","description":"The OS for the node image","description_kind":"plain","required":true},"node_pool_dns_domain_name":{"type":"string","description":"Optional name for DNS domain of node pool subnet","description_kind":"plain","optional":true},"node_pool_subnet_name":{"type":"string","description":"Optional pre-existing subnet (public or private) for nodes","description_kind":"plain","optional":true},"node_public_key_contents":{"type":"string","description":"The contents of the SSH public key file to use for the nodes","description_kind":"plain","optional":true},"node_shape":{"type":"string","description":"The shape of the node (determines number of CPUs and  amount of memory on each node)","description_kind":"plain","required":true},"node_user_data_contents":{"type":"string","description":"The contents of custom cloud-init / user_data for the nodes - will be base64 encoded internally if it is not already","description_kind":"plain","optional":true},"pod_cidr":{"type":"string","description":"Optional specify the pod CIDR, defaults to 10.244.0.0/16","description_kind":"plain","optional":true},"pod_network":{"type":"string","description":"Optional Pod Network plugin. Choose flannel or native. Defaults to flannel","description_kind":"plain","optional":true},"pod_subnet_name":{"type":"string","description":"The (optional) name of a pre-existing subnet that pods will be assigned IPs from when using native pod networking","description_kind":"plain","optional":true},"private_key_contents":{"type":"string","description":"The private API key file contents for the specified user, in PEM format","description_kind":"plain","optional":true,"sensitive":true},"private_key_passphrase":{"type":"string","description":"The passphrase of the private key for the OKE cluster","description_kind":"plain","optional":true,"sensitive":true},"quantity_of_node_subnets":{"type":"number","description":"Number of node subnets (defaults to creating 1 regional subnet)","description_kind":"plain","optional":true},"quantity_per_subnet":{"type":"number","description":"Number of worker nodes in each subnet / availability domain","description_kind":"plain","optional":true},"region":{"type":"string","description":"The availability domain within the region to host the OKE cluster","description_kind":"plain","required":true},"service_cidr":{"type":"string","description":"Optional specify the service CIDR, defaults to 10.96.0.0/16","description_kind":"plain","optional":true},"service_dns_domain_name":{"type":"string","description":"Optional name for DNS domain of service subnet","description_kind":"plain","optional":true},"skip_vcn_delete":{"type":"bool","description":"Whether to skip deleting VCN","description_kind":"plain","optional":true},"tenancy_id":{"type":"string","description":"The OCID of the tenancy in which to create resources","description_kind":"plain","required":true},"user_ocid":{"type":"string","description":"The OCID of a user who has access to the tenancy/compartment","description_kind":"plain","optional":true},"vcn_compartment_id":{"type":"string","description":"The OCID of the compartment (if different from compartment_id) in which to find the pre-existing virtual network set with vcn_name.","description_kind":"plain","optional":true},"vcn_name":{"type":"string","description":"The optional name of an existing virtual network to use for the cluster creation. A new VCN will be created if not specified.","description_kind":"plain","optional":true},"worker_node_ingress_cidr":{"type":"string","description":"Additional CIDR from which to allow ingress to worker nodes","description_kind":"plain","optional":true}},"description_kind":"plain"},"max_items":1},"rke2_config":{"nesting_mode":"list","block":{"attributes":{"version":{"type":"string","description":"The RKE2 kubernetes version","description_kind":"plain","optional":true,"computed":true}},"block_types":{"upgrade_strategy":{"nesting_mode":"list","block":{"attributes":{"drain_server_nodes":{"type":"bool","description":"Drain server nodes","description_kind":"plain","optional":true},"drain_worker_nodes":{"type":"bool","description":"Drain worker nodes","description_kind":"plain","optional":true},"server_concurrency":{"type":"number","description":"Server concurrency","description_kind":"plain","optional":true},"worker_concurrency":{"type":"number","description":"Worker concurrency","description_kind":"plain","optional":true}},"description":"The RKE2 upgrade strategy","description_kind":"plain"},"max_items":1}},"description_kind":"plain"},"max_items":1},"rke_config":{"nesting_mode":"list","block":{"attributes":{"addon_job_timeout":{"type":"number","description":"Optional duration in seconds of addon job.","description_kind":"plain","optional":true,"computed":true},"addons":{"type":"string","description":"Optional addons descripton to deploy on rke cluster.","description_kind":"plain","optional":true},"addons_include":{"type":["list","string"],"description":"Optional addons yaml manisfest to deploy on rke cluster.","description_kind":"plain","optional":true},"enable_cri_dockerd":{"type":"bool","description":"Enable/disable using cri-dockerd","description_kind":"plain","optional":true},"ignore_docker_version":{"type":"bool","description":"Optional ignore docker version on nodes","description_kind":"plain","optional":true},"kubernetes_version":{"type":"string","description":"Optional kubernetes version to deploy","description_kind":"plain","optional":true,"computed":true},"prefix_path":{"type":"string","description":"Optional prefix to customize kubernetes path","description_kind":"plain","optional":true,"computed":true},"ssh_agent_auth":{"type":"bool","description":"Optional use ssh agent auth","description_kind":"plain","optional":true},"ssh_cert_path":{"type":"string","description":"Optional cluster level SSH certificate path","description_kind":"plain","optional":true,"computed":true},"ssh_key_path":{"type":"string","description":"Optional cluster level SSH private key path","description_kind":"plain","optional":true,"computed":true},"win_prefix_path":{"type":"string","description":"Optional prefix to customize kubernetes path for windows","description_kind":"plain","optional":true,"computed":true}},"block_types":{"authentication":{"nesting_mode":"list","block":{"attributes":{"sans":{"type":["list","string"],"description_kind":"plain","optional":true,"computed":true},"strategy":{"type":"string","description_kind":"plain","optional":true,"computed":true}},"description":"Kubernetes cluster authentication","description_kind":"plain"},"max_items":1},"authorization":{"nesting_mode":"list","block":{"attributes":{"mode":{"type":"string","description_kind":"plain","optional":true},"options":{"type":["map","string"],"description_kind":"plain","optional":true,"computed":true}},"description":"Kubernetes cluster authorization","description_kind":"plain"},"max_items":1},"bastion_host":{"nesting_mode":"list","block":{"attributes":{"address":{"type":"string","description_kind":"plain","required":true},"port":{"type":"string","description_kind":"plain","optional":true},"ssh_agent_auth":{"type":"bool","description_kind":"plain","optional":true},"ssh_key":{"type":"string","description_kind":"plain","optional":true,"computed":true,"sensitive":true},"ssh_key_path":{"type":"string","description_kind":"plain","optional":true,"computed":true},"user":{"type":"string","description_kind":"plain","required":true}},"description":"RKE bastion host","description_kind":"plain"},"max_items":1},"cloud_provider":{"nesting_mode":"list","block":{"attributes":{"custom_cloud_provider":{"type":"string","description_kind":"plain","optional":true,"computed":true},"name":{"type":"string","description_kind":"plain","optional":true}},"block_types":{"aws_cloud_provider":{"nesting_mode":"list","block":{"block_types":{"global":{"nesting_mode":"list","block":{"attributes":{"disable_security_group_ingress":{"type":"bool","description_kind":"plain","optional":true},"disable_strict_zone_check":{"type":"bool","description_kind":"plain","optional":true},"elb_security_group":{"type":"string","description_kind":"plain","optional":true,"computed":true},"kubernetes_cluster_id":{"type":"string","description_kind":"plain","optional":true,"computed":true},"kubernetes_cluster_tag":{"type":"string","description_kind":"plain","optional":true,"computed":true},"role_arn":{"type":"string","description_kind":"plain","optional":true,"computed":true},"route_table_id":{"type":"string","description_kind":"plain","optional":true,"computed":true},"subnet_id":{"type":"string","description_kind":"plain","optional":true,"computed":true},"vpc":{"type":"string","description_kind":"plain","optional":true,"computed":true},"zone":{"type":"string","description_kind":"plain","optional":true,"computed":true}},"description_kind":"plain"},"max_items":1},"service_override":{"nesting_mode":"list","block":{"attributes":{"region":{"type":"string","description_kind":"plain","optional":true,"computed":true},"service":{"type":"string","description_kind":"plain","required":true},"signing_method":{"type":"string","description_kind":"plain","optional":true,"computed":true},"signing_name":{"type":"string","description_kind":"plain","optional":true,"computed":true},"signing_region":{"type":"string","description_kind":"plain","optional":true,"computed":true},"url":{"type":"string","description_kind":"plain","optional":true,"computed":true}},"description_kind":"plain"}}},"description_kind":"plain"},"max_items":1},"azure_cloud_provider":{"nesting_mode":"list","block":{"attributes":{"aad_client_cert_password":{"type":"string","description_kind":"plain","optional":true,"computed":true,"sensitive":true},"aad_client_cert_path":{"type":"string","description_kind":"plain","optional":true,"computed":true},"aad_client_id":{"type":"string","description_kind":"plain","required":true,"sensitive":true},"aad_client_secret":{"type":"string","description_kind":"plain","required":true,"sensitive":true},"cloud":{"type":"string","description_kind":"plain","optional":true,"computed":true},"cloud_provider_backoff":{"type":"bool","description_kind":"plain","optional":true,"computed":true},"cloud_provider_backoff_duration":{"type":"number","description_kind":"plain","optional":true,"computed":true},"cloud_provider_backoff_exponent":{"type":"number","description_kind":"plain","optional":true,"computed":true},"cloud_provider_backoff_jitter":{"type":"number","description_kind":"plain","optional":true,"computed":true},"cloud_provider_backoff_retries":{"type":"number","description_kind":"plain","optional":true,"computed":true},"cloud_provider_rate_limit":{"type":"bool","description_kind":"plain","optional":true,"computed":true},"cloud_provider_rate_limit_bucket":{"type":"number","description_kind":"plain","optional":true,"computed":true},"cloud_provider_rate_limit_qps":{"type":"number","description_kind":"plain","optional":true,"computed":true},"load_balancer_sku":{"type":"string","description":"Load balancer type (basic | standard). Must be standard for auto-scaling","description_kind":"plain","optional":true},"location":{"type":"string","description_kind":"plain","optional":true,"computed":true},"maximum_load_balancer_rule_count":{"type":"number","description_kind":"plain","optional":true,"computed":true},"primary_availability_set_name":{"type":"string","description_kind":"plain","optional":true,"computed":true},"primary_scale_set_name":{"type":"string","description_kind":"plain","optional":true,"computed":true},"resource_group":{"type":"string","description_kind":"plain","optional":true,"computed":true},"route_table_name":{"type":"string","description_kind":"plain","optional":true,"computed":true},"security_group_name":{"type":"string","description_kind":"plain","optional":true,"computed":true},"subnet_name":{"type":"string","description_kind":"plain","optional":true,"computed":true},"subscription_id":{"type":"string","description_kind":"plain","required":true,"sensitive":true},"tenant_id":{"type":"string","description_kind":"plain","required":true,"sensitive":true},"use_instance_metadata":{"type":"bool","description_kind":"plain","optional":true,"computed":true},"use_managed_identity_extension":{"type":"bool","description_kind":"plain","optional":true,"computed":true},"vm_type":{"type":"string","description_kind":"plain","optional":true,"computed":true},"vnet_name":{"type":"string","description_kind":"plain","optional":true,"computed":true},"vnet_resource_group":{"type":"string","description_kind":"plain","optional":true,"computed":true}},"description_kind":"plain"},"max_items":1},"openstack_cloud_provider":{"nesting_mode":"list","block":{"block_types":{"block_storage":{"nesting_mode":"list","block":{"attributes":{"bs_version":{"type":"string","description_kind":"plain","optional":true,"computed":true},"ignore_volume_az":{"type":"bool","description_kind":"plain","optional":true,"computed":true},"trust_device_path":{"type":"bool","description_kind":"plain","optional":true,"computed":true}},"description_kind":"plain"},"max_items":1},"global":{"nesting_mode":"list","block":{"attributes":{"auth_url":{"type":"string","description_kind":"plain","required":true},"ca_file":{"type":"string","description_kind":"plain","optional":true,"computed":true},"domain_id":{"type":"string","description_kind":"plain","optional":true,"computed":true,"sensitive":true},"domain_name":{"type":"string","description_kind":"plain","optional":true,"computed":true},"password":{"type":"string","description_kind":"plain","required":true,"sensitive":true},"region":{"type":"string","description_kind":"plain","optional":true,"computed":true},"tenant_id":{"type":"string","description_kind":"plain","optional":true,"computed":true,"sensitive":true},"tenant_name":{"type":"string","description_kind":"plain","optional":true,"computed":true},"trust_id":{"type":"string","description_kind":"plain","optional":true,"computed":true,"sensitive":true},"username":{"type":"string","description_kind":"plain","required":true,"sensitive":true}},"description_kind":"plain"},"min_items":1,"max_items":1},"load_balancer":{"nesting_mode":"list","block":{"attributes":{"create_monitor":{"type":"bool","description_kind":"plain","optional":true,"computed":true},"floating_network_id":{"type":"string","description_kind":"plain","optional":true,"computed":true},"lb_method":{"type":"string","description_kind":"plain","optional":true,"computed":true},"lb_provider":{"type":"string","description_kind":"plain","optional":true,"computed":true},"lb_version":{"type":"string","description_kind":"plain","optional":true,"computed":true},"manage_security_groups":{"type":"bool","description_kind":"plain","optional":true,"computed":true},"monitor_delay":{"type":"string","description_kind":"plain","optional":true},"monitor_max_retries":{"type":"number","description_kind":"plain","optional":true},"monitor_timeout":{"type":"string","description_kind":"plain","optional":true},"subnet_id":{"type":"string","description_kind":"plain","optional":true,"computed":true},"use_octavia":{"type":"bool","description_kind":"plain","optional":true,"computed":true}},"description_kind":"plain"},"max_items":1},"metadata":{"nesting_mode":"list","block":{"attributes":{"request_timeout":{"type":"number","description_kind":"plain","optional":true,"computed":true},"search_order":{"type":"string","description_kind":"plain","optional":true,"computed":true}},"description_kind":"plain"},"max_items":1},"route":{"nesting_mode":"list","block":{"attributes":{"router_id":{"type":"string","description_kind":"plain","optional":true,"computed":true}},"description_kind":"plain"},"max_items":1}},"description_kind":"plain"},"max_items":1},"vsphere_cloud_provider":{"nesting_mode":"list","block":{"block_types":{"disk":{"nesting_mode":"list","block":{"attributes":{"scsi_controller_type":{"type":"string","description_kind":"plain","optional":true,"computed":true}},"description_kind":"plain"},"max_items":1},"global":{"nesting_mode":"list","block":{"attributes":{"datacenters":{"type":"string","description_kind":"plain","optional":true,"computed":true},"graceful_shutdown_timeout":{"type":"string","description_kind":"plain","optional":true},"insecure_flag":{"type":"bool","description_kind":"plain","optional":true,"computed":true},"password":{"type":"string","description_kind":"plain","optional":true,"computed":true,"sensitive":true},"port":{"type":"string","description_kind":"plain","optional":true,"computed":true},"soap_roundtrip_count":{"type":"number","description_kind":"plain","optional":true,"computed":true},"user":{"type":"string","description_kind":"plain","optional":true,"computed":true,"sensitive":true}},"description_kind":"plain"},"max_items":1},"network":{"nesting_mode":"list","block":{"attributes":{"public_network":{"type":"string","description_kind":"plain","optional":true,"computed":true}},"description_kind":"plain"},"max_items":1},"virtual_center":{"nesting_mode":"list","block":{"attributes":{"datacenters":{"type":"string","description_kind":"plain","required":true},"name":{"type":"string","description_kind":"plain","required":true},"password":{"type":"string","description_kind":"plain","required":true,"sensitive":true},"port":{"type":"string","description_kind":"plain","optional":true,"computed":true},"soap_roundtrip_count":{"type":"number","description_kind":"plain","optional":true,"computed":true},"user":{"type":"string","description_kind":"plain","required":true,"sensitive":true}},"description_kind":"plain"},"min_items":1},"workspace":{"nesting_mode":"list","block":{"attributes":{"datacenter":{"type":"string","description_kind":"plain","required":true},"default_datastore":{"type":"string","description_kind":"plain","optional":true,"computed":true},"folder":{"type":"string","description_kind":"plain","required":true},"resourcepool_path":{"type":"string","description_kind":"plain","optional":true,"computed":true},"server":{"type":"string","description_kind":"plain","required":true}},"description_kind":"plain"},"min_items":1,"max_items":1}},"description_kind":"plain"},"max_items":1}},"description_kind":"plain"},"max_items":1},"dns":{"nesting_mode":"list","block":{"attributes":{"node_selector":{"type":["map","string"],"description_kind":"plain","optional":true,"computed":true},"options":{"type":["map","string"],"description_kind":"plain","optional":true,"computed":true},"provider":{"type":"string","description_kind":"plain","optional":true},"reverse_cidrs":{"type":["list","string"],"description_kind":"plain","optional":true,"computed":true},"upstream_nameservers":{"type":["list","string"],"description_kind":"plain","optional":true,"computed":true}},"block_types":{"linear_autoscaler_params":{"nesting_mode":"list","block":{"attributes":{"cores_per_replica":{"type":"number","description_kind":"plain","optional":true},"max":{"type":"number","description_kind":"plain","optional":true},"min":{"type":"number","description_kind":"plain","optional":true},"nodes_per_replica":{"type":"number","description_kind":"plain","optional":true},"prevent_single_point_failure":{"type":"bool","description_kind":"plain","optional":true}},"description":"Linear Autoscaler Params","description_kind":"plain"},"max_items":1},"nodelocal":{"nesting_mode":"list","block":{"attributes":{"ip_address":{"type":"string","description_kind":"plain","optional":true},"node_selector":{"type":["map","string"],"description":"Node selector key pair","description_kind":"plain","optional":true}},"description":"Nodelocal dns","description_kind":"plain"},"max_items":1},"tolerations":{"nesting_mode":"list","block":{"attributes":{"effect":{"type":"string","description_kind":"plain","optional":true},"key":{"type":"string","description_kind":"plain","required":true},"operator":{"type":"string","description_kind":"plain","optional":true},"seconds":{"type":"number","description_kind":"plain","optional":true,"computed":true},"value":{"type":"string","description_kind":"plain","optional":true}},"description":"DNS service tolerations","description_kind":"plain"}},"update_strategy":{"nesting_mode":"list","block":{"attributes":{"strategy":{"type":"string","description":"Strategy","description_kind":"plain","optional":true}},"block_types":{"rolling_update":{"nesting_mode":"list","block":{"attributes":{"max_surge":{"type":"number","description":"Rolling update max surge","description_kind":"plain","optional":true},"max_unavailable":{"type":"number","description":"Rolling update max unavailable","description_kind":"plain","optional":true}},"description":"Rolling update for update strategy","description_kind":"plain"},"max_items":1}},"description":"Update deployment strategy","description_kind":"plain"},"max_items":1}},"description_kind":"plain"},"max_items":1},"ingress":{"nesting_mode":"list","block":{"attributes":{"default_backend":{"type":"bool","description_kind":"plain","optional":true},"dns_policy":{"type":"string","description_kind":"plain","optional":true,"computed":true},"extra_args":{"type":["map","string"],"description_kind":"plain","optional":true,"computed":true},"http_port":{"type":"number","description_kind":"plain","optional":true,"computed":true},"https_port":{"type":"number","description_kind":"plain","optional":true,"computed":true},"network_mode":{"type":"string","description_kind":"plain","optional":true,"computed":true},"node_selector":{"type":["map","string"],"description_kind":"plain","optional":true,"computed":true},"options":{"type":["map","string"],"description_kind":"plain","optional":true,"computed":true},"provider":{"type":"string","description_kind":"plain","optional":true,"computed":true}},"block_types":{"tolerations":{"nesting_mode":"list","block":{"attributes":{"effect":{"type":"string","description_kind":"plain","optional":true},"key":{"type":"string","description_kind":"plain","required":true},"operator":{"type":"string","description_kind":"plain","optional":true},"seconds":{"type":"number","description_kind":"plain","optional":true,"computed":true},"value":{"type":"string","description_kind":"plain","optional":true}},"description":"Ingress add-on tolerations","description_kind":"plain"}},"update_strategy":{"nesting_mode":"list","block":{"attributes":{"strategy":{"type":"string","description":"Strategy","description_kind":"plain","optional":true}},"block_types":{"rolling_update":{"nesting_mode":"list","block":{"attributes":{"max_unavailable":{"type":"number","description":"Rolling update max unavailable","description_kind":"plain","optional":true}},"description":"Rolling update for update strategy","description_kind":"plain"},"max_items":1}},"description":"Update daemon set strategy","description_kind":"plain"},"max_items":1}},"description":"Kubernetes ingress configuration","description_kind":"plain"},"max_items":1},"monitoring":{"nesting_mode":"list","block":{"attributes":{"node_selector":{"type":["map","string"],"description_kind":"plain","optional":true},"options":{"type":["map","string"],"description_kind":"plain","optional":true,"computed":true},"provider":{"type":"string","description_kind":"plain","optional":true,"computed":true},"replicas":{"type":"number","description_kind":"plain","optional":true,"computed":true}},"block_types":{"tolerations":{"nesting_mode":"list","block":{"attributes":{"effect":{"type":"string","description_kind":"plain","optional":true},"key":{"type":"string","description_kind":"plain","required":true},"operator":{"type":"string","description_kind":"plain","optional":true},"seconds":{"type":"number","description_kind":"plain","optional":true,"computed":true},"value":{"type":"string","description_kind":"plain","optional":true}},"description":"Monitoring add-on tolerations","description_kind":"plain"}},"update_strategy":{"nesting_mode":"list","block":{"attributes":{"strategy":{"type":"string","description":"Strategy","description_kind":"plain","optional":true}},"block_types":{"rolling_update":{"nesting_mode":"list","block":{"attributes":{"max_surge":{"type":"number","description":"Rolling update max surge","description_kind":"plain","optional":true},"max_unavailable":{"type":"number","description":"Rolling update max unavailable","description_kind":"plain","optional":true}},"description":"Rolling update for update strategy","description_kind":"plain"},"max_items":1}},"description":"Update deployment strategy","description_kind":"plain"},"max_items":1}},"description":"Kubernetes cluster monitoring","description_kind":"plain"},"max_items":1},"network":{"nesting_mode":"list","block":{"attributes":{"mtu":{"type":"number","description_kind":"plain","optional":true},"options":{"type":["map","string"],"description_kind":"plain","optional":true,"computed":true},"plugin":{"type":"string","description_kind":"plain","optional":true,"computed":true}},"block_types":{"aci_network_provider":{"nesting_mode":"list","block":{"attributes":{"aep":{"type":"string","description_kind":"plain","required":true},"apic_hosts":{"type":["list","string"],"description_kind":"plain","required":true},"apic_refresh_ticker_adjust":{"type":"string","description_kind":"plain","optional":true},"apic_refresh_time":{"type":"string","description_kind":"plain","optional":true},"apic_subscription_delay":{"type":"string","description_kind":"plain","optional":true},"apic_user_crt":{"type":"string","description_kind":"plain","required":true,"sensitive":true},"apic_user_key":{"type":"string","description_kind":"plain","required":true,"sensitive":true},"apic_user_name":{"type":"string","description_kind":"plain","required":true},"capic":{"type":"string","description_kind":"plain","optional":true},"controller_log_level":{"type":"string","description_kind":"plain","optional":true},"disable_periodic_snat_global_info_sync":{"type":"string","description_kind":"plain","optional":true},"disable_wait_for_network":{"type":"string","description_kind":"plain","optional":true},"drop_log_enable":{"type":"string","description_kind":"plain","optional":true},"duration_wait_for_network":{"type":"string","description_kind":"plain","optional":true},"enable_endpoint_slice":{"type":"string","description_kind":"plain","optional":true},"encap_type":{"type":"string","description_kind":"plain","required":true},"ep_registry":{"type":"string","description_kind":"plain","optional":true},"extern_dynamic":{"type":"string","description_kind":"plain","required":true},"extern_static":{"type":"string","description_kind":"plain","required":true},"gbp_pod_subnet":{"type":"string","description_kind":"plain","optional":true},"host_agent_log_level":{"type":"string","description_kind":"plain","optional":true},"image_pull_policy":{"type":"string","description_kind":"plain","optional":true},"image_pull_secret":{"type":"string","description_kind":"plain","optional":true},"infra_vlan":{"type":"string","description_kind":"plain","optional":true},"install_istio":{"type":"string","description_kind":"plain","optional":true},"istio_profile":{"type":"string","description_kind":"plain","optional":true},"kafka_brokers":{"type":["list","string"],"description_kind":"plain","optional":true},"kafka_client_crt":{"type":"string","description_kind":"plain","optional":true},"kafka_client_key":{"type":"string","description_kind":"plain","optional":true},"kube_api_vlan":{"type":"string","description_kind":"plain","required":true},"l3out":{"type":"string","description_kind":"plain","required":true},"l3out_external_networks":{"type":["list","string"],"description_kind":"plain","required":true},"max_nodes_svc_graph":{"type":"string","description_kind":"plain","optional":true},"mcast_range_end":{"type":"string","description_kind":"plain","required":true},"mcast_range_start":{"type":"string","description_kind":"plain","required":true},"mtu_head_room":{"type":"string","description_kind":"plain","optional":true},"multus_disable":{"type":"string","description_kind":"plain","optional":true},"no_priority_class":{"type":"string","description_kind":"plain","optional":true},"node_pod_if_enable":{"type":"string","description_kind":"plain","optional":true},"node_subnet":{"type":"string","description_kind":"plain","required":true},"node_svc_subnet":{"type":"string","description_kind":"plain","required":true},"opflex_client_ssl":{"type":"string","description_kind":"plain","optional":true},"opflex_device_delete_timeout":{"type":"string","description_kind":"plain","optional":true},"opflex_log_level":{"type":"string","description_kind":"plain","optional":true},"opflex_mode":{"type":"string","description_kind":"plain","optional":true},"opflex_server_port":{"type":"string","description_kind":"plain","optional":true},"overlay_vrf_name":{"type":"string","description_kind":"plain","optional":true},"ovs_memory_limit":{"type":"string","description_kind":"plain","optional":true},"pbr_tracking_non_snat":{"type":"string","description_kind":"plain","optional":true},"pod_subnet_chunk_size":{"type":"string","description_kind":"plain","optional":true},"run_gbp_container":{"type":"string","description_kind":"plain","optional":true},"run_opflex_server_container":{"type":"string","description_kind":"plain","optional":true},"service_monitor_interval":{"type":"string","description_kind":"plain","optional":true},"service_vlan":{"type":"string","description_kind":"plain","required":true},"snat_contract_scope":{"type":"string","description_kind":"plain","optional":true},"snat_namespace":{"type":"string","description_kind":"plain","optional":true},"snat_port_range_end":{"type":"string","description_kind":"plain","optional":true},"snat_port_range_start":{"type":"string","description_kind":"plain","optional":true},"snat_ports_per_node":{"type":"string","description_kind":"plain","optional":true},"sriov_enable":{"type":"string","description_kind":"plain","optional":true},"subnet_domain_name":{"type":"string","description_kind":"plain","optional":true},"system_id":{"type":"string","description_kind":"plain","required":true},"tenant":{"type":"string","description_kind":"plain","optional":true},"token":{"type":"string","description_kind":"plain","required":true,"sensitive":true},"use_aci_anywhere_crd":{"type":"string","description_kind":"plain","optional":true},"use_aci_cni_priority_class":{"type":"string","description_kind":"plain","optional":true},"use_cluster_role":{"type":"string","description_kind":"plain","optional":true},"use_host_netns_volume":{"type":"string","description_kind":"plain","optional":true},"use_opflex_server_volume":{"type":"string","description_kind":"plain","optional":true},"use_privileged_container":{"type":"string","description_kind":"plain","optional":true},"vmm_controller":{"type":"string","description_kind":"plain","optional":true},"vmm_domain":{"type":"string","description_kind":"plain","optional":true},"vrf_name":{"type":"string","description_kind":"plain","required":true},"vrf_tenant":{"type":"string","description_kind":"plain","required":true}},"description_kind":"plain"},"max_items":1},"calico_network_provider":{"nesting_mode":"list","block":{"attributes":{"cloud_provider":{"type":"string","description_kind":"plain","optional":true,"computed":true}},"description_kind":"plain"},"max_items":1},"canal_network_provider":{"nesting_mode":"list","block":{"attributes":{"iface":{"type":"string","description_kind":"plain","optional":true,"computed":true}},"description_kind":"plain"},"max_items":1},"flannel_network_provider":{"nesting_mode":"list","block":{"attributes":{"iface":{"type":"string","description_kind":"plain","optional":true,"computed":true}},"description_kind":"plain"},"max_items":1},"tolerations":{"nesting_mode":"list","block":{"attributes":{"effect":{"type":"string","description_kind":"plain","optional":true},"key":{"type":"string","description_kind":"plain","required":true},"operator":{"type":"string","description_kind":"plain","optional":true},"seconds":{"type":"number","description_kind":"plain","optional":true,"computed":true},"value":{"type":"string","description_kind":"plain","optional":true}},"description":"Network add-on tolerations","description_kind":"plain"}},"weave_network_provider":{"nesting_mode":"list","block":{"attributes":{"password":{"type":"string","description_kind":"plain","required":true}},"description_kind":"plain"},"max_items":1}},"description":"Kubernetes cluster networking","description_kind":"plain"},"max_items":1},"nodes":{"nesting_mode":"list","block":{"attributes":{"address":{"type":"string","description_kind":"plain","required":true},"docker_socket":{"type":"string","description_kind":"plain","optional":true,"computed":true},"hostname_override":{"type":"string","description_kind":"plain","optional":true},"internal_address":{"type":"string","description_kind":"plain","optional":true},"labels":{"type":["map","string"],"description_kind":"plain","optional":true},"node_id":{"type":"string","description_kind":"plain","optional":true},"port":{"type":"string","description_kind":"plain","optional":true},"role":{"type":["list","string"],"description_kind":"plain","required":true},"ssh_agent_auth":{"type":"bool","description_kind":"plain","optional":true},"ssh_key":{"type":"string","description_kind":"plain","optional":true,"computed":true,"sensitive":true},"ssh_key_path":{"type":"string","description_kind":"plain","optional":true,"computed":true},"user":{"type":"string","description_kind":"plain","required":true,"sensitive":true}},"description":"Optional RKE cluster nodes","description_kind":"plain"}},"private_registries":{"nesting_mode":"list","block":{"attributes":{"is_default":{"type":"bool","description_kind":"plain","optional":true},"password":{"type":"string","description_kind":"plain","optional":true,"sensitive":true},"url":{"type":"string","description_kind":"plain","required":true},"user":{"type":"string","description_kind":"plain","optional":true,"sensitive":true}},"block_types":{"ecr_credential_plugin":{"nesting_mode":"list","block":{"attributes":{"aws_access_key_id":{"type":"string","description_kind":"plain","optional":true},"aws_secret_access_key":{"type":"string","description_kind":"plain","optional":true,"sensitive":true},"aws_session_token":{"type":"string","description_kind":"plain","optional":true,"sensitive":true}},"description":"ECR credential plugin config","description_kind":"plain"},"max_items":1}},"description":"Optional private registries for docker images","description_kind":"plain"}},"services":{"nesting_mode":"list","block":{"block_types":{"etcd":{"nesting_mode":"list","block":{"attributes":{"ca_cert":{"type":"string","description_kind":"plain","optional":true,"computed":true},"cert":{"type":"string","description_kind":"plain","optional":true,"computed":true,"sensitive":true},"creation":{"type":"string","description_kind":"plain","optional":true,"computed":true},"external_urls":{"type":["list","string"],"description_kind":"plain","optional":true},"extra_args":{"type":["map","string"],"description_kind":"plain","optional":true,"computed":true},"extra_binds":{"type":["list","string"],"description_kind":"plain","optional":true},"extra_env":{"type":["list","string"],"description_kind":"plain","optional":true},"gid":{"type":"number","description_kind":"plain","optional":true},"image":{"type":"string","description_kind":"plain","optional":true,"computed":true},"key":{"type":"string","description_kind":"plain","optional":true,"computed":true,"sensitive":true},"path":{"type":"string","description_kind":"plain","optional":true,"computed":true},"retention":{"type":"string","description_kind":"plain","optional":true,"computed":true},"snapshot":{"type":"bool","description_kind":"plain","optional":true,"computed":true},"uid":{"type":"number","description_kind":"plain","optional":true}},"block_types":{"backup_config":{"nesting_mode":"list","block":{"attributes":{"enabled":{"type":"bool","description_kind":"plain","optional":true},"interval_hours":{"type":"number","description_kind":"plain","optional":true},"retention":{"type":"number","description_kind":"plain","optional":true},"safe_timestamp":{"type":"bool","description_kind":"plain","optional":true},"timeout":{"type":"number","description_kind":"plain","optional":true,"computed":true}},"block_types":{"s3_backup_config":{"nesting_mode":"list","block":{"attributes":{"access_key":{"type":"string","description_kind":"plain","optional":true,"sensitive":true},"bucket_name":{"type":"string","description_kind":"plain","required":true},"custom_ca":{"type":"string","description_kind":"plain","optional":true},"endpoint":{"type":"string","description_kind":"plain","required":true},"folder":{"type":"string","description_kind":"plain","optional":true},"region":{"type":"string","description_kind":"plain","optional":true},"secret_key":{"type":"string","description_kind":"plain","optional":true,"sensitive":true}},"description_kind":"plain"},"max_items":1}},"description_kind":"plain"},"max_items":1}},"description_kind":"plain"},"max_items":1},"kube_api":{"nesting_mode":"list","block":{"attributes":{"always_pull_images":{"type":"bool","description_kind":"plain","optional":true},"extra_args":{"type":["map","string"],"description_kind":"plain","optional":true,"computed":true},"extra_binds":{"type":["list","string"],"description_kind":"plain","optional":true},"extra_env":{"type":["list","string"],"description_kind":"plain","optional":true},"image":{"type":"string","description_kind":"plain","optional":true,"computed":true},"service_cluster_ip_range":{"type":"string","description_kind":"plain","optional":true,"computed":true},"service_node_port_range":{"type":"string","description_kind":"plain","optional":true,"computed":true}},"block_types":{"admission_configuration":{"nesting_mode":"list","block":{"attributes":{"api_version":{"type":"string","description":"Admission configuration ApiVersion","description_kind":"plain","optional":true},"kind":{"type":"string","description":"Admission configuration Kind","description_kind":"plain","optional":true}},"block_types":{"plugins":{"nesting_mode":"list","block":{"attributes":{"configuration":{"type":"string","description":"Plugin configuration","description_kind":"plain","optional":true,"computed":true},"name":{"type":"string","description":"Plugin name","description_kind":"plain","optional":true,"computed":true},"path":{"type":"string","description":"Plugin path","description_kind":"plain","optional":true}},"description":"Admission configuration plugins","description_kind":"plain"}}},"description":"Cluster admission configuration","description_kind":"plain"},"max_items":1},"audit_log":{"nesting_mode":"list","block":{"attributes":{"enabled":{"type":"bool","description_kind":"plain","optional":true}},"block_types":{"configuration":{"nesting_mode":"list","block":{"attributes":{"format":{"type":"string","description_kind":"plain","optional":true},"max_age":{"type":"number","description_kind":"plain","optional":true},"max_backup":{"type":"number","description_kind":"plain","optional":true},"max_size":{"type":"number","description_kind":"plain","optional":true},"path":{"type":"string","description_kind":"plain","optional":true},"policy":{"type":"string","description_kind":"plain","optional":true,"computed":true}},"description_kind":"plain"},"max_items":1}},"description_kind":"plain"},"max_items":1},"event_rate_limit":{"nesting_mode":"list","block":{"attributes":{"configuration":{"type":"string","description_kind":"plain","optional":true,"computed":true},"enabled":{"type":"bool","description_kind":"plain","optional":true}},"description_kind":"plain"},"max_items":1},"secrets_encryption_config":{"nesting_mode":"list","block":{"attributes":{"custom_config":{"type":"string","description_kind":"plain","optional":true},"enabled":{"type":"bool","description_kind":"plain","optional":true}},"description_kind":"plain"},"max_items":1}},"description_kind":"plain"},"max_items":1},"kube_controller":{"nesting_mode":"list","block":{"attributes":{"cluster_cidr":{"type":"string","description_kind":"plain","optional":true,"computed":true},"extra_args":{"type":["map","string"],"description_kind":"plain","optional":true,"computed":true},"extra_binds":{"type":["list","string"],"description_kind":"plain","optional":true},"extra_env":{"type":["list","string"],"description_kind":"plain","optional":true},"image":{"type":"string","description_kind":"plain","optional":true,"computed":true},"service_cluster_ip_range":{"type":"string","description_kind":"plain","optional":true,"computed":true}},"description_kind":"plain"},"max_items":1},"kubelet":{"nesting_mode":"list","block":{"attributes":{"cluster_dns_server":{"type":"string","description_kind":"plain","optional":true,"computed":true},"cluster_domain":{"type":"string","description_kind":"plain","optional":true,"computed":true},"extra_args":{"type":["map","string"],"description_kind":"plain","optional":true,"computed":true},"extra_binds":{"type":["list","string"],"description_kind":"plain","optional":true},"extra_env":{"type":["list","string"],"description_kind":"plain","optional":true},"fail_swap_on":{"type":"bool","description_kind":"plain","optional":true,"computed":true},"generate_serving_certificate":{"type":"bool","description_kind":"plain","optional":true},"image":{"type":"string","description_kind":"plain","optional":true,"computed":true},"infra_container_image":{"type":"string","description_kind":"plain","optional":true,"computed":true}},"description_kind":"plain"},"max_items":1},"kubeproxy":{"nesting_mode":"list","block":{"attributes":{"extra_args":{"type":["map","string"],"description_kind":"plain","optional":true,"computed":true},"extra_binds":{"type":["list","string"],"description_kind":"plain","optional":true},"extra_env":{"type":["list","string"],"description_kind":"plain","optional":true},"image":{"type":"string","description_kind":"plain","optional":true,"computed":true}},"description_kind":"plain"},"max_items":1},"scheduler":{"nesting_mode":"list","block":{"attributes":{"extra_args":{"type":["map","string"],"description_kind":"plain","optional":true,"computed":true},"extra_binds":{"type":["list","string"],"description_kind":"plain","optional":true},"extra_env":{"type":["list","string"],"description_kind":"plain","optional":true},"image":{"type":"string","description_kind":"plain","optional":true,"computed":true}},"description_kind":"plain"},"max_items":1}},"description":"Kubernetes cluster services","description_kind":"plain"},"max_items":1},"upgrade_strategy":{"nesting_mode":"list","block":{"attributes":{"drain":{"type":"bool","description_kind":"plain","optional":true},"max_unavailable_controlplane":{"type":"string","description_kind":"plain","optional":true},"max_unavailable_worker":{"type":"string","description_kind":"plain","optional":true}},"block_types":{"drain_input":{"nesting_mode":"list","block":{"attributes":{"delete_local_data":{"type":"bool","description_kind":"plain","optional":true},"force":{"type":"bool","description_kind":"plain","optional":true},"grace_period":{"type":"number","description_kind":"plain","optional":true},"ignore_daemon_sets":{"type":"bool","description_kind":"plain","optional":true},"timeout":{"type":"number","description_kind":"plain","optional":true}},"description_kind":"plain"},"max_items":1}},"description":"RKE upgrade strategy","description_kind":"plain"},"max_items":1}},"description_kind":"plain"},"max_items":1},"timeouts":{"nesting_mode":"single","block":{"attributes":{"create":{"type":"string","description_kind":"plain","optional":true},"delete":{"type":"string","description_kind":"plain","optional":true},"update":{"type":"string","description_kind":"plain","optional":true}},"description_kind":"plain"}}},"description_kind":"plain"}},"rancher2_cluster_driver":{"version":0,"block":{"attributes":{"active":{"type":"bool","description_kind":"plain","required":true},"actual_url":{"type":"string","description_kind":"plain","optional":true},"annotations":{"type":["map","string"],"description":"Annotations of the resource","description_kind":"plain","optional":true,"computed":true},"builtin":{"type":"bool","description_kind":"plain","required":true},"checksum":{"type":"string","description_kind":"plain","optional":true},"id":{"type":"string","description_kind":"plain","optional":true,"computed":true},"labels":{"type":["map","string"],"description":"Labels of the resource","description_kind":"plain","optional":true,"computed":true},"name":{"type":"string","description_kind":"plain","required":true},"ui_url":{"type":"string","description_kind":"plain","optional":true},"url":{"type":"string","description_kind":"plain","required":true},"whitelist_domains":{"type":["list","string"],"description_kind":"plain","optional":true}},"block_types":{"timeouts":{"nesting_mode":"single","block":{"attributes":{"create":{"type":"string","description_kind":"plain","optional":true},"delete":{"type":"string","description_kind":"plain","optional":true},"update":{"type":"string","description_kind":"plain","optional":true}},"description_kind":"plain"}}},"description_kind":"plain"}},"rancher2_cluster_role_template_binding":{"version":0,"block":{"attributes":{"annotations":{"type":["map","string"],"description":"Annotations of the resource","description_kind":"plain","optional":true,"computed":true},"cluster_id":{"type":"string","description_kind":"plain","required":true},"group_id":{"type":"string","description_kind":"plain","optional":true,"computed":true},"group_principal_id":{"type":"string","description_kind":"plain","optional":true,"computed":true},"id":{"type":"string","description_kind":"plain","optional":true,"computed":true},"labels":{"type":["map","string"],"description":"Labels of the resource","description_kind":"plain","optional":true,"computed":true},"name":{"type":"string","description_kind":"plain","required":true},"role_template_id":{"type":"string","description_kind":"plain","required":true},"user_id":{"type":"string","description_kind":"plain","optional":true,"computed":true},"user_principal_id":{"type":"string","description_kind":"plain","optional":true,"computed":true}},"block_types":{"timeouts":{"nesting_mode":"single","block":{"attributes":{"create":{"type":"string","description_kind":"plain","optional":true},"delete":{"type":"string","description_kind":"plain","optional":true},"update":{"type":"string","description_kind":"plain","optional":true}},"description_kind":"plain"}}},"description_kind":"plain"}},"rancher2_cluster_sync":{"version":0,"block":{"attributes":{"cluster_id":{"type":"string","description":"Cluster id to sync","description_kind":"plain","required":true},"default_project_id":{"type":"string","description_kind":"plain","computed":true},"id":{"type":"string","description_kind":"plain","optional":true,"computed":true},"kube_config":{"type":"string","description_kind":"plain","computed":true,"sensitive":true},"node_pool_ids":{"type":["list","string"],"description":"Cluster node pool ids","description_kind":"plain","optional":true},"nodes":{"type":["list",["object",{"annotations":["map","string"],"capacity":["map","string"],"cluster_id":"string","external_ip_address":"string","hostname":"string","id":"string","ip_address":"string","labels":["map","string"],"name":"string","node_pool_id":"string","node_template_id":"string","provider_id":"string","requested_hostname":"string","roles":["list","string"],"ssh_user":"string","system_info":["map","string"]}]],"description_kind":"plain","computed":true},"state_confirm":{"type":"number","description":"Wait until active status is confirmed a number of times (wait interval of 5s)","description_kind":"plain","optional":true},"synced":{"type":"bool","description_kind":"plain","optional":true},"system_project_id":{"type":"string","description_kind":"plain","computed":true},"wait_catalogs":{"type":"bool","description":"Wait until all catalogs are downloaded and active","description_kind":"plain","optional":true}},"block_types":{"timeouts":{"nesting_mode":"single","block":{"attributes":{"create":{"type":"string","description_kind":"plain","optional":true},"delete":{"type":"string","description_kind":"plain","optional":true},"update":{"type":"string","description_kind":"plain","optional":true}},"description_kind":"plain"}}},"description_kind":"plain"}},"rancher2_cluster_template":{"version":1,"block":{"attributes":{"annotations":{"type":["map","string"],"description":"Annotations of the resource","description_kind":"plain","optional":true,"computed":true},"default_revision_id":{"type":"string","description":"Default cluster template revision ID","description_kind":"plain","computed":true},"description":{"type":"string","description":"Cluster template description","description_kind":"plain","optional":true},"id":{"type":"string","description_kind":"plain","optional":true,"computed":true},"labels":{"type":["map","string"],"description":"Labels of the resource","description_kind":"plain","optional":true,"computed":true},"name":{"type":"string","description":"Cluster template name","description_kind":"plain","required":true}},"block_types":{"members":{"nesting_mode":"list","block":{"attributes":{"access_type":{"type":"string","description":"Member access type: member, owner, read-only","description_kind":"plain","optional":true},"group_principal_id":{"type":"string","description":"Member group principal id","description_kind":"plain","optional":true},"user_principal_id":{"type":"string","description":"Member user principal id","description_kind":"plain","optional":true}},"description":"Cluster template members","description_kind":"plain"}},"template_revisions":{"nesting_mode":"list","block":{"attributes":{"annotations":{"type":["map","string"],"description":"Annotations of the resource","description_kind":"plain","optional":true,"computed":true},"cluster_template_id":{"type":"string","description":"Cluster template ID","description_kind":"plain","computed":true},"default":{"type":"bool","description":"Default cluster template revision","description_kind":"plain","optional":true},"enabled":{"type":"bool","description":"Enable cluster template revision","description_kind":"plain","optional":true},"id":{"type":"string","description":"Cluster template revision ID","description_kind":"plain","computed":true},"labels":{"type":["map","string"],"description":"Labels of the resource","description_kind":"plain","optional":true,"computed":true},"name":{"type":"string","description":"Cluster template revision name","description_kind":"plain","required":true}},"block_types":{"cluster_config":{"nesting_mode":"list","block":{"attributes":{"default_cluster_role_for_project_members":{"type":"string","description":"Default cluster role for project members","description_kind":"plain","optional":true,"computed":true},"default_pod_security_admission_configuration_template_name":{"type":"string","description":"Default pod security admission configuration template name","description_kind":"plain","optional":true,"computed":true},"desired_agent_image":{"type":"string","description":"Desired agent image","description_kind":"plain","optional":true,"computed":true},"desired_auth_image":{"type":"string","description":"Desired auth image","description_kind":"plain","optional":true,"computed":true},"docker_root_dir":{"type":"string","description":"Docker Root Dir","description_kind":"plain","optional":true,"computed":true},"enable_network_policy":{"type":"bool","description":"Enable project network isolation","description_kind":"plain","optional":true},"windows_prefered_cluster":{"type":"bool","description":"Windows prefered cluster","description_kind":"plain","optional":true}},"block_types":{"cluster_auth_endpoint":{"nesting_mode":"list","block":{"attributes":{"ca_certs":{"type":"string","description_kind":"plain","optional":true},"enabled":{"type":"bool","description_kind":"plain","optional":true},"fqdn":{"type":"string","description_kind":"plain","optional":true}},"description":"Local cluster auth endpoint","description_kind":"plain"},"max_items":1},"rke_config":{"nesting_mode":"list","block":{"attributes":{"addon_job_timeout":{"type":"number","description":"Optional duration in seconds of addon job.","description_kind":"plain","optional":true,"computed":true},"addons":{"type":"string","description":"Optional addons descripton to deploy on rke cluster.","description_kind":"plain","optional":true},"addons_include":{"type":["list","string"],"description":"Optional addons yaml manisfest to deploy on rke cluster.","description_kind":"plain","optional":true},"enable_cri_dockerd":{"type":"bool","description":"Enable/disable using cri-dockerd","description_kind":"plain","optional":true},"ignore_docker_version":{"type":"bool","description":"Optional ignore docker version on nodes","description_kind":"plain","optional":true},"kubernetes_version":{"type":"string","description":"Optional kubernetes version to deploy","description_kind":"plain","optional":true,"computed":true},"prefix_path":{"type":"string","description":"Optional prefix to customize kubernetes path","description_kind":"plain","optional":true,"computed":true},"ssh_agent_auth":{"type":"bool","description":"Optional use ssh agent auth","description_kind":"plain","optional":true},"ssh_cert_path":{"type":"string","description":"Optional cluster level SSH certificate path","description_kind":"plain","optional":true,"computed":true},"ssh_key_path":{"type":"string","description":"Optional cluster level SSH private key path","description_kind":"plain","optional":true,"computed":true},"win_prefix_path":{"type":"string","description":"Optional prefix to customize kubernetes path for windows","description_kind":"plain","optional":true,"computed":true}},"block_types":{"authentication":{"nesting_mode":"list","block":{"attributes":{"sans":{"type":["list","string"],"description_kind":"plain","optional":true,"computed":true},"strategy":{"type":"string","description_kind":"plain","optional":true,"computed":true}},"description":"Kubernetes cluster authentication","description_kind":"plain"},"max_items":1},"authorization":{"nesting_mode":"list","block":{"attributes":{"mode":{"type":"string","description_kind":"plain","optional":true},"options":{"type":["map","string"],"description_kind":"plain","optional":true,"computed":true}},"description":"Kubernetes cluster authorization","description_kind":"plain"},"max_items":1},"bastion_host":{"nesting_mode":"list","block":{"attributes":{"address":{"type":"string","description_kind":"plain","required":true},"port":{"type":"string","description_kind":"plain","optional":true},"ssh_agent_auth":{"type":"bool","description_kind":"plain","optional":true},"ssh_key":{"type":"string","description_kind":"plain","optional":true,"computed":true,"sensitive":true},"ssh_key_path":{"type":"string","description_kind":"plain","optional":true,"computed":true},"user":{"type":"string","description_kind":"plain","required":true}},"description":"RKE bastion host","description_kind":"plain"},"max_items":1},"cloud_provider":{"nesting_mode":"list","block":{"attributes":{"custom_cloud_provider":{"type":"string","description_kind":"plain","optional":true,"computed":true},"name":{"type":"string","description_kind":"plain","optional":true}},"block_types":{"aws_cloud_provider":{"nesting_mode":"list","block":{"block_types":{"global":{"nesting_mode":"list","block":{"attributes":{"disable_security_group_ingress":{"type":"bool","description_kind":"plain","optional":true},"disable_strict_zone_check":{"type":"bool","description_kind":"plain","optional":true},"elb_security_group":{"type":"string","description_kind":"plain","optional":true,"computed":true},"kubernetes_cluster_id":{"type":"string","description_kind":"plain","optional":true,"computed":true},"kubernetes_cluster_tag":{"type":"string","description_kind":"plain","optional":true,"computed":true},"role_arn":{"type":"string","description_kind":"plain","optional":true,"computed":true},"route_table_id":{"type":"string","description_kind":"plain","optional":true,"computed":true},"subnet_id":{"type":"string","description_kind":"plain","optional":true,"computed":true},"vpc":{"type":"string","description_kind":"plain","optional":true,"computed":true},"zone":{"type":"string","description_kind":"plain","optional":true,"computed":true}},"description_kind":"plain"},"max_items":1},"service_override":{"nesting_mode":"list","block":{"attributes":{"region":{"type":"string","description_kind":"plain","optional":true,"computed":true},"service":{"type":"string","description_kind":"plain","required":true},"signing_method":{"type":"string","description_kind":"plain","optional":true,"computed":true},"signing_name":{"type":"string","description_kind":"plain","optional":true,"computed":true},"signing_region":{"type":"string","description_kind":"plain","optional":true,"computed":true},"url":{"type":"string","description_kind":"plain","optional":true,"computed":true}},"description_kind":"plain"}}},"description_kind":"plain"},"max_items":1},"azure_cloud_provider":{"nesting_mode":"list","block":{"attributes":{"aad_client_cert_password":{"type":"string","description_kind":"plain","optional":true,"computed":true,"sensitive":true},"aad_client_cert_path":{"type":"string","description_kind":"plain","optional":true,"computed":true},"aad_client_id":{"type":"string","description_kind":"plain","required":true,"sensitive":true},"aad_client_secret":{"type":"string","description_kind":"plain","required":true,"sensitive":true},"cloud":{"type":"string","description_kind":"plain","optional":true,"computed":true},"cloud_provider_backoff":{"type":"bool","description_kind":"plain","optional":true,"computed":true},"cloud_provider_backoff_duration":{"type":"number","description_kind":"plain","optional":true,"computed":true},"cloud_provider_backoff_exponent":{"type":"number","description_kind":"plain","optional":true,"computed":true},"cloud_provider_backoff_jitter":{"type":"number","description_kind":"plain","optional":true,"computed":true},"cloud_provider_backoff_retries":{"type":"number","description_kind":"plain","optional":true,"computed":true},"cloud_provider_rate_limit":{"type":"bool","description_kind":"plain","optional":true,"computed":true},"cloud_provider_rate_limit_bucket":{"type":"number","description_kind":"plain","optional":true,"computed":true},"cloud_provider_rate_limit_qps":{"type":"number","description_kind":"plain","optional":true,"computed":true},"load_balancer_sku":{"type":"string","description":"Load balancer type (basic | standard). Must be standard for auto-scaling","description_kind":"plain","optional":true},"location":{"type":"string","description_kind":"plain","optional":true,"computed":true},"maximum_load_balancer_rule_count":{"type":"number","description_kind":"plain","optional":true,"computed":true},"primary_availability_set_name":{"type":"string","description_kind":"plain","optional":true,"computed":true},"primary_scale_set_name":{"type":"string","description_kind":"plain","optional":true,"computed":true},"resource_group":{"type":"string","description_kind":"plain","optional":true,"computed":true},"route_table_name":{"type":"string","description_kind":"plain","optional":true,"computed":true},"security_group_name":{"type":"string","description_kind":"plain","optional":true,"computed":true},"subnet_name":{"type":"string","description_kind":"plain","optional":true,"computed":true},"subscription_id":{"type":"string","description_kind":"plain","required":true,"sensitive":true},"tenant_id":{"type":"string","description_kind":"plain","required":true,"sensitive":true},"use_instance_metadata":{"type":"bool","description_kind":"plain","optional":true,"computed":true},"use_managed_identity_extension":{"type":"bool","description_kind":"plain","optional":true,"computed":true},"vm_type":{"type":"string","description_kind":"plain","optional":true,"computed":true},"vnet_name":{"type":"string","description_kind":"plain","optional":true,"computed":true},"vnet_resource_group":{"type":"string","description_kind":"plain","optional":true,"computed":true}},"description_kind":"plain"},"max_items":1},"openstack_cloud_provider":{"nesting_mode":"list","block":{"block_types":{"block_storage":{"nesting_mode":"list","block":{"attributes":{"bs_version":{"type":"string","description_kind":"plain","optional":true,"computed":true},"ignore_volume_az":{"type":"bool","description_kind":"plain","optional":true,"computed":true},"trust_device_path":{"type":"bool","description_kind":"plain","optional":true,"computed":true}},"description_kind":"plain"},"max_items":1},"global":{"nesting_mode":"list","block":{"attributes":{"auth_url":{"type":"string","description_kind":"plain","required":true},"ca_file":{"type":"string","description_kind":"plain","optional":true,"computed":true},"domain_id":{"type":"string","description_kind":"plain","optional":true,"computed":true,"sensitive":true},"domain_name":{"type":"string","description_kind":"plain","optional":true,"computed":true},"password":{"type":"string","description_kind":"plain","required":true,"sensitive":true},"region":{"type":"string","description_kind":"plain","optional":true,"computed":true},"tenant_id":{"type":"string","description_kind":"plain","optional":true,"computed":true,"sensitive":true},"tenant_name":{"type":"string","description_kind":"plain","optional":true,"computed":true},"trust_id":{"type":"string","description_kind":"plain","optional":true,"computed":true,"sensitive":true},"username":{"type":"string","description_kind":"plain","required":true,"sensitive":true}},"description_kind":"plain"},"min_items":1,"max_items":1},"load_balancer":{"nesting_mode":"list","block":{"attributes":{"create_monitor":{"type":"bool","description_kind":"plain","optional":true,"computed":true},"floating_network_id":{"type":"string","description_kind":"plain","optional":true,"computed":true},"lb_method":{"type":"string","description_kind":"plain","optional":true,"computed":true},"lb_provider":{"type":"string","description_kind":"plain","optional":true,"computed":true},"lb_version":{"type":"string","description_kind":"plain","optional":true,"computed":true},"manage_security_groups":{"type":"bool","description_kind":"plain","optional":true,"computed":true},"monitor_delay":{"type":"string","description_kind":"plain","optional":true},"monitor_max_retries":{"type":"number","description_kind":"plain","optional":true},"monitor_timeout":{"type":"string","description_kind":"plain","optional":true},"subnet_id":{"type":"string","description_kind":"plain","optional":true,"computed":true},"use_octavia":{"type":"bool","description_kind":"plain","optional":true,"computed":true}},"description_kind":"plain"},"max_items":1},"metadata":{"nesting_mode":"list","block":{"attributes":{"request_timeout":{"type":"number","description_kind":"plain","optional":true,"computed":true},"search_order":{"type":"string","description_kind":"plain","optional":true,"computed":true}},"description_kind":"plain"},"max_items":1},"route":{"nesting_mode":"list","block":{"attributes":{"router_id":{"type":"string","description_kind":"plain","optional":true,"computed":true}},"description_kind":"plain"},"max_items":1}},"description_kind":"plain"},"max_items":1},"vsphere_cloud_provider":{"nesting_mode":"list","block":{"block_types":{"disk":{"nesting_mode":"list","block":{"attributes":{"scsi_controller_type":{"type":"string","description_kind":"plain","optional":true,"computed":true}},"description_kind":"plain"},"max_items":1},"global":{"nesting_mode":"list","block":{"attributes":{"datacenters":{"type":"string","description_kind":"plain","optional":true,"computed":true},"graceful_shutdown_timeout":{"type":"string","description_kind":"plain","optional":true},"insecure_flag":{"type":"bool","description_kind":"plain","optional":true,"computed":true},"password":{"type":"string","description_kind":"plain","optional":true,"computed":true,"sensitive":true},"port":{"type":"string","description_kind":"plain","optional":true,"computed":true},"soap_roundtrip_count":{"type":"number","description_kind":"plain","optional":true,"computed":true},"user":{"type":"string","description_kind":"plain","optional":true,"computed":true,"sensitive":true}},"description_kind":"plain"},"max_items":1},"network":{"nesting_mode":"list","block":{"attributes":{"public_network":{"type":"string","description_kind":"plain","optional":true,"computed":true}},"description_kind":"plain"},"max_items":1},"virtual_center":{"nesting_mode":"list","block":{"attributes":{"datacenters":{"type":"string","description_kind":"plain","required":true},"name":{"type":"string","description_kind":"plain","required":true},"password":{"type":"string","description_kind":"plain","required":true,"sensitive":true},"port":{"type":"string","description_kind":"plain","optional":true,"computed":true},"soap_roundtrip_count":{"type":"number","description_kind":"plain","optional":true,"computed":true},"user":{"type":"string","description_kind":"plain","required":true,"sensitive":true}},"description_kind":"plain"},"min_items":1},"workspace":{"nesting_mode":"list","block":{"attributes":{"datacenter":{"type":"string","description_kind":"plain","required":true},"default_datastore":{"type":"string","description_kind":"plain","optional":true,"computed":true},"folder":{"type":"string","description_kind":"plain","required":true},"resourcepool_path":{"type":"string","description_kind":"plain","optional":true,"computed":true},"server":{"type":"string","description_kind":"plain","required":true}},"description_kind":"plain"},"min_items":1,"max_items":1}},"description_kind":"plain"},"max_items":1}},"description_kind":"plain"},"max_items":1},"dns":{"nesting_mode":"list","block":{"attributes":{"node_selector":{"type":["map","string"],"description_kind":"plain","optional":true,"computed":true},"options":{"type":["map","string"],"description_kind":"plain","optional":true,"computed":true},"provider":{"type":"string","description_kind":"plain","optional":true},"reverse_cidrs":{"type":["list","string"],"description_kind":"plain","optional":true,"computed":true},"upstream_nameservers":{"type":["list","string"],"description_kind":"plain","optional":true,"computed":true}},"block_types":{"linear_autoscaler_params":{"nesting_mode":"list","block":{"attributes":{"cores_per_replica":{"type":"number","description_kind":"plain","optional":true},"max":{"type":"number","description_kind":"plain","optional":true},"min":{"type":"number","description_kind":"plain","optional":true},"nodes_per_replica":{"type":"number","description_kind":"plain","optional":true},"prevent_single_point_failure":{"type":"bool","description_kind":"plain","optional":true}},"description":"Linear Autoscaler Params","description_kind":"plain"},"max_items":1},"nodelocal":{"nesting_mode":"list","block":{"attributes":{"ip_address":{"type":"string","description_kind":"plain","optional":true},"node_selector":{"type":["map","string"],"description":"Node selector key pair","description_kind":"plain","optional":true}},"description":"Nodelocal dns","description_kind":"plain"},"max_items":1},"tolerations":{"nesting_mode":"list","block":{"attributes":{"effect":{"type":"string","description_kind":"plain","optional":true},"key":{"type":"string","description_kind":"plain","required":true},"operator":{"type":"string","description_kind":"plain","optional":true},"seconds":{"type":"number","description_kind":"plain","optional":true,"computed":true},"value":{"type":"string","description_kind":"plain","optional":true}},"description":"DNS service tolerations","description_kind":"plain"}},"update_strategy":{"nesting_mode":"list","block":{"attributes":{"strategy":{"type":"string","description":"Strategy","description_kind":"plain","optional":true}},"block_types":{"rolling_update":{"nesting_mode":"list","block":{"attributes":{"max_surge":{"type":"number","description":"Rolling update max surge","description_kind":"plain","optional":true},"max_unavailable":{"type":"number","description":"Rolling update max unavailable","description_kind":"plain","optional":true}},"description":"Rolling update for update strategy","description_kind":"plain"},"max_items":1}},"description":"Update deployment strategy","description_kind":"plain"},"max_items":1}},"description_kind":"plain"},"max_items":1},"ingress":{"nesting_mode":"list","block":{"attributes":{"default_backend":{"type":"bool","description_kind":"plain","optional":true},"dns_policy":{"type":"string","description_kind":"plain","optional":true,"computed":true},"extra_args":{"type":["map","string"],"description_kind":"plain","optional":true,"computed":true},"http_port":{"type":"number","description_kind":"plain","optional":true,"computed":true},"https_port":{"type":"number","description_kind":"plain","optional":true,"computed":true},"network_mode":{"type":"string","description_kind":"plain","optional":true,"computed":true},"node_selector":{"type":["map","string"],"description_kind":"plain","optional":true,"computed":true},"options":{"type":["map","string"],"description_kind":"plain","optional":true,"computed":true},"provider":{"type":"string","description_kind":"plain","optional":true,"computed":true}},"block_types":{"tolerations":{"nesting_mode":"list","block":{"attributes":{"effect":{"type":"string","description_kind":"plain","optional":true},"key":{"type":"string","description_kind":"plain","required":true},"operator":{"type":"string","description_kind":"plain","optional":true},"seconds":{"type":"number","description_kind":"plain","optional":true,"computed":true},"value":{"type":"string","description_kind":"plain","optional":true}},"description":"Ingress add-on tolerations","description_kind":"plain"}},"update_strategy":{"nesting_mode":"list","block":{"attributes":{"strategy":{"type":"string","description":"Strategy","description_kind":"plain","optional":true}},"block_types":{"rolling_update":{"nesting_mode":"list","block":{"attributes":{"max_unavailable":{"type":"number","description":"Rolling update max unavailable","description_kind":"plain","optional":true}},"description":"Rolling update for update strategy","description_kind":"plain"},"max_items":1}},"description":"Update daemon set strategy","description_kind":"plain"},"max_items":1}},"description":"Kubernetes ingress configuration","description_kind":"plain"},"max_items":1},"monitoring":{"nesting_mode":"list","block":{"attributes":{"node_selector":{"type":["map","string"],"description_kind":"plain","optional":true},"options":{"type":["map","string"],"description_kind":"plain","optional":true,"computed":true},"provider":{"type":"string","description_kind":"plain","optional":true,"computed":true},"replicas":{"type":"number","description_kind":"plain","optional":true,"computed":true}},"block_types":{"tolerations":{"nesting_mode":"list","block":{"attributes":{"effect":{"type":"string","description_kind":"plain","optional":true},"key":{"type":"string","description_kind":"plain","required":true},"operator":{"type":"string","description_kind":"plain","optional":true},"seconds":{"type":"number","description_kind":"plain","optional":true,"computed":true},"value":{"type":"string","description_kind":"plain","optional":true}},"description":"Monitoring add-on tolerations","description_kind":"plain"}},"update_strategy":{"nesting_mode":"list","block":{"attributes":{"strategy":{"type":"string","description":"Strategy","description_kind":"plain","optional":true}},"block_types":{"rolling_update":{"nesting_mode":"list","block":{"attributes":{"max_surge":{"type":"number","description":"Rolling update max surge","description_kind":"plain","optional":true},"max_unavailable":{"type":"number","description":"Rolling update max unavailable","description_kind":"plain","optional":true}},"description":"Rolling update for update strategy","description_kind":"plain"},"max_items":1}},"description":"Update deployment strategy","description_kind":"plain"},"max_items":1}},"description":"Kubernetes cluster monitoring","description_kind":"plain"},"max_items":1},"network":{"nesting_mode":"list","block":{"attributes":{"mtu":{"type":"number","description_kind":"plain","optional":true},"options":{"type":["map","string"],"description_kind":"plain","optional":true,"computed":true},"plugin":{"type":"string","description_kind":"plain","optional":true,"computed":true}},"block_types":{"aci_network_provider":{"nesting_mode":"list","block":{"attributes":{"aep":{"type":"string","description_kind":"plain","required":true},"apic_hosts":{"type":["list","string"],"description_kind":"plain","required":true},"apic_refresh_ticker_adjust":{"type":"string","description_kind":"plain","optional":true},"apic_refresh_time":{"type":"string","description_kind":"plain","optional":true},"apic_subscription_delay":{"type":"string","description_kind":"plain","optional":true},"apic_user_crt":{"type":"string","description_kind":"plain","required":true,"sensitive":true},"apic_user_key":{"type":"string","description_kind":"plain","required":true,"sensitive":true},"apic_user_name":{"type":"string","description_kind":"plain","required":true},"capic":{"type":"string","description_kind":"plain","optional":true},"controller_log_level":{"type":"string","description_kind":"plain","optional":true},"disable_periodic_snat_global_info_sync":{"type":"string","description_kind":"plain","optional":true},"disable_wait_for_network":{"type":"string","description_kind":"plain","optional":true},"drop_log_enable":{"type":"string","description_kind":"plain","optional":true},"duration_wait_for_network":{"type":"string","description_kind":"plain","optional":true},"enable_endpoint_slice":{"type":"string","description_kind":"plain","optional":true},"encap_type":{"type":"string","description_kind":"plain","required":true},"ep_registry":{"type":"string","description_kind":"plain","optional":true},"extern_dynamic":{"type":"string","description_kind":"plain","required":true},"extern_static":{"type":"string","description_kind":"plain","required":true},"gbp_pod_subnet":{"type":"string","description_kind":"plain","optional":true},"host_agent_log_level":{"type":"string","description_kind":"plain","optional":true},"image_pull_policy":{"type":"string","description_kind":"plain","optional":true},"image_pull_secret":{"type":"string","description_kind":"plain","optional":true},"infra_vlan":{"type":"string","description_kind":"plain","optional":true},"install_istio":{"type":"string","description_kind":"plain","optional":true},"istio_profile":{"type":"string","description_kind":"plain","optional":true},"kafka_brokers":{"type":["list","string"],"description_kind":"plain","optional":true},"kafka_client_crt":{"type":"string","description_kind":"plain","optional":true},"kafka_client_key":{"type":"string","description_kind":"plain","optional":true},"kube_api_vlan":{"type":"string","description_kind":"plain","required":true},"l3out":{"type":"string","description_kind":"plain","required":true},"l3out_external_networks":{"type":["list","string"],"description_kind":"plain","required":true},"max_nodes_svc_graph":{"type":"string","description_kind":"plain","optional":true},"mcast_range_end":{"type":"string","description_kind":"plain","required":true},"mcast_range_start":{"type":"string","description_kind":"plain","required":true},"mtu_head_room":{"type":"string","description_kind":"plain","optional":true},"multus_disable":{"type":"string","description_kind":"plain","optional":true},"no_priority_class":{"type":"string","description_kind":"plain","optional":true},"node_pod_if_enable":{"type":"string","description_kind":"plain","optional":true},"node_subnet":{"type":"string","description_kind":"plain","required":true},"node_svc_subnet":{"type":"string","description_kind":"plain","required":true},"opflex_client_ssl":{"type":"string","description_kind":"plain","optional":true},"opflex_device_delete_timeout":{"type":"string","description_kind":"plain","optional":true},"opflex_log_level":{"type":"string","description_kind":"plain","optional":true},"opflex_mode":{"type":"string","description_kind":"plain","optional":true},"opflex_server_port":{"type":"string","description_kind":"plain","optional":true},"overlay_vrf_name":{"type":"string","description_kind":"plain","optional":true},"ovs_memory_limit":{"type":"string","description_kind":"plain","optional":true},"pbr_tracking_non_snat":{"type":"string","description_kind":"plain","optional":true},"pod_subnet_chunk_size":{"type":"string","description_kind":"plain","optional":true},"run_gbp_container":{"type":"string","description_kind":"plain","optional":true},"run_opflex_server_container":{"type":"string","description_kind":"plain","optional":true},"service_monitor_interval":{"type":"string","description_kind":"plain","optional":true},"service_vlan":{"type":"string","description_kind":"plain","required":true},"snat_contract_scope":{"type":"string","description_kind":"plain","optional":true},"snat_namespace":{"type":"string","description_kind":"plain","optional":true},"snat_port_range_end":{"type":"string","description_kind":"plain","optional":true},"snat_port_range_start":{"type":"string","description_kind":"plain","optional":true},"snat_ports_per_node":{"type":"string","description_kind":"plain","optional":true},"sriov_enable":{"type":"string","description_kind":"plain","optional":true},"subnet_domain_name":{"type":"string","description_kind":"plain","optional":true},"system_id":{"type":"string","description_kind":"plain","required":true},"tenant":{"type":"string","description_kind":"plain","optional":true},"token":{"type":"string","description_kind":"plain","required":true,"sensitive":true},"use_aci_anywhere_crd":{"type":"string","description_kind":"plain","optional":true},"use_aci_cni_priority_class":{"type":"string","description_kind":"plain","optional":true},"use_cluster_role":{"type":"string","description_kind":"plain","optional":true},"use_host_netns_volume":{"type":"string","description_kind":"plain","optional":true},"use_opflex_server_volume":{"type":"string","description_kind":"plain","optional":true},"use_privileged_container":{"type":"string","description_kind":"plain","optional":true},"vmm_controller":{"type":"string","description_kind":"plain","optional":true},"vmm_domain":{"type":"string","description_kind":"plain","optional":true},"vrf_name":{"type":"string","description_kind":"plain","required":true},"vrf_tenant":{"type":"string","description_kind":"plain","required":true}},"description_kind":"plain"},"max_items":1},"calico_network_provider":{"nesting_mode":"list","block":{"attributes":{"cloud_provider":{"type":"string","description_kind":"plain","optional":true,"computed":true}},"description_kind":"plain"},"max_items":1},"canal_network_provider":{"nesting_mode":"list","block":{"attributes":{"iface":{"type":"string","description_kind":"plain","optional":true,"computed":true}},"description_kind":"plain"},"max_items":1},"flannel_network_provider":{"nesting_mode":"list","block":{"attributes":{"iface":{"type":"string","description_kind":"plain","optional":true,"computed":true}},"description_kind":"plain"},"max_items":1},"tolerations":{"nesting_mode":"list","block":{"attributes":{"effect":{"type":"string","description_kind":"plain","optional":true},"key":{"type":"string","description_kind":"plain","required":true},"operator":{"type":"string","description_kind":"plain","optional":true},"seconds":{"type":"number","description_kind":"plain","optional":true,"computed":true},"value":{"type":"string","description_kind":"plain","optional":true}},"description":"Network add-on tolerations","description_kind":"plain"}},"weave_network_provider":{"nesting_mode":"list","block":{"attributes":{"password":{"type":"string","description_kind":"plain","required":true}},"description_kind":"plain"},"max_items":1}},"description":"Kubernetes cluster networking","description_kind":"plain"},"max_items":1},"nodes":{"nesting_mode":"list","block":{"attributes":{"address":{"type":"string","description_kind":"plain","required":true},"docker_socket":{"type":"string","description_kind":"plain","optional":true,"computed":true},"hostname_override":{"type":"string","description_kind":"plain","optional":true},"internal_address":{"type":"string","description_kind":"plain","optional":true},"labels":{"type":["map","string"],"description_kind":"plain","optional":true},"node_id":{"type":"string","description_kind":"plain","optional":true},"port":{"type":"string","description_kind":"plain","optional":true},"role":{"type":["list","string"],"description_kind":"plain","required":true},"ssh_agent_auth":{"type":"bool","description_kind":"plain","optional":true},"ssh_key":{"type":"string","description_kind":"plain","optional":true,"computed":true,"sensitive":true},"ssh_key_path":{"type":"string","description_kind":"plain","optional":true,"computed":true},"user":{"type":"string","description_kind":"plain","required":true,"sensitive":true}},"description":"Optional RKE cluster nodes","description_kind":"plain"}},"private_registries":{"nesting_mode":"list","block":{"attributes":{"is_default":{"type":"bool","description_kind":"plain","optional":true},"password":{"type":"string","description_kind":"plain","optional":true,"sensitive":true},"url":{"type":"string","description_kind":"plain","required":true},"user":{"type":"string","description_kind":"plain","optional":true,"sensitive":true}},"block_types":{"ecr_credential_plugin":{"nesting_mode":"list","block":{"attributes":{"aws_access_key_id":{"type":"string","description_kind":"plain","optional":true},"aws_secret_access_key":{"type":"string","description_kind":"plain","optional":true,"sensitive":true},"aws_session_token":{"type":"string","description_kind":"plain","optional":true,"sensitive":true}},"description":"ECR credential plugin config","description_kind":"plain"},"max_items":1}},"description":"Optional private registries for docker images","description_kind":"plain"}},"services":{"nesting_mode":"list","block":{"block_types":{"etcd":{"nesting_mode":"list","block":{"attributes":{"ca_cert":{"type":"string","description_kind":"plain","optional":true,"computed":true},"cert":{"type":"string","description_kind":"plain","optional":true,"computed":true,"sensitive":true},"creation":{"type":"string","description_kind":"plain","optional":true,"computed":true},"external_urls":{"type":["list","string"],"description_kind":"plain","optional":true},"extra_args":{"type":["map","string"],"description_kind":"plain","optional":true,"computed":true},"extra_binds":{"type":["list","string"],"description_kind":"plain","optional":true},"extra_env":{"type":["list","string"],"description_kind":"plain","optional":true},"gid":{"type":"number","description_kind":"plain","optional":true},"image":{"type":"string","description_kind":"plain","optional":true,"computed":true},"key":{"type":"string","description_kind":"plain","optional":true,"computed":true,"sensitive":true},"path":{"type":"string","description_kind":"plain","optional":true,"computed":true},"retention":{"type":"string","description_kind":"plain","optional":true,"computed":true},"snapshot":{"type":"bool","description_kind":"plain","optional":true,"computed":true},"uid":{"type":"number","description_kind":"plain","optional":true}},"block_types":{"backup_config":{"nesting_mode":"list","block":{"attributes":{"enabled":{"type":"bool","description_kind":"plain","optional":true},"interval_hours":{"type":"number","description_kind":"plain","optional":true},"retention":{"type":"number","description_kind":"plain","optional":true},"safe_timestamp":{"type":"bool","description_kind":"plain","optional":true},"timeout":{"type":"number","description_kind":"plain","optional":true,"computed":true}},"block_types":{"s3_backup_config":{"nesting_mode":"list","block":{"attributes":{"access_key":{"type":"string","description_kind":"plain","optional":true,"sensitive":true},"bucket_name":{"type":"string","description_kind":"plain","required":true},"custom_ca":{"type":"string","description_kind":"plain","optional":true},"endpoint":{"type":"string","description_kind":"plain","required":true},"folder":{"type":"string","description_kind":"plain","optional":true},"region":{"type":"string","description_kind":"plain","optional":true},"secret_key":{"type":"string","description_kind":"plain","optional":true,"sensitive":true}},"description_kind":"plain"},"max_items":1}},"description_kind":"plain"},"max_items":1}},"description_kind":"plain"},"max_items":1},"kube_api":{"nesting_mode":"list","block":{"attributes":{"always_pull_images":{"type":"bool","description_kind":"plain","optional":true},"extra_args":{"type":["map","string"],"description_kind":"plain","optional":true,"computed":true},"extra_binds":{"type":["list","string"],"description_kind":"plain","optional":true},"extra_env":{"type":["list","string"],"description_kind":"plain","optional":true},"image":{"type":"string","description_kind":"plain","optional":true,"computed":true},"service_cluster_ip_range":{"type":"string","description_kind":"plain","optional":true,"computed":true},"service_node_port_range":{"type":"string","description_kind":"plain","optional":true,"computed":true}},"block_types":{"admission_configuration":{"nesting_mode":"list","block":{"attributes":{"api_version":{"type":"string","description":"Admission configuration ApiVersion","description_kind":"plain","optional":true},"kind":{"type":"string","description":"Admission configuration Kind","description_kind":"plain","optional":true}},"block_types":{"plugins":{"nesting_mode":"list","block":{"attributes":{"configuration":{"type":"string","description":"Plugin configuration","description_kind":"plain","optional":true,"computed":true},"name":{"type":"string","description":"Plugin name","description_kind":"plain","optional":true,"computed":true},"path":{"type":"string","description":"Plugin path","description_kind":"plain","optional":true}},"description":"Admission configuration plugins","description_kind":"plain"}}},"description":"Cluster admission configuration","description_kind":"plain"},"max_items":1},"audit_log":{"nesting_mode":"list","block":{"attributes":{"enabled":{"type":"bool","description_kind":"plain","optional":true}},"block_types":{"configuration":{"nesting_mode":"list","block":{"attributes":{"format":{"type":"string","description_kind":"plain","optional":true},"max_age":{"type":"number","description_kind":"plain","optional":true},"max_backup":{"type":"number","description_kind":"plain","optional":true},"max_size":{"type":"number","description_kind":"plain","optional":true},"path":{"type":"string","description_kind":"plain","optional":true},"policy":{"type":"string","description_kind":"plain","optional":true,"computed":true}},"description_kind":"plain"},"max_items":1}},"description_kind":"plain"},"max_items":1},"event_rate_limit":{"nesting_mode":"list","block":{"attributes":{"configuration":{"type":"string","description_kind":"plain","optional":true,"computed":true},"enabled":{"type":"bool","description_kind":"plain","optional":true}},"description_kind":"plain"},"max_items":1},"secrets_encryption_config":{"nesting_mode":"list","block":{"attributes":{"custom_config":{"type":"string","description_kind":"plain","optional":true},"enabled":{"type":"bool","description_kind":"plain","optional":true}},"description_kind":"plain"},"max_items":1}},"description_kind":"plain"},"max_items":1},"kube_controller":{"nesting_mode":"list","block":{"attributes":{"cluster_cidr":{"type":"string","description_kind":"plain","optional":true,"computed":true},"extra_args":{"type":["map","string"],"description_kind":"plain","optional":true,"computed":true},"extra_binds":{"type":["list","string"],"description_kind":"plain","optional":true},"extra_env":{"type":["list","string"],"description_kind":"plain","optional":true},"image":{"type":"string","description_kind":"plain","optional":true,"computed":true},"service_cluster_ip_range":{"type":"string","description_kind":"plain","optional":true,"computed":true}},"description_kind":"plain"},"max_items":1},"kubelet":{"nesting_mode":"list","block":{"attributes":{"cluster_dns_server":{"type":"string","description_kind":"plain","optional":true,"computed":true},"cluster_domain":{"type":"string","description_kind":"plain","optional":true,"computed":true},"extra_args":{"type":["map","string"],"description_kind":"plain","optional":true,"computed":true},"extra_binds":{"type":["list","string"],"description_kind":"plain","optional":true},"extra_env":{"type":["list","string"],"description_kind":"plain","optional":true},"fail_swap_on":{"type":"bool","description_kind":"plain","optional":true,"computed":true},"generate_serving_certificate":{"type":"bool","description_kind":"plain","optional":true},"image":{"type":"string","description_kind":"plain","optional":true,"computed":true},"infra_container_image":{"type":"string","description_kind":"plain","optional":true,"computed":true}},"description_kind":"plain"},"max_items":1},"kubeproxy":{"nesting_mode":"list","block":{"attributes":{"extra_args":{"type":["map","string"],"description_kind":"plain","optional":true,"computed":true},"extra_binds":{"type":["list","string"],"description_kind":"plain","optional":true},"extra_env":{"type":["list","string"],"description_kind":"plain","optional":true},"image":{"type":"string","description_kind":"plain","optional":true,"computed":true}},"description_kind":"plain"},"max_items":1},"scheduler":{"nesting_mode":"list","block":{"attributes":{"extra_args":{"type":["map","string"],"description_kind":"plain","optional":true,"computed":true},"extra_binds":{"type":["list","string"],"description_kind":"plain","optional":true},"extra_env":{"type":["list","string"],"description_kind":"plain","optional":true},"image":{"type":"string","description_kind":"plain","optional":true,"computed":true}},"description_kind":"plain"},"max_items":1}},"description":"Kubernetes cluster services","description_kind":"plain"},"max_items":1},"upgrade_strategy":{"nesting_mode":"list","block":{"attributes":{"drain":{"type":"bool","description_kind":"plain","optional":true},"max_unavailable_controlplane":{"type":"string","description_kind":"plain","optional":true},"max_unavailable_worker":{"type":"string","description_kind":"plain","optional":true}},"block_types":{"drain_input":{"nesting_mode":"list","block":{"attributes":{"delete_local_data":{"type":"bool","description_kind":"plain","optional":true},"force":{"type":"bool","description_kind":"plain","optional":true},"grace_period":{"type":"number","description_kind":"plain","optional":true},"ignore_daemon_sets":{"type":"bool","description_kind":"plain","optional":true},"timeout":{"type":"number","description_kind":"plain","optional":true}},"description_kind":"plain"},"max_items":1}},"description":"RKE upgrade strategy","description_kind":"plain"},"max_items":1}},"description":"Rancher Kubernetes Engine Config","description_kind":"plain"},"min_items":1,"max_items":1}},"description":"Cluster configuration","description_kind":"plain"},"min_items":1,"max_items":1},"questions":{"nesting_mode":"list","block":{"attributes":{"default":{"type":"string","description":"Default variable value","description_kind":"plain","required":true},"required":{"type":"bool","description":"Required variable","description_kind":"plain","optional":true},"type":{"type":"string","description":"Variable type","description_kind":"plain","optional":true},"variable":{"type":"string","description":"Variable name","description_kind":"plain","required":true}},"description":"Cluster template questions","description_kind":"plain"}}},"description":"Cluster template revisions","description_kind":"plain"}},"timeouts":{"nesting_mode":"single","block":{"attributes":{"create":{"type":"string","description_kind":"plain","optional":true},"delete":{"type":"string","description_kind":"plain","optional":true},"update":{"type":"string","description_kind":"plain","optional":true}},"description_kind":"plain"}}},"description_kind":"plain"}},"rancher2_cluster_v2":{"version":1,"block":{"attributes":{"annotations":{"type":["map","string"],"description":"Annotations of the resource","description_kind":"plain","optional":true,"computed":true},"cloud_credential_secret_name":{"type":"string","description":"Cluster V2 cloud credential secret name","description_kind":"plain","optional":true},"cluster_registration_token":{"type":["list",["object",{"annotations":["map","string"],"cluster_id":"string","command":"string","id":"string","insecure_command":"string","insecure_node_command":"string","insecure_windows_node_command":"string","labels":["map","string"],"manifest_url":"string","name":"string","node_command":"string","token":"string","windows_node_command":"string"}]],"description_kind":"plain","computed":true,"sensitive":true},"cluster_v1_id":{"type":"string","description_kind":"plain","computed":true},"default_cluster_role_for_project_members":{"type":"string","description":"Cluster V2 default cluster role for project members","description_kind":"plain","optional":true},"default_pod_security_admission_configuration_template_name":{"type":"string","description":"Cluster V2 default pod security admission configuration template name","description_kind":"plain","optional":true},"enable_network_policy":{"type":"bool","description":"Enable k8s network policy","description_kind":"plain","optional":true,"computed":true},"fleet_namespace":{"type":"string","description_kind":"plain","optional":true},"id":{"type":"string","description_kind":"plain","optional":true,"computed":true},"kube_config":{"type":"string","description_kind":"plain","computed":true,"sensitive":true},"kubernetes_version":{"type":"string","description":"Cluster V2 kubernetes version","description_kind":"plain","required":true},"labels":{"type":["map","string"],"description":"Labels of the resource","description_kind":"plain","optional":true,"computed":true},"name":{"type":"string","description":"Cluster V2 name","description_kind":"plain","required":true},"resource_version":{"type":"string","description_kind":"plain","computed":true}},"block_types":{"agent_env_vars":{"nesting_mode":"list","block":{"attributes":{"name":{"type":"string","description_kind":"plain","required":true},"value":{"type":"string","description_kind":"plain","required":true}},"description":"Cluster V2 default agent env vars","description_kind":"plain"}},"cluster_agent_deployment_customization":{"nesting_mode":"list","block":{"attributes":{"override_affinity":{"type":"string","description":"User defined affinity to override default agent affinity","description_kind":"plain","optional":true}},"block_types":{"append_tolerations":{"nesting_mode":"list","block":{"attributes":{"effect":{"type":"string","description_kind":"plain","optional":true},"key":{"type":"string","description_kind":"plain","required":true},"operator":{"type":"string","description_kind":"plain","optional":true},"seconds":{"type":"number","description_kind":"plain","optional":true,"computed":true},"value":{"type":"string","description_kind":"plain","optional":true}},"description":"User defined tolerations to append to agent","description_kind":"plain"}},"override_resource_requirements":{"nesting_mode":"list","block":{"attributes":{"cpu_limit":{"type":"string","description":"The maximum CPU limit for agent","description_kind":"plain","optional":true},"cpu_request":{"type":"string","description":"The minimum CPU required for agent","description_kind":"plain","optional":true},"memory_limit":{"type":"string","description":"The maximum memory limit for agent","description_kind":"plain","optional":true},"memory_request":{"type":"string","description":"The minimum memory required for agent","description_kind":"plain","optional":true}},"description":"User defined resource requirements to set on the agent","description_kind":"plain"}},"scheduling_customization":{"nesting_mode":"list","block":{"block_types":{"pod_disruption_budget":{"nesting_mode":"list","block":{"attributes":{"max_unavailable":{"type":"string","description":"The maximum number of cattle cluster agent replicas that can be down at a given time.","description_kind":"plain","optional":true},"min_available":{"type":"string","description":"The minimum number of cattle cluster agent replicas that must be running at a given time.","description_kind":"plain","optional":true}},"description":"The Pod Disruption Budget created for the cattle cluster agent","description_kind":"plain"}},"priority_class":{"nesting_mode":"list","block":{"attributes":{"preemption_policy":{"type":"string","description":"The preemption behavior for the cattle cluster agent. Must be either 'PreemptLowerPriority' or 'Never'","description_kind":"plain","optional":true},"value":{"type":"number","description":"The priority value for the cattle cluster agent. Must be between negative 1 billion and 1 billion.","description_kind":"plain","required":true}},"description":"The Priority Class created for the cattle cluster agent","description_kind":"plain"}}},"description":"User defined scheduling customization for the cattle cluster agent","description_kind":"plain"}}},"description":"Optional customization for cluster agent","description_kind":"plain"}},"fleet_agent_deployment_customization":{"nesting_mode":"list","block":{"attributes":{"override_affinity":{"type":"string","description":"User defined affinity to override default agent affinity","description_kind":"plain","optional":true}},"block_types":{"append_tolerations":{"nesting_mode":"list","block":{"attributes":{"effect":{"type":"string","description_kind":"plain","optional":true},"key":{"type":"string","description_kind":"plain","required":true},"operator":{"type":"string","description_kind":"plain","optional":true},"seconds":{"type":"number","description_kind":"plain","optional":true,"computed":true},"value":{"type":"string","description_kind":"plain","optional":true}},"description":"User defined tolerations to append to agent","description_kind":"plain"}},"override_resource_requirements":{"nesting_mode":"list","block":{"attributes":{"cpu_limit":{"type":"string","description":"The maximum CPU limit for agent","description_kind":"plain","optional":true},"cpu_request":{"type":"string","description":"The minimum CPU required for agent","description_kind":"plain","optional":true},"memory_limit":{"type":"string","description":"The maximum memory limit for agent","description_kind":"plain","optional":true},"memory_request":{"type":"string","description":"The minimum memory required for agent","description_kind":"plain","optional":true}},"description":"User defined resource requirements to set on the agent","description_kind":"plain"}}},"description":"Optional customization for fleet agent","description_kind":"plain"}},"local_auth_endpoint":{"nesting_mode":"list","block":{"attributes":{"ca_certs":{"type":"string","description_kind":"plain","optional":true},"enabled":{"type":"bool","description_kind":"plain","optional":true},"fqdn":{"type":"string","description_kind":"plain","optional":true}},"description":"Cluster V2 local auth endpoint","description_kind":"plain"},"max_items":1},"rke_config":{"nesting_mode":"list","block":{"attributes":{"additional_manifest":{"type":"string","description":"Cluster V2 additional manifest","description_kind":"plain","optional":true},"chart_values":{"type":"string","description":"Cluster V2 chart values. It should be in YAML format","description_kind":"plain","optional":true},"machine_global_config":{"type":"string","description":"Cluster V2 machine global config","description_kind":"plain","optional":true}},"block_types":{"data_directories":{"nesting_mode":"list","block":{"attributes":{"k8s_distro":{"type":"string","description":"Desired k8s distro data directory.","description_kind":"plain","optional":true},"provisioning":{"type":"string","description":"Desired provisioning data directory.","description_kind":"plain","optional":true},"system_agent":{"type":"string","description":"Desired System Agent data directory.","description_kind":"plain","optional":true}},"description":"Cluster V2 data directories","description_kind":"plain"}},"etcd":{"nesting_mode":"list","block":{"attributes":{"disable_snapshots":{"type":"bool","description":"Disable ETCD snapshots","description_kind":"plain","optional":true},"snapshot_retention":{"type":"number","description":"ETCD snapshot retention","description_kind":"plain","optional":true},"snapshot_schedule_cron":{"type":"string","description":"ETCD snapshot schedule cron (e.g `\"0 */5 * * *\"`)","description_kind":"plain","optional":true}},"block_types":{"s3_config":{"nesting_mode":"list","block":{"attributes":{"bucket":{"type":"string","description":"ETCD snapshot S3 bucket","description_kind":"plain","required":true},"cloud_credential_name":{"type":"string","description":"ETCD snapshot S3 cloud credential name","description_kind":"plain","optional":true},"endpoint":{"type":"string","description":"ETCD snapshot S3 endpoint","description_kind":"plain","required":true},"endpoint_ca":{"type":"string","description":"ETCD snapshot S3 endpoint CA","description_kind":"plain","optional":true},"folder":{"type":"string","description":"ETCD snapshot S3 folder","description_kind":"plain","optional":true},"region":{"type":"string","description":"ETCD snapshot S3 region","description_kind":"plain","optional":true},"skip_ssl_verify":{"type":"bool","description":"Disable ETCD skip ssl verify","description_kind":"plain","optional":true}},"description":"ETCD snapshot S3 config","description_kind":"plain"},"max_items":1}},"description":"Cluster V2 etcd","description_kind":"plain"},"max_items":1},"etcd_snapshot_create":{"nesting_mode":"list","block":{"attributes":{"generation":{"type":"number","description":"ETCD generation to initiate a snapshot","description_kind":"plain","required":true}},"description":"Cluster V2 etcd snapshot create","description_kind":"plain"},"max_items":1},"etcd_snapshot_restore":{"nesting_mode":"list","block":{"attributes":{"generation":{"type":"number","description":"ETCD snapshot desired generation","description_kind":"plain","required":true},"name":{"type":"string","description":"ETCD snapshot name to restore","description_kind":"plain","required":true},"restore_rke_config":{"type":"string","description":"ETCD restore RKE config (set to none, all, or kubernetesVersion)","description_kind":"plain","optional":true}},"description":"Cluster V2 etcd snapshot restore","description_kind":"plain"},"max_items":1},"local_auth_endpoint":{"nesting_mode":"list","block":{"attributes":{"ca_certs":{"type":"string","description_kind":"plain","optional":true},"enabled":{"type":"bool","description_kind":"plain","optional":true},"fqdn":{"type":"string","description_kind":"plain","optional":true}},"description":"Cluster V2 local auth endpoint","description_kind":"plain","deprecated":true},"max_items":1},"machine_pool_defaults":{"nesting_mode":"list","block":{"attributes":{"hostname_length_limit":{"type":"number","description":"maximum length for autogenerated hostname","description_kind":"plain","optional":true}},"description":"Default values for machine pool configurations if unset","description_kind":"plain"}},"machine_pools":{"nesting_mode":"list","block":{"attributes":{"annotations":{"type":["map","string"],"description":"Annotations for the MachineDeployment object","description_kind":"plain","optional":true},"cloud_credential_secret_name":{"type":"string","description":"Machine pool cloud credential secret name","description_kind":"plain","optional":true},"control_plane_role":{"type":"bool","description":"Machine pool control plane role","description_kind":"plain","optional":true},"drain_before_delete":{"type":"bool","description":"Machine pool drain before delete","description_kind":"plain","optional":true},"etcd_role":{"type":"bool","description":"Machine pool etcd role","description_kind":"plain","optional":true},"hostname_length_limit":{"type":"number","description":"maximum length for autogenerated hostname","description_kind":"plain","optional":true},"labels":{"type":["map","string"],"description":"Labels for the MachineDeployment object","description_kind":"plain","optional":true},"machine_labels":{"type":["map","string"],"description":"Labels for the machine pool nodes","description_kind":"plain","optional":true},"machine_os":{"type":"string","description":"OS Type in machine pool","description_kind":"plain","optional":true},"max_unhealthy":{"type":"string","description":"max unhealthy nodes for automated replacement to be allowed","description_kind":"plain","optional":true},"name":{"type":"string","description":"Machine pool name","description_kind":"plain","required":true},"node_drain_timeout":{"type":"number","description":"seconds to wait for machine pool drain to complete before machine deletion","description_kind":"plain","optional":true},"node_startup_timeout_seconds":{"type":"number","description":"seconds a new node has to become active before it is replaced","description_kind":"plain","optional":true},"paused":{"type":"bool","description":"Machine pool paused","description_kind":"plain","optional":true},"quantity":{"type":"number","description":"Machine pool quantity","description_kind":"plain","optional":true},"unhealthy_node_timeout_seconds":{"type":"number","description":"seconds an unhealthy node has to become active before it is replaced","description_kind":"plain","optional":true},"unhealthy_range":{"type":"string","description":"range of unhealthy nodes for automated replacement to be allowed","description_kind":"plain","optional":true},"worker_role":{"type":"bool","description":"Machine pool worker role","description_kind":"plain","optional":true}},"block_types":{"machine_config":{"nesting_mode":"list","block":{"attributes":{"api_version":{"type":"string","description":"Machine config API version","description_kind":"plain","optional":true},"kind":{"type":"string","description":"Machine config kind","description_kind":"plain","required":true},"name":{"type":"string","description":"Machine config name","description_kind":"plain","required":true}},"description":"Machine config data","description_kind":"plain"},"min_items":1,"max_items":1},"rolling_update":{"nesting_mode":"list","block":{"attributes":{"max_surge":{"type":"string","description":"Rolling update max surge","description_kind":"plain","optional":true},"max_unavailable":{"type":"string","description":"Rolling update max unavailable","description_kind":"plain","optional":true}},"description":"Machine pool rolling update","description_kind":"plain"},"max_items":1},"taints":{"nesting_mode":"list","block":{"attributes":{"effect":{"type":"string","description_kind":"plain","optional":true},"key":{"type":"string","description_kind":"plain","required":true},"value":{"type":"string","description_kind":"plain","required":true}},"description":"Machine pool taints","description_kind":"plain"}}},"description":"Cluster V2 machine pools","description_kind":"plain"}},"machine_selector_config":{"nesting_mode":"list","block":{"attributes":{"config":{"type":"string","description":"Machine selector config","description_kind":"plain","optional":true}},"block_types":{"machine_label_selector":{"nesting_mode":"list","block":{"attributes":{"match_labels":{"type":["map","string"],"description":"Label selector match labels","description_kind":"plain","optional":true}},"block_types":{"match_expressions":{"nesting_mode":"list","block":{"attributes":{"key":{"type":"string","description":"Label selector requirement key","description_kind":"plain","optional":true},"operator":{"type":"string","description":"Label selector operator","description_kind":"plain","optional":true},"values":{"type":["list","string"],"description":"Label selector requirement values","description_kind":"plain","optional":true}},"description":"Label selector match expressions","description_kind":"plain"}}},"description":"Machine label selector","description_kind":"plain"},"max_items":1}},"description":"Cluster V2 machine selector config","description_kind":"plain"}},"machine_selector_files":{"nesting_mode":"list","block":{"block_types":{"file_sources":{"nesting_mode":"list","block":{"block_types":{"configmap":{"nesting_mode":"list","block":{"attributes":{"default_permissions":{"type":"string","description":"The default permissions to be applied when they are not set at the item level","description_kind":"plain","optional":true},"name":{"type":"string","description":"The name of the K8s object","description_kind":"plain","required":true}},"block_types":{"items":{"nesting_mode":"list","block":{"attributes":{"dynamic":{"type":"bool","description":"If ture, the file is ignored when determining whether the node should be drained before updating the node plan (default: true).","description_kind":"plain","optional":true},"hash":{"type":"string","description":"The base64 encoded value of the SHA256 checksum of the file's content","description_kind":"plain","optional":true},"key":{"type":"string","description":"The key of the item(file) to retrieve","description_kind":"plain","required":true},"path":{"type":"string","description":"The path to put the file in the target node","description_kind":"plain","required":true},"permissions":{"type":"string","description":"The numeric representation of the file permissions","description_kind":"plain","optional":true}},"description":"Items(files) to retrieve from the K8s object","description_kind":"plain"}}},"description":"The configmap which is the source of files","description_kind":"plain"},"max_items":1},"secret":{"nesting_mode":"list","block":{"attributes":{"default_permissions":{"type":"string","description":"The default permissions to be applied when they are not set at the item level","description_kind":"plain","optional":true},"name":{"type":"string","description":"The name of the K8s object","description_kind":"plain","required":true}},"block_types":{"items":{"nesting_mode":"list","block":{"attributes":{"dynamic":{"type":"bool","description":"If ture, the file is ignored when determining whether the node should be drained before updating the node plan (default: true).","description_kind":"plain","optional":true},"hash":{"type":"string","description":"The base64 encoded value of the SHA256 checksum of the file's content","description_kind":"plain","optional":true},"key":{"type":"string","description":"The key of the item(file) to retrieve","description_kind":"plain","required":true},"path":{"type":"string","description":"The path to put the file in the target node","description_kind":"plain","required":true},"permissions":{"type":"string","description":"The numeric representation of the file permissions","description_kind":"plain","optional":true}},"description":"Items(files) to retrieve from the K8s object","description_kind":"plain"}}},"description":"The secret which is the source of files","description_kind":"plain"},"max_items":1}},"description":"File sources","description_kind":"plain"}},"machine_label_selector":{"nesting_mode":"list","block":{"attributes":{"match_labels":{"type":["map","string"],"description":"Label selector match labels","description_kind":"plain","optional":true}},"block_types":{"match_expressions":{"nesting_mode":"list","block":{"attributes":{"key":{"type":"string","description":"Label selector requirement key","description_kind":"plain","optional":true},"operator":{"type":"string","description":"Label selector operator","description_kind":"plain","optional":true},"values":{"type":["list","string"],"description":"Label selector requirement values","description_kind":"plain","optional":true}},"description":"Label selector match expressions","description_kind":"plain"}}},"description":"Machine label selector","description_kind":"plain"},"max_items":1}},"description":"Cluster V2 machine selector files","description_kind":"plain"}},"registries":{"nesting_mode":"list","block":{"block_types":{"configs":{"nesting_mode":"list","block":{"attributes":{"auth_config_secret_name":{"type":"string","description":"Registry auth config secret name","description_kind":"plain","optional":true},"ca_bundle":{"type":"string","description":"Registry CA bundle","description_kind":"plain","optional":true},"hostname":{"type":"string","description":"Registry hostname","description_kind":"plain","required":true},"insecure":{"type":"bool","description":"Registry insecure connectivity","description_kind":"plain","optional":true},"tls_secret_name":{"type":"string","description":"Registry TLS secret name. TLS is a pair of Cert/Key","description_kind":"plain","optional":true}},"description":"Registry config","description_kind":"plain"}},"mirrors":{"nesting_mode":"list","block":{"attributes":{"endpoints":{"type":["list","string"],"description":"Registry mirror endpoints","description_kind":"plain","optional":true},"hostname":{"type":"string","description":"Registry hostname","description_kind":"plain","required":true},"rewrites":{"type":["map","string"],"description":"Registry mirror rewrites","description_kind":"plain","optional":true}},"description":"Registry mirrors","description_kind":"plain"}}},"description":"Cluster V2 registries","description_kind":"plain"},"max_items":1},"rotate_certificates":{"nesting_mode":"list","block":{"attributes":{"generation":{"type":"number","description":"Desired certificate rotation generation.","description_kind":"plain","required":true},"services":{"type":["list","string"],"description":"Service certificates to rotate with this generation.","description_kind":"plain","optional":true}},"description":"Cluster V2 certificate rotation","description_kind":"plain"},"max_items":1},"upgrade_strategy":{"nesting_mode":"list","block":{"attributes":{"control_plane_concurrency":{"type":"string","description":"How many controlplane nodes should be upgrade at time, 0 is infinite. Percentages are also accepted","description_kind":"plain","optional":true},"worker_concurrency":{"type":"string","description":"How many worker nodes should be upgrade at time","description_kind":"plain","optional":true}},"block_types":{"control_plane_drain_options":{"nesting_mode":"list","block":{"attributes":{"delete_empty_dir_data":{"type":"bool","description":"Drain options delete empty dir data","description_kind":"plain","optional":true},"disable_eviction":{"type":"bool","description":"Drain options disable eviction","description_kind":"plain","optional":true},"enabled":{"type":"bool","description":"Drain options enabled?","description_kind":"plain","optional":true},"force":{"type":"bool","description":"Drain options force","description_kind":"plain","optional":true},"grace_period":{"type":"number","description":"Drain options grace period","description_kind":"plain","optional":true,"computed":true},"ignore_daemon_sets":{"type":"bool","description":"Drain options ignore daemon sets","description_kind":"plain","optional":true},"ignore_errors":{"type":"bool","description":"Drain options ignore errors","description_kind":"plain","optional":true},"skip_wait_for_delete_timeout_seconds":{"type":"number","description":"Drain options skip wait for delete timeout seconds","description_kind":"plain","optional":true,"computed":true},"timeout":{"type":"number","description":"Drain options timeout","description_kind":"plain","optional":true,"computed":true}},"description":"Controlplane nodes drain options","description_kind":"plain"},"max_items":1},"worker_drain_options":{"nesting_mode":"list","block":{"attributes":{"delete_empty_dir_data":{"type":"bool","description":"Drain options delete empty dir data","description_kind":"plain","optional":true},"disable_eviction":{"type":"bool","description":"Drain options disable eviction","description_kind":"plain","optional":true},"enabled":{"type":"bool","description":"Drain options enabled?","description_kind":"plain","optional":true},"force":{"type":"bool","description":"Drain options force","description_kind":"plain","optional":true},"grace_period":{"type":"number","description":"Drain options grace period","description_kind":"plain","optional":true,"computed":true},"ignore_daemon_sets":{"type":"bool","description":"Drain options ignore daemon sets","description_kind":"plain","optional":true},"ignore_errors":{"type":"bool","description":"Drain options ignore errors","description_kind":"plain","optional":true},"skip_wait_for_delete_timeout_seconds":{"type":"number","description":"Drain options skip wait for delete timeout seconds","description_kind":"plain","optional":true,"computed":true},"timeout":{"type":"number","description":"Drain options timeout","description_kind":"plain","optional":true,"computed":true}},"description":"Worker nodes drain options","description_kind":"plain"},"max_items":1}},"description":"Cluster V2 upgrade strategy","description_kind":"plain"},"max_items":1}},"description":"Cluster V2 rke config","description_kind":"plain"},"max_items":1},"timeouts":{"nesting_mode":"single","block":{"attributes":{"create":{"type":"string","description_kind":"plain","optional":true},"delete":{"type":"string","description_kind":"plain","optional":true},"update":{"type":"string","description_kind":"plain","optional":true}},"description_kind":"plain"}}},"description_kind":"plain"}},"rancher2_config_map_v2":{"version":0,"block":{"attributes":{"annotations":{"type":["map","string"],"description":"Annotations of the resource","description_kind":"plain","optional":true,"computed":true},"cluster_id":{"type":"string","description":"K8s cluster ID","description_kind":"plain","required":true},"data":{"type":["map","string"],"description":"ConfigMap V2 data map","description_kind":"plain","required":true},"id":{"type":"string","description_kind":"plain","optional":true,"computed":true},"immutable":{"type":"bool","description":"If set to true, ensures that data stored in the ConfigMap cannot be updated","description_kind":"plain","optional":true},"labels":{"type":["map","string"],"description":"Labels of the resource","description_kind":"plain","optional":true,"computed":true},"name":{"type":"string","description":"ConfigMap V2 name","description_kind":"plain","required":true},"namespace":{"type":"string","description":"ConfigMap V2 namespace","description_kind":"plain","optional":true},"resource_version":{"type":"string","description_kind":"plain","computed":true}},"block_types":{"timeouts":{"nesting_mode":"single","block":{"attributes":{"create":{"type":"string","description_kind":"plain","optional":true},"delete":{"type":"string","description_kind":"plain","optional":true},"update":{"type":"string","description_kind":"plain","optional":true}},"description_kind":"plain"}}},"description_kind":"plain"}},"rancher2_custom_user_token":{"version":0,"block":{"attributes":{"access_key":{"type":"string","description":"Token access key","description_kind":"plain","computed":true},"annotations":{"type":["map","string"],"description":"Annotations of the resource","description_kind":"plain","optional":true,"computed":true},"cluster_id":{"type":"string","description":"Cluster ID for scoped token","description_kind":"plain","optional":true},"description":{"type":"string","description":"Token description","description_kind":"plain","optional":true},"enabled":{"type":"bool","description":"Token enabled","description_kind":"plain","computed":true},"expired":{"type":"bool","description":"Token expired","description_kind":"plain","computed":true},"id":{"type":"string","description_kind":"plain","optional":true,"computed":true},"labels":{"type":["map","string"],"description":"Labels of the resource","description_kind":"plain","optional":true,"computed":true},"name":{"type":"string","description":"Token name","description_kind":"plain","computed":true},"password":{"type":"string","description":"The user password","description_kind":"plain","required":true,"sensitive":true},"renew":{"type":"bool","description":"Renew expired or disabled token","description_kind":"plain","optional":true},"secret_key":{"type":"string","description":"Token secret key","description_kind":"plain","computed":true,"sensitive":true},"temp_token":{"type":"string","description":"Generated API temporary token as helper. Should be empty","description_kind":"plain","computed":true,"sensitive":true},"temp_token_id":{"type":"string","description":"Generated API temporary token id as helper. Should be empty","description_kind":"plain","computed":true},"token":{"type":"string","description":"Token value","description_kind":"plain","computed":true,"sensitive":true},"ttl":{"type":"number","description":"Token time to live in seconds","description_kind":"plain","optional":true},"user_id":{"type":"string","description":"Token user ID","description_kind":"plain","computed":true},"username":{"type":"string","description":"The user username","description_kind":"plain","required":true}},"block_types":{"timeouts":{"nesting_mode":"single","block":{"attributes":{"create":{"type":"string","description_kind":"plain","optional":true},"delete":{"type":"string","description_kind":"plain","optional":true},"update":{"type":"string","description_kind":"plain","optional":true}},"description_kind":"plain"}}},"description_kind":"plain"}},"rancher2_etcd_backup":{"version":0,"block":{"attributes":{"annotations":{"type":["map","string"],"description":"Annotations of the resource","description_kind":"plain","optional":true,"computed":true},"cluster_id":{"type":"string","description_kind":"plain","required":true},"filename":{"type":"string","description_kind":"plain","optional":true,"computed":true},"id":{"type":"string","description_kind":"plain","optional":true,"computed":true},"labels":{"type":["map","string"],"description":"Labels of the resource","description_kind":"plain","optional":true,"computed":true},"manual":{"type":"bool","description_kind":"plain","optional":true},"name":{"type":"string","description_kind":"plain","optional":true,"computed":true},"namespace_id":{"type":"string","description_kind":"plain","optional":true,"computed":true}},"block_types":{"backup_config":{"nesting_mode":"list","block":{"attributes":{"enabled":{"type":"bool","description_kind":"plain","optional":true},"interval_hours":{"type":"number","description_kind":"plain","optional":true},"retention":{"type":"number","description_kind":"plain","optional":true},"safe_timestamp":{"type":"bool","description_kind":"plain","optional":true},"timeout":{"type":"number","description_kind":"plain","optional":true,"computed":true}},"block_types":{"s3_backup_config":{"nesting_mode":"list","block":{"attributes":{"access_key":{"type":"string","description_kind":"plain","optional":true,"sensitive":true},"bucket_name":{"type":"string","description_kind":"plain","required":true},"custom_ca":{"type":"string","description_kind":"plain","optional":true},"endpoint":{"type":"string","description_kind":"plain","required":true},"folder":{"type":"string","description_kind":"plain","optional":true},"region":{"type":"string","description_kind":"plain","optional":true},"secret_key":{"type":"string","description_kind":"plain","optional":true,"sensitive":true}},"description_kind":"plain"},"max_items":1}},"description_kind":"plain"},"max_items":1},"timeouts":{"nesting_mode":"single","block":{"attributes":{"create":{"type":"string","description_kind":"plain","optional":true},"delete":{"type":"string","description_kind":"plain","optional":true},"update":{"type":"string","description_kind":"plain","optional":true}},"description_kind":"plain"}}},"description_kind":"plain"}},"rancher2_feature":{"version":0,"block":{"attributes":{"annotations":{"type":["map","string"],"description":"Annotations of the resource","description_kind":"plain","optional":true,"computed":true},"id":{"type":"string","description_kind":"plain","optional":true,"computed":true},"labels":{"type":["map","string"],"description":"Labels of the resource","description_kind":"plain","optional":true,"computed":true},"name":{"type":"string","description_kind":"plain","required":true},"value":{"type":"bool","description_kind":"plain","optional":true}},"description_kind":"plain"}},"rancher2_global_role":{"version":0,"block":{"attributes":{"annotations":{"type":["map","string"],"description":"Annotations of the resource","description_kind":"plain","optional":true,"computed":true},"builtin":{"type":"bool","description":"Builtin global role","description_kind":"plain","computed":true},"description":{"type":"string","description":"Global role policy description","description_kind":"plain","optional":true,"computed":true},"id":{"type":"string","description_kind":"plain","optional":true,"computed":true},"inherited_cluster_roles":{"type":["list","string"],"description":"Names of role templates whose permissions are granted by this global role in every cluster besides the local cluster","description_kind":"plain","optional":true},"labels":{"type":["map","string"],"description":"Labels of the resource","description_kind":"plain","optional":true,"computed":true},"name":{"type":"string","description":"Global role policy name","description_kind":"plain","required":true},"new_user_default":{"type":"bool","description":"Whether or not this role should be added to new users","description_kind":"plain","optional":true},"uuid":{"type":"string","description":"Global role uuid","description_kind":"plain","computed":true}},"block_types":{"rules":{"nesting_mode":"list","block":{"attributes":{"api_groups":{"type":["list","string"],"description":"Policy rule api groups","description_kind":"plain","optional":true},"non_resource_urls":{"type":["list","string"],"description":"Policy rule non resource urls","description_kind":"plain","optional":true},"resource_names":{"type":["list","string"],"description":"Policy rule resource names","description_kind":"plain","optional":true},"resources":{"type":["list","string"],"description":"Policy rule resources","description_kind":"plain","optional":true},"verbs":{"type":["list","string"],"description":"Policy rule verbs","description_kind":"plain","optional":true}},"description":"Global role policy rules","description_kind":"plain"}},"timeouts":{"nesting_mode":"single","block":{"attributes":{"create":{"type":"string","description_kind":"plain","optional":true},"delete":{"type":"string","description_kind":"plain","optional":true},"update":{"type":"string","description_kind":"plain","optional":true}},"description_kind":"plain"}}},"description_kind":"plain"}},"rancher2_global_role_binding":{"version":0,"block":{"attributes":{"annotations":{"type":["map","string"],"description":"Annotations of the resource","description_kind":"plain","optional":true,"computed":true},"global_role_id":{"type":"string","description_kind":"plain","required":true},"group_principal_id":{"type":"string","description_kind":"plain","optional":true,"computed":true},"id":{"type":"string","description_kind":"plain","optional":true,"computed":true},"labels":{"type":["map","string"],"description":"Labels of the resource","description_kind":"plain","optional":true,"computed":true},"name":{"type":"string","description_kind":"plain","optional":true,"computed":true},"user_id":{"type":"string","description_kind":"plain","optional":true,"computed":true}},"block_types":{"timeouts":{"nesting_mode":"single","block":{"attributes":{"create":{"type":"string","description_kind":"plain","optional":true},"delete":{"type":"string","description_kind":"plain","optional":true},"update":{"type":"string","description_kind":"plain","optional":true}},"description_kind":"plain"}}},"description_kind":"plain"}},"rancher2_machine_config_v2":{"version":0,"block":{"attributes":{"annotations":{"type":["map","string"],"description":"Annotations of the resource","description_kind":"plain","optional":true,"computed":true},"fleet_namespace":{"type":"string","description_kind":"plain","optional":true},"generate_name":{"type":"string","description":"Cluster V2 generate name. The pattern to generate machine config name. e.g  generate_name=\"prod-pool1\" will generate \"nc-prod-pool1-?????\" names","description_kind":"plain","required":true},"id":{"type":"string","description_kind":"plain","optional":true,"computed":true},"kind":{"type":"string","description_kind":"plain","computed":true},"labels":{"type":["map","string"],"description":"Labels of the resource","description_kind":"plain","optional":true,"computed":true},"name":{"type":"string","description_kind":"plain","computed":true},"resource_version":{"type":"string","description_kind":"plain","computed":true}},"block_types":{"amazonec2_config":{"nesting_mode":"list","block":{"attributes":{"access_key":{"type":"string","description":"AWS Access Key","description_kind":"plain","optional":true,"sensitive":true},"ami":{"type":"string","description":"AWS machine image","description_kind":"plain","required":true},"block_duration_minutes":{"type":"string","description":"AWS spot instance duration in minutes (60, 120, 180, 240, 300, or 360)","description_kind":"plain","optional":true},"device_name":{"type":"string","description":"AWS root device name","description_kind":"plain","optional":true},"encrypt_ebs_volume":{"type":"bool","description":"Encrypt EBS volume","description_kind":"plain","optional":true},"endpoint":{"type":"string","description":"Optional endpoint URL (hostname only or fully qualified URI)","description_kind":"plain","optional":true},"http_endpoint":{"type":"string","description":"Enables or disables the HTTP metadata endpoint on your instances","description_kind":"plain","optional":true},"http_tokens":{"type":"string","description":"The state of token usage for your instance metadata requests","description_kind":"plain","optional":true},"iam_instance_profile":{"type":"string","description":"AWS IAM Instance Profile","description_kind":"plain","optional":true},"insecure_transport":{"type":"bool","description":"Disable SSL when sending requests","description_kind":"plain","optional":true},"instance_type":{"type":"string","description":"AWS instance type","description_kind":"plain","optional":true},"kms_key":{"type":"string","description":"Custom KMS key ID using the AWS Managed CMK","description_kind":"plain","optional":true},"monitoring":{"type":"bool","description":"Set this flag to enable CloudWatch monitoring","description_kind":"plain","optional":true},"open_port":{"type":["list","string"],"description":"Make the specified port number accessible from the Internet","description_kind":"plain","optional":true},"private_address_only":{"type":"bool","description":"Only use a private IP address","description_kind":"plain","optional":true},"region":{"type":"string","description":"AWS Region","description_kind":"plain","required":true},"request_spot_instance":{"type":"bool","description":"Set this flag to request spot instance","description_kind":"plain","optional":true},"retries":{"type":"string","description":"Set retry count for recoverable failures (use -1 to disable)","description_kind":"plain","optional":true},"root_size":{"type":"string","description":"AWS root disk size (in GB)","description_kind":"plain","optional":true},"secret_key":{"type":"string","description":"AWS Secret Key","description_kind":"plain","optional":true,"sensitive":true},"security_group":{"type":["list","string"],"description":"AWS VPC security group","description_kind":"plain","required":true},"security_group_readonly":{"type":"bool","description":"Skip adding default rules to security groups","description_kind":"plain","optional":true},"session_token":{"type":"string","description":"AWS Session Token","description_kind":"plain","optional":true,"sensitive":true},"spot_price":{"type":"string","description":"AWS spot instance bid price (in dollar)","description_kind":"plain","optional":true},"ssh_key_contents":{"type":"string","description":"SSH Key file contents for sshKeyContents","description_kind":"plain","optional":true,"sensitive":true},"ssh_user":{"type":"string","description":"Set the name of the ssh user","description_kind":"plain","optional":true},"subnet_id":{"type":"string","description":"AWS VPC subnet id","description_kind":"plain","required":true},"tags":{"type":"string","description":"AWS Tags (e.g. key1,value1,key2,value2)","description_kind":"plain","optional":true},"use_ebs_optimized_instance":{"type":"bool","description":"Create an EBS optimized instance","description_kind":"plain","optional":true},"use_private_address":{"type":"bool","description":"Force the usage of private IP address","description_kind":"plain","optional":true},"userdata":{"type":"string","description":"Path to file with cloud-init user data","description_kind":"plain","optional":true},"volume_type":{"type":"string","description":"Amazon EBS volume type","description_kind":"plain","optional":true},"vpc_id":{"type":"string","description":"AWS VPC id","description_kind":"plain","required":true},"zone":{"type":"string","description":"AWS zone for instance (i.e. a,b,c,d,e)","description_kind":"plain","required":true}},"description_kind":"plain"},"max_items":1},"azure_config":{"nesting_mode":"list","block":{"attributes":{"accelerated_networking":{"type":"bool","description":"Use Accelerated Networking when creating a network interface for the Azure VM","description_kind":"plain","optional":true},"availability_set":{"type":"string","description":"Azure Availability Set to place the virtual machine into","description_kind":"plain","optional":true},"availability_zone":{"type":"string","description":"The Availability Zone that the Azure VM should be created in","description_kind":"plain","optional":true},"client_id":{"type":"string","description":"Azure Service Principal Account ID (optional, browser auth is used if not specified)","description_kind":"plain","optional":true,"sensitive":true},"client_secret":{"type":"string","description":"Azure Service Principal Account password (optional, browser auth is used if not specified)","description_kind":"plain","optional":true,"sensitive":true},"custom_data":{"type":"string","description":"Path to file with custom-data","description_kind":"plain","optional":true},"disk_size":{"type":"string","description":"Disk size if using managed disk","description_kind":"plain","optional":true},"dns":{"type":"string","description":"A unique DNS label for the public IP adddress","description_kind":"plain","optional":true},"docker_port":{"type":"string","description":"Port number for Docker engine","description_kind":"plain","optional":true},"environment":{"type":"string","description":"Azure environment (e.g. AzurePublicCloud, AzureChinaCloud)","description_kind":"plain","optional":true},"fault_domain_count":{"type":"string","description":"Fault domain count to use for availability set","description_kind":"plain","optional":true},"image":{"type":"string","description":"Azure virtual machine OS image","description_kind":"plain","optional":true},"location":{"type":"string","description":"Azure region to create the virtual machine","description_kind":"plain","optional":true},"managed_disks":{"type":"bool","description":"Configures VM and availability set for managed disks","description_kind":"plain","optional":true},"no_public_ip":{"type":"bool","description":"Do not create a public IP address for the machine","description_kind":"plain","optional":true},"nsg":{"type":"string","description":"Azure Network Security Group to assign this node to (accepts either a name or resource ID, default is to create a new NSG for each machine)","description_kind":"plain","optional":true},"open_port":{"type":["list","string"],"description":"Make the specified port number accessible from the Internet","description_kind":"plain","optional":true},"private_address_only":{"type":"bool","description":"Only use a private IP address","description_kind":"plain","optional":true},"private_ip_address":{"type":"string","description":"Specify a static private IP address for the machine","description_kind":"plain","optional":true},"resource_group":{"type":"string","description":"Azure Resource Group name (will be created if missing)","description_kind":"plain","optional":true},"size":{"type":"string","description":"Size for Azure Virtual Machine","description_kind":"plain","optional":true},"ssh_user":{"type":"string","description":"Username for SSH login","description_kind":"plain","optional":true},"static_public_ip":{"type":"bool","description":"Assign a static public IP address to the machine","description_kind":"plain","optional":true},"storage_type":{"type":"string","description":"Type of Storage Account to host the OS Disk for the machine","description_kind":"plain","optional":true},"subnet":{"type":"string","description":"Azure Subnet Name to be used within the Virtual Network","description_kind":"plain","optional":true},"subnet_prefix":{"type":"string","description":"Private CIDR block to be used for the new subnet, should comply RFC 1918","description_kind":"plain","optional":true},"subscription_id":{"type":"string","description":"Azure Subscription ID","description_kind":"plain","optional":true,"sensitive":true},"tags":{"type":"string","description":"Tags to be applied to the Azure VM instance (e.g. key1,value1,key2,value2)","description_kind":"plain","optional":true},"tenant_id":{"type":"string","description":"Azure Tenant ID","description_kind":"plain","optional":true,"sensitive":true},"update_domain_count":{"type":"string","description":"Update domain count to use for availability set","description_kind":"plain","optional":true},"use_private_ip":{"type":"bool","description":"Use private IP address of the machine to connect","description_kind":"plain","optional":true},"use_public_ip_standard_sku":{"type":"bool","description":"Use the standard SKU when creating a Public IP for the Azure VM instance","description_kind":"plain","optional":true},"vnet":{"type":"string","description":"Azure Virtual Network name to connect the virtual machine (in [resourcegroup:]name format)","description_kind":"plain","optional":true}},"description_kind":"plain"},"max_items":1},"digitalocean_config":{"nesting_mode":"list","block":{"attributes":{"access_token":{"type":"string","description":"Digital Ocean access token","description_kind":"plain","optional":true,"sensitive":true},"backups":{"type":"bool","description":"Enable backups for droplet","description_kind":"plain","optional":true},"image":{"type":"string","description":"Digital Ocean Image","description_kind":"plain","optional":true},"ipv6":{"type":"bool","description":"Enable ipv6 for droplet","description_kind":"plain","optional":true},"monitoring":{"type":"bool","description":"Enable monitoring for droplet","description_kind":"plain","optional":true},"private_networking":{"type":"bool","description":"Enable private networking for droplet","description_kind":"plain","optional":true},"region":{"type":"string","description":"Digital Ocean region","description_kind":"plain","optional":true},"size":{"type":"string","description":"Digital Ocean size","description_kind":"plain","optional":true},"ssh_key_contents":{"type":"string","description":"SSH private key contents","description_kind":"plain","optional":true,"sensitive":true},"ssh_key_fingerprint":{"type":"string","description":"SSH key fingerprint","description_kind":"plain","optional":true,"sensitive":true},"ssh_port":{"type":"string","description":"SSH port","description_kind":"plain","optional":true},"ssh_user":{"type":"string","description":"SSH username","description_kind":"plain","optional":true},"tags":{"type":"string","description":"Comma-separated list of tags to apply to the Droplet","description_kind":"plain","optional":true},"userdata":{"type":"string","description":"Path to file with cloud-init user-data","description_kind":"plain","optional":true}},"description_kind":"plain"},"max_items":1},"google_config":{"nesting_mode":"list","block":{"attributes":{"address":{"type":"string","description":"GCE Instance External IP","description_kind":"plain","optional":true},"auth_encoded_json":{"type":"string","description":"GCE service account auth json file path","description_kind":"plain","optional":true,"sensitive":true},"disk_size":{"type":"string","description":"GCE Instance Disk Size (in GB)","description_kind":"plain","required":true},"disk_type":{"type":"string","description":"GCE Instance Disk Type","description_kind":"plain","required":true},"external_firewall_rule_prefix":{"type":"string","description":"A prefix to be added to firewall rules created when exposing ports publicly. Required if exposing ports publicly.","description_kind":"plain","optional":true},"internal_firewall_rule_prefix":{"type":"string","description":"A prefix to be added to an internal firewall rule created to ensure virtual machines can communicate with one another.","description_kind":"plain","optional":true},"machine_image":{"type":"string","description":"GCE instance image absolute URL","description_kind":"plain","required":true},"machine_type":{"type":"string","description":"GCE instance type","description_kind":"plain","required":true},"network":{"type":"string","description":"The network to provision virtual machines within","description_kind":"plain","required":true},"open_port":{"type":["list","string"],"description":"A list of ports to be opened publicly. 'external_firewall_rule_prefix' must also be set","description_kind":"plain","optional":true},"preemptable":{"type":"bool","description":"Indicates if the virtual machine can be preempted","description_kind":"plain","optional":true},"project":{"type":"string","description":"The GCP project to create virtual machines within","description_kind":"plain","required":true},"scopes":{"type":"string","description":"Access scopes to be set on the virtual machine","description_kind":"plain","optional":true},"sub_network":{"type":"string","description":"The subnetwork to provision virtual machines within","description_kind":"plain","optional":true},"tags":{"type":"string","description":"A set of network tags to be added to each VM, in the format of 'tag1,tag2'","description_kind":"plain","optional":true},"use_existing":{"type":"bool","description":"Indicates if an existing VM should be used. This is not currently support in Rancher.","description_kind":"plain","optional":true},"use_internal_ip":{"type":"bool","description":"Indicates if the virtual machines should use an internal IP","description_kind":"plain","optional":true},"use_internal_ip_only":{"type":"bool","description":"Indicates if the virtual machines should use an internal IP only and not be assigned a public IP","description_kind":"plain","optional":true},"user_data":{"type":"string","description":"GCE user-data file path","description_kind":"plain","optional":true},"username":{"type":"string","description":"The username to be set when logging into the virtual machines","description_kind":"plain","optional":true},"vm_labels":{"type":"string","description":"A set of labels to be added to each VM, in the format of 'key1,value1,key2,value2'","description_kind":"plain","optional":true},"zone":{"type":"string","description":"The region and zone to create virtual machines within (e.g. us-east1-b)","description_kind":"plain","required":true}},"description_kind":"plain"},"max_items":1},"harvester_config":{"nesting_mode":"list","block":{"attributes":{"cpu_count":{"type":"string","description":"CPU count","description_kind":"plain","optional":true},"disk_bus":{"type":"string","description":"Disk bus","description_kind":"plain","deprecated":true,"optional":true},"disk_info":{"type":"string","description":"A JSON string specifying info for the disks e.g. `{\"disks\":[{\"imageName\":\"harvester-public/image-57hzg\",\"bootOrder\":1,\"size\":40},{\"storageClassName\":\"node-driver-test\",\"bootOrder\":2,\"size\":1}]}`","description_kind":"plain","optional":true},"disk_size":{"type":"string","description":"Disk size (in GiB)","description_kind":"plain","deprecated":true,"optional":true},"image_name":{"type":"string","description":"Image name","description_kind":"plain","deprecated":true,"optional":true},"memory_size":{"type":"string","description":"Memory size (in GiB)","description_kind":"plain","optional":true},"network_data":{"type":"string","description":"NetworkData content of cloud-init, base64 is supported","description_kind":"plain","optional":true},"network_info":{"type":"string","description":"A JSON string specifying info for the networks e.g. `{\"interfaces\":[{\"networkName\":\"harvester-public/vlan1\"},{\"networkName\":\"harvester-public/vlan2\"}]}`","description_kind":"plain","optional":true},"network_model":{"type":"string","description":"Network model","description_kind":"plain","deprecated":true,"optional":true},"network_name":{"type":"string","description":"Network name","description_kind":"plain","deprecated":true,"optional":true},"reserved_memory_size":{"type":"string","description":"Reserved memory size (in MiB)","description_kind":"plain","optional":true},"ssh_password":{"type":"string","description":"SSH password","description_kind":"plain","optional":true,"sensitive":true},"ssh_user":{"type":"string","description":"SSH username","description_kind":"plain","required":true},"user_data":{"type":"string","description":"UserData content of cloud-init, base64 is supported. If the image does not contain the qemu-guest-agent package, you must install and start qemu-guest-agent using userdata","description_kind":"plain","optional":true},"vm_affinity":{"type":"string","description":"VM affinity, base64 is supported","description_kind":"plain","optional":true},"vm_namespace":{"type":"string","description":"Virtual machine namespace","description_kind":"plain","required":true}},"description_kind":"plain"},"max_items":1},"linode_config":{"nesting_mode":"list","block":{"attributes":{"authorized_users":{"type":"string","description":"Linode user accounts (seperated by commas) whose Linode SSH keys will be permitted root access to the created node","description_kind":"plain","optional":true},"create_private_ip":{"type":"bool","description":"Create private IP for the instance","description_kind":"plain","optional":true},"docker_port":{"type":"string","description":"Docker Port","description_kind":"plain","optional":true},"image":{"type":"string","description":"Specifies the Linode Instance image which determines the OS distribution and base files","description_kind":"plain","optional":true},"instance_type":{"type":"string","description":"Specifies the Linode Instance type which determines CPU, memory, disk size, etc.","description_kind":"plain","optional":true},"label":{"type":"string","description":"Linode Instance Label","description_kind":"plain","optional":true},"region":{"type":"string","description":"Specifies the region (location) of the Linode instance","description_kind":"plain","optional":true},"root_pass":{"type":"string","description":"Root Password","description_kind":"plain","optional":true,"sensitive":true},"ssh_port":{"type":"string","description":"Linode Instance SSH Port","description_kind":"plain","optional":true},"ssh_user":{"type":"string","description":"Specifies the user as which docker-machine should log in to the Linode instance to install Docker.","description_kind":"plain","optional":true},"stackscript":{"type":"string","description":"Specifies the Linode StackScript to use to create the instance","description_kind":"plain","optional":true},"stackscript_data":{"type":"string","description":"A JSON string specifying data for the selected StackScript","description_kind":"plain","optional":true},"swap_size":{"type":"string","description":"Linode Instance Swap Size (MB)","description_kind":"plain","optional":true},"tags":{"type":"string","description":"A comma separated list of tags to apply to the the Linode resource","description_kind":"plain","optional":true},"token":{"type":"string","description":"Linode API Token","description_kind":"plain","optional":true,"sensitive":true},"ua_prefix":{"type":"string","description":"Prefix the User-Agent in Linode API calls with some 'product/version'","description_kind":"plain","optional":true}},"description_kind":"plain"},"max_items":1},"openstack_config":{"nesting_mode":"list","block":{"attributes":{"active_timeout":{"type":"string","description_kind":"plain","optional":true},"application_credential_id":{"type":"string","description_kind":"plain","optional":true},"application_credential_name":{"type":"string","description_kind":"plain","optional":true},"application_credential_secret":{"type":"string","description_kind":"plain","optional":true,"sensitive":true},"auth_url":{"type":"string","description_kind":"plain","required":true},"availability_zone":{"type":"string","description_kind":"plain","required":true},"boot_from_volume":{"type":"bool","description_kind":"plain","optional":true},"cacert":{"type":"string","description_kind":"plain","optional":true},"config_drive":{"type":"bool","description_kind":"plain","optional":true},"domain_id":{"type":"string","description_kind":"plain","optional":true},"domain_name":{"type":"string","description_kind":"plain","optional":true},"endpoint_type":{"type":"string","description_kind":"plain","optional":true},"flavor_id":{"type":"string","description_kind":"plain","optional":true},"flavor_name":{"type":"string","description_kind":"plain","optional":true},"floating_ip_pool":{"type":"string","description_kind":"plain","optional":true},"image_id":{"type":"string","description_kind":"plain","optional":true},"image_name":{"type":"string","description_kind":"plain","optional":true},"insecure":{"type":"bool","description_kind":"plain","optional":true},"ip_version":{"type":"string","description_kind":"plain","optional":true},"keypair_name":{"type":"string","description_kind":"plain","optional":true},"net_id":{"type":"string","description_kind":"plain","optional":true},"net_name":{"type":"string","description_kind":"plain","optional":true},"nova_network":{"type":"bool","description_kind":"plain","optional":true},"password":{"type":"string","description_kind":"plain","optional":true,"sensitive":true},"private_key_file":{"type":"string","description_kind":"plain","optional":true,"sensitive":true},"region":{"type":"string","description_kind":"plain","required":true},"sec_groups":{"type":"string","description_kind":"plain","optional":true},"ssh_port":{"type":"string","description_kind":"plain","optional":true},"ssh_user":{"type":"string","description_kind":"plain","optional":true},"tenant_domain_id":{"type":"string","description_kind":"plain","optional":true},"tenant_domain_name":{"type":"string","description_kind":"plain","optional":true},"tenant_id":{"type":"string","description_kind":"plain","optional":true},"tenant_name":{"type":"string","description_kind":"plain","optional":true},"user_data_file":{"type":"string","description_kind":"plain","optional":true},"user_domain_id":{"type":"string","description_kind":"plain","optional":true},"user_domain_name":{"type":"string","description_kind":"plain","optional":true},"username":{"type":"string","description_kind":"plain","optional":true},"volume_device_path":{"type":"string","description_kind":"plain","optional":true},"volume_id":{"type":"string","description_kind":"plain","optional":true},"volume_name":{"type":"string","description_kind":"plain","optional":true},"volume_size":{"type":"string","description_kind":"plain","optional":true},"volume_type":{"type":"string","description_kind":"plain","optional":true}},"description_kind":"plain"},"max_items":1},"timeouts":{"nesting_mode":"single","block":{"attributes":{"create":{"type":"string","description_kind":"plain","optional":true},"delete":{"type":"string","description_kind":"plain","optional":true},"update":{"type":"string","description_kind":"plain","optional":true}},"description_kind":"plain"}},"vsphere_config":{"nesting_mode":"list","block":{"attributes":{"boot2docker_url":{"type":"string","description":"vSphere URL for boot2docker image","description_kind":"plain","optional":true},"cfgparam":{"type":["list","string"],"description":"vSphere vm configuration parameters (used for guestinfo)","description_kind":"plain","optional":true},"clone_from":{"type":"string","description":"If you choose creation type clone a name of what you want to clone is required","description_kind":"plain","optional":true},"cloud_config":{"type":"string","description":"Filepath to a cloud-config yaml file to put into the ISO user-data","description_kind":"plain","optional":true},"cloudinit":{"type":"string","description":"vSphere cloud-init filepath or url to add to guestinfo","description_kind":"plain","optional":true},"content_library":{"type":"string","description":"If you choose to clone from a content library template specify the name of the library","description_kind":"plain","optional":true},"cpu_count":{"type":"string","description":"vSphere CPU number for docker VM","description_kind":"plain","optional":true},"creation_type":{"type":"string","description":"Creation type when creating a new virtual machine. Supported values: vm, template, library, legacy","description_kind":"plain","optional":true},"custom_attributes":{"type":["list","string"],"description":"vSphere custom attributes, format key/value e.g. '200=my custom value'","description_kind":"plain","optional":true},"datacenter":{"type":"string","description":"vSphere datacenter for virtual machine","description_kind":"plain","optional":true},"datastore":{"type":"string","description":"vSphere datastore for virtual machine","description_kind":"plain","optional":true},"datastore_cluster":{"type":"string","description":"vSphere datastore cluster for virtual machine","description_kind":"plain","optional":true},"disk_size":{"type":"string","description":"vSphere size of disk for docker VM (in MB)","description_kind":"plain","optional":true},"folder":{"type":"string","description":"vSphere folder for the docker VM. This folder must already exist in the datacenter","description_kind":"plain","optional":true},"graceful_shutdown_timeout":{"type":"string","description":"Duration in seconds before the graceful shutdown of the VM times out and the VM is destroyed. A force destroy will be performed when the value is zero","description_kind":"plain","optional":true},"hostsystem":{"type":"string","description":"vSphere compute resource where the docker VM will be instantiated. This can be omitted if using a cluster with DRS","description_kind":"plain","optional":true},"memory_size":{"type":"string","description":"vSphere size of memory for docker VM (in MB)","description_kind":"plain","optional":true},"network":{"type":["list","string"],"description":"vSphere network where the virtual machine will be attached","description_kind":"plain","optional":true},"os":{"type":"string","description":"Type of virtual machine OS in vSphere","description_kind":"plain","optional":true},"password":{"type":"string","description":"vSphere password","description_kind":"plain","optional":true,"sensitive":true},"pool":{"type":"string","description":"vSphere resource pool for docker VM","description_kind":"plain","optional":true},"ssh_password":{"type":"string","description":"If using a non-B2D image you can specify the ssh password","description_kind":"plain","optional":true,"sensitive":true},"ssh_port":{"type":"string","description":"If using a non-B2D image you can specify the ssh port","description_kind":"plain","optional":true},"ssh_user":{"type":"string","description":"If using a non-B2D image you can specify the ssh user","description_kind":"plain","optional":true},"ssh_user_group":{"type":"string","description":"If using a non-B2D image the uploaded keys will need chown'ed, defaults to staff e.g. docker:staff","description_kind":"plain","optional":true},"tags":{"type":["list","string"],"description":"vSphere tags id e.g. urn:xxx","description_kind":"plain","optional":true},"username":{"type":"string","description":"vSphere username","description_kind":"plain","optional":true},"vapp_ip_allocation_policy":{"type":"string","description":"vSphere vApp IP allocation policy. Supported values are: dhcp, fixed, transient and fixedAllocated","description_kind":"plain","optional":true},"vapp_ip_protocol":{"type":"string","description":"vSphere vApp IP protocol for this deployment. Supported values are: IPv4 and IPv6","description_kind":"plain","optional":true},"vapp_property":{"type":["list","string"],"description":"vSphere vApp properties","description_kind":"plain","optional":true},"vapp_transport":{"type":"string","description":"vSphere OVF environment transports to use for properties. Supported values are: iso and com.vmware.guestInfo","description_kind":"plain","optional":true},"vcenter":{"type":"string","description":"vSphere IP/hostname for vCenter","description_kind":"plain","optional":true},"vcenter_port":{"type":"string","description":"vSphere Port for vCenter","description_kind":"plain","optional":true}},"description_kind":"plain"},"max_items":1}},"description_kind":"plain"}},"rancher2_namespace":{"version":0,"block":{"attributes":{"annotations":{"type":["map","string"],"description":"Annotations of the resource","description_kind":"plain","optional":true,"computed":true},"description":{"type":"string","description":"Description of the k8s namespace managed by rancher v2","description_kind":"plain","optional":true},"id":{"type":"string","description_kind":"plain","optional":true,"computed":true},"labels":{"type":["map","string"],"description":"Labels of the resource","description_kind":"plain","optional":true,"computed":true},"name":{"type":"string","description":"Name of the k8s namespace managed by rancher v2","description_kind":"plain","required":true},"project_id":{"type":"string","description":"Project ID where k8s namespace belongs","description_kind":"plain","required":true},"wait_for_cluster":{"type":"bool","description":"Wait for cluster becomes active","description_kind":"plain","optional":true}},"block_types":{"container_resource_limit":{"nesting_mode":"list","block":{"attributes":{"limits_cpu":{"type":"string","description_kind":"plain","optional":true},"limits_memory":{"type":"string","description_kind":"plain","optional":true},"requests_cpu":{"type":"string","description_kind":"plain","optional":true},"requests_memory":{"type":"string","description_kind":"plain","optional":true}},"description_kind":"plain"},"max_items":1},"resource_quota":{"nesting_mode":"list","block":{"block_types":{"limit":{"nesting_mode":"list","block":{"attributes":{"config_maps":{"type":"string","description_kind":"plain","optional":true},"limits_cpu":{"type":"string","description_kind":"plain","optional":true},"limits_memory":{"type":"string","description_kind":"plain","optional":true},"persistent_volume_claims":{"type":"string","description_kind":"plain","optional":true},"pods":{"type":"string","description_kind":"plain","optional":true},"replication_controllers":{"type":"string","description_kind":"plain","optional":true},"requests_cpu":{"type":"string","description_kind":"plain","optional":true},"requests_memory":{"type":"string","description_kind":"plain","optional":true},"requests_storage":{"type":"string","description_kind":"plain","optional":true},"secrets":{"type":"string","description_kind":"plain","optional":true},"services":{"type":"string","description_kind":"plain","optional":true},"services_load_balancers":{"type":"string","description_kind":"plain","optional":true},"services_node_ports":{"type":"string","description_kind":"plain","optional":true}},"description_kind":"plain"},"min_items":1,"max_items":1}},"description_kind":"plain"},"max_items":1},"timeouts":{"nesting_mode":"single","block":{"attributes":{"create":{"type":"string","description_kind":"plain","optional":true},"delete":{"type":"string","description_kind":"plain","optional":true},"update":{"type":"string","description_kind":"plain","optional":true}},"description_kind":"plain"}}},"description_kind":"plain"}},"rancher2_node_driver":{"version":0,"block":{"attributes":{"active":{"type":"bool","description_kind":"plain","required":true},"annotations":{"type":["map","string"],"description":"Annotations of the resource","description_kind":"plain","optional":true,"computed":true},"builtin":{"type":"bool","description_kind":"plain","required":true},"checksum":{"type":"string","description_kind":"plain","optional":true},"description":{"type":"string","description_kind":"plain","optional":true},"external_id":{"type":"string","description_kind":"plain","optional":true},"id":{"type":"string","description_kind":"plain","optional":true,"computed":true},"labels":{"type":["map","string"],"description":"Labels of the resource","description_kind":"plain","optional":true,"computed":true},"name":{"type":"string","description_kind":"plain","required":true},"ui_url":{"type":"string","description_kind":"plain","optional":true},"url":{"type":"string","description_kind":"plain","required":true},"whitelist_domains":{"type":["list","string"],"description_kind":"plain","optional":true}},"block_types":{"timeouts":{"nesting_mode":"single","block":{"attributes":{"create":{"type":"string","description_kind":"plain","optional":true},"delete":{"type":"string","description_kind":"plain","optional":true},"update":{"type":"string","description_kind":"plain","optional":true}},"description_kind":"plain"}}},"description_kind":"plain"}},"rancher2_node_pool":{"version":0,"block":{"attributes":{"annotations":{"type":["map","string"],"description":"Annotations of the resource","description_kind":"plain","optional":true,"computed":true},"cluster_id":{"type":"string","description_kind":"plain","required":true},"control_plane":{"type":"bool","description_kind":"plain","optional":true},"delete_not_ready_after_secs":{"type":"number","description_kind":"plain","optional":true},"drain_before_delete":{"type":"bool","description_kind":"plain","optional":true},"etcd":{"type":"bool","description_kind":"plain","optional":true},"hostname_prefix":{"type":"string","description_kind":"plain","required":true},"id":{"type":"string","description_kind":"plain","optional":true,"computed":true},"labels":{"type":["map","string"],"description":"Labels of the resource","description_kind":"plain","optional":true,"computed":true},"name":{"type":"string","description_kind":"plain","required":true},"node_template_id":{"type":"string","description_kind":"plain","required":true},"quantity":{"type":"number","description_kind":"plain","optional":true},"worker":{"type":"bool","description_kind":"plain","optional":true}},"block_types":{"node_taints":{"nesting_mode":"list","block":{"attributes":{"effect":{"type":"string","description_kind":"plain","optional":true},"key":{"type":"string","description_kind":"plain","required":true},"time_added":{"type":"string","description_kind":"plain","optional":true,"computed":true},"value":{"type":"string","description_kind":"plain","required":true}},"description_kind":"plain"}},"timeouts":{"nesting_mode":"single","block":{"attributes":{"create":{"type":"string","description_kind":"plain","optional":true},"delete":{"type":"string","description_kind":"plain","optional":true},"update":{"type":"string","description_kind":"plain","optional":true}},"description_kind":"plain"}}},"description_kind":"plain"}},"rancher2_node_template":{"version":0,"block":{"attributes":{"annotations":{"type":["map","string"],"description":"Annotations of the resource","description_kind":"plain","optional":true,"computed":true},"auth_certificate_authority":{"type":"string","description_kind":"plain","optional":true,"sensitive":true},"auth_key":{"type":"string","description_kind":"plain","optional":true,"sensitive":true},"cloud_credential_id":{"type":"string","description_kind":"plain","optional":true},"description":{"type":"string","description_kind":"plain","optional":true},"driver":{"type":"string","description_kind":"plain","computed":true},"driver_id":{"type":"string","description_kind":"plain","optional":true,"computed":true},"engine_env":{"type":["map","string"],"description_kind":"plain","optional":true},"engine_insecure_registry":{"type":["list","string"],"description_kind":"plain","optional":true},"engine_install_url":{"type":"string","description_kind":"plain","optional":true,"computed":true},"engine_label":{"type":["map","string"],"description_kind":"plain","optional":true},"engine_opt":{"type":["map","string"],"description_kind":"plain","optional":true},"engine_registry_mirror":{"type":["list","string"],"description_kind":"plain","optional":true},"engine_storage_driver":{"type":"string","description_kind":"plain","optional":true},"id":{"type":"string","description_kind":"plain","optional":true,"computed":true},"labels":{"type":["map","string"],"description":"Labels of the resource","description_kind":"plain","optional":true,"computed":true},"name":{"type":"string","description_kind":"plain","required":true},"use_internal_ip_address":{"type":"bool","description_kind":"plain","optional":true}},"block_types":{"amazonec2_config":{"nesting_mode":"list","block":{"attributes":{"access_key":{"type":"string","description":"AWS Access Key","description_kind":"plain","optional":true,"sensitive":true},"ami":{"type":"string","description":"AWS machine image","description_kind":"plain","required":true},"block_duration_minutes":{"type":"string","description":"AWS spot instance duration in minutes (60, 120, 180, 240, 300, or 360)","description_kind":"plain","optional":true},"device_name":{"type":"string","description":"AWS root device name","description_kind":"plain","optional":true},"encrypt_ebs_volume":{"type":"bool","description":"Encrypt EBS volume","description_kind":"plain","optional":true},"endpoint":{"type":"string","description":"Optional endpoint URL (hostname only or fully qualified URI)","description_kind":"plain","optional":true},"http_endpoint":{"type":"string","description":"Enables or disables the HTTP metadata endpoint on your instances","description_kind":"plain","optional":true},"http_tokens":{"type":"string","description":"The state of token usage for your instance metadata requests","description_kind":"plain","optional":true},"iam_instance_profile":{"type":"string","description":"AWS IAM Instance Profile","description_kind":"plain","optional":true},"insecure_transport":{"type":"bool","description":"Disable SSL when sending requests","description_kind":"plain","optional":true},"instance_type":{"type":"string","description":"AWS instance type","description_kind":"plain","optional":true},"kms_key":{"type":"string","description":"Custom KMS key ID using the AWS Managed CMK","description_kind":"plain","optional":true},"monitoring":{"type":"bool","description":"Set this flag to enable CloudWatch monitoring","description_kind":"plain","optional":true},"open_port":{"type":["list","string"],"description":"Make the specified port number accessible from the Internet","description_kind":"plain","optional":true},"private_address_only":{"type":"bool","description":"Only use a private IP address","description_kind":"plain","optional":true},"region":{"type":"string","description":"AWS Region","description_kind":"plain","required":true},"request_spot_instance":{"type":"bool","description":"Set this flag to request spot instance","description_kind":"plain","optional":true},"retries":{"type":"string","description":"Set retry count for recoverable failures (use -1 to disable)","description_kind":"plain","optional":true},"root_size":{"type":"string","description":"AWS root disk size (in GB)","description_kind":"plain","optional":true},"secret_key":{"type":"string","description":"AWS Secret Key","description_kind":"plain","optional":true,"sensitive":true},"security_group":{"type":["list","string"],"description":"AWS VPC security group","description_kind":"plain","required":true},"security_group_readonly":{"type":"bool","description":"Skip adding default rules to security groups","description_kind":"plain","optional":true},"session_token":{"type":"string","description":"AWS Session Token","description_kind":"plain","optional":true,"sensitive":true},"spot_price":{"type":"string","description":"AWS spot instance bid price (in dollar)","description_kind":"plain","optional":true},"ssh_keypath":{"type":"string","description":"SSH Key for Instance","description_kind":"plain","optional":true},"ssh_user":{"type":"string","description":"Set the name of the ssh user","description_kind":"plain","optional":true},"subnet_id":{"type":"string","description":"AWS VPC subnet id","description_kind":"plain","required":true},"tags":{"type":"string","description":"AWS Tags (e.g. key1,value1,key2,value2)","description_kind":"plain","optional":true},"use_ebs_optimized_instance":{"type":"bool","description":"Create an EBS optimized instance","description_kind":"plain","optional":true},"use_private_address":{"type":"bool","description":"Force the usage of private IP address","description_kind":"plain","optional":true},"userdata":{"type":"string","description":"Path to file with cloud-init user data","description_kind":"plain","optional":true},"volume_type":{"type":"string","description":"Amazon EBS volume type","description_kind":"plain","optional":true},"vpc_id":{"type":"string","description":"AWS VPC id","description_kind":"plain","required":true},"zone":{"type":"string","description":"AWS zone for instance (i.e. a,b,c,d,e)","description_kind":"plain","required":true}},"description_kind":"plain"},"max_items":1},"azure_config":{"nesting_mode":"list","block":{"attributes":{"accelerated_networking":{"type":"bool","description":"Enable Accelerated Networking when creating an Azure Network Interface","description_kind":"plain","optional":true},"availability_set":{"type":"string","description":"Azure Availability Set to place the virtual machine into","description_kind":"plain","optional":true},"availability_zone":{"type":"string","description":"The Azure Availability Zone the VM should be created in","description_kind":"plain","optional":true},"client_id":{"type":"string","description":"Azure Service Principal Account ID (optional, browser auth is used if not specified)","description_kind":"plain","optional":true,"sensitive":true},"client_secret":{"type":"string","description":"Azure Service Principal Account password (optional, browser auth is used if not specified)","description_kind":"plain","optional":true,"sensitive":true},"custom_data":{"type":"string","description":"Path to file with custom-data","description_kind":"plain","optional":true},"disk_size":{"type":"string","description":"Disk size if using managed disk","description_kind":"plain","optional":true},"dns":{"type":"string","description":"A unique DNS label for the public IP adddress","description_kind":"plain","optional":true},"docker_port":{"type":"string","description":"Port number for Docker engine","description_kind":"plain","optional":true},"environment":{"type":"string","description":"Azure environment (e.g. AzurePublicCloud, AzureChinaCloud)","description_kind":"plain","optional":true},"fault_domain_count":{"type":"string","description":"Fault domain count to use for availability set","description_kind":"plain","optional":true},"image":{"type":"string","description":"Azure virtual machine OS image","description_kind":"plain","optional":true},"location":{"type":"string","description":"Azure region to create the virtual machine","description_kind":"plain","optional":true},"managed_disks":{"type":"bool","description":"Configures VM and availability set for managed disks","description_kind":"plain","optional":true},"no_public_ip":{"type":"bool","description":"Do not create a public IP address for the machine","description_kind":"plain","optional":true},"nsg":{"type":"string","description":"Azure Network Security Group to assign this node to (accepts either a name or resource ID, default is to create a new NSG for each machine)","description_kind":"plain","optional":true},"open_port":{"type":["list","string"],"description":"Make the specified port number accessible from the Internet","description_kind":"plain","optional":true},"plan":{"type":"string","description":"Purchase plan for Azure Virtual Machine (in \u003cpublisher\u003e:\u003cproduct\u003e:\u003cplan\u003e format)","description_kind":"plain","optional":true},"private_ip_address":{"type":"string","description":"Specify a static private IP address for the machine","description_kind":"plain","optional":true},"resource_group":{"type":"string","description":"Azure Resource Group name (will be created if missing)","description_kind":"plain","optional":true},"size":{"type":"string","description":"Size for Azure Virtual Machine","description_kind":"plain","optional":true},"ssh_user":{"type":"string","description":"Username for SSH login","description_kind":"plain","optional":true},"static_public_ip":{"type":"bool","description":"Assign a static public IP address to the machine","description_kind":"plain","optional":true},"storage_type":{"type":"string","description":"Type of Storage Account to host the OS Disk for the machine","description_kind":"plain","optional":true},"subnet":{"type":"string","description":"Azure Subnet Name to be used within the Virtual Network","description_kind":"plain","optional":true},"subnet_prefix":{"type":"string","description":"Private CIDR block to be used for the new subnet, should comply RFC 1918","description_kind":"plain","optional":true},"subscription_id":{"type":"string","description":"Azure Subscription ID","description_kind":"plain","optional":true,"sensitive":true},"tags":{"type":"string","description":"Tags to be applied to the Azure VM instance (e.g. key1,value1,key2,value2)","description_kind":"plain","optional":true},"update_domain_count":{"type":"string","description":"Update domain count to use for availability set","description_kind":"plain","optional":true},"use_private_ip":{"type":"bool","description":"Use private IP address of the machine to connect","description_kind":"plain","optional":true},"use_public_ip_standard_sku":{"type":"bool","description":"Use the Standard SKU when creating a public IP for an Azure VM","description_kind":"plain","optional":true},"vnet":{"type":"string","description":"Azure Virtual Network name to connect the virtual machine (in [resourcegroup:]name format)","description_kind":"plain","optional":true}},"description_kind":"plain"},"max_items":1},"digitalocean_config":{"nesting_mode":"list","block":{"attributes":{"access_token":{"type":"string","description":"Digital Ocean access token","description_kind":"plain","optional":true,"sensitive":true},"backups":{"type":"bool","description":"Enable backups for droplet","description_kind":"plain","optional":true},"image":{"type":"string","description":"Digital Ocean Image","description_kind":"plain","optional":true},"ipv6":{"type":"bool","description":"Enable ipv6 for droplet","description_kind":"plain","optional":true},"monitoring":{"type":"bool","description":"Enable monitoring for droplet","description_kind":"plain","optional":true},"private_networking":{"type":"bool","description":"Enable private networking for droplet","description_kind":"plain","optional":true},"region":{"type":"string","description":"Digital Ocean region","description_kind":"plain","optional":true},"size":{"type":"string","description":"Digital Ocean size","description_kind":"plain","optional":true},"ssh_key_fingerprint":{"type":"string","description":"SSH key fingerprint","description_kind":"plain","optional":true,"sensitive":true},"ssh_key_path":{"type":"string","description":"SSH private key path","description_kind":"plain","optional":true},"ssh_port":{"type":"string","description":"SSH port","description_kind":"plain","optional":true},"ssh_user":{"type":"string","description":"SSH username","description_kind":"plain","optional":true},"tags":{"type":"string","description":"Comma-separated list of tags to apply to the Droplet","description_kind":"plain","optional":true},"userdata":{"type":"string","description":"Path to file with cloud-init user-data","description_kind":"plain","optional":true}},"description_kind":"plain"},"max_items":1},"harvester_config":{"nesting_mode":"list","block":{"attributes":{"cpu_count":{"type":"string","description":"CPU count","description_kind":"plain","optional":true},"disk_bus":{"type":"string","description":"Disk bus","description_kind":"plain","deprecated":true,"optional":true},"disk_info":{"type":"string","description":"A JSON string specifying info for the disks e.g. `{\"disks\":[{\"imageName\":\"harvester-public/image-57hzg\",\"bootOrder\":1,\"size\":40},{\"storageClassName\":\"node-driver-test\",\"bootOrder\":2,\"size\":1}]}`","description_kind":"plain","optional":true},"disk_size":{"type":"string","description":"Disk size (in GiB)","description_kind":"plain","deprecated":true,"optional":true},"image_name":{"type":"string","description":"Image name","description_kind":"plain","deprecated":true,"optional":true},"memory_size":{"type":"string","description":"Memory size (in GiB)","description_kind":"plain","optional":true},"network_data":{"type":"string","description":"NetworkData content of cloud-init, base64 is supported","description_kind":"plain","optional":true},"network_info":{"type":"string","description":"A JSON string specifying info for the networks e.g. `{\"interfaces\":[{\"networkName\":\"harvester-public/vlan1\"},{\"networkName\":\"harvester-public/vlan2\"}]}`","description_kind":"plain","optional":true},"network_model":{"type":"string","description":"Network model","description_kind":"plain","deprecated":true,"optional":true},"network_name":{"type":"string","description":"Network name","description_kind":"plain","deprecated":true,"optional":true},"ssh_password":{"type":"string","description":"SSH password","description_kind":"plain","optional":true,"sensitive":true},"ssh_user":{"type":"string","description":"SSH username","description_kind":"plain","required":true},"user_data":{"type":"string","description":"UserData content of cloud-init, base64 is supported. If the image does not contain the qemu-guest-agent package, you must install and start qemu-guest-agent using userdata","description_kind":"plain","optional":true},"vm_affinity":{"type":"string","description":"VM affinity, base64 is supported","description_kind":"plain","optional":true},"vm_namespace":{"type":"string","description":"Virtual machine namespace","description_kind":"plain","required":true}},"description_kind":"plain"},"max_items":1},"hetzner_config":{"nesting_mode":"list","block":{"attributes":{"api_token":{"type":"string","description":"Hetzner Cloud project API token","description_kind":"plain","required":true,"sensitive":true},"image":{"type":"string","description":"Hetzner Cloud server image","description_kind":"plain","optional":true},"networks":{"type":"string","description":"Comma-separated list of network IDs or names which should be attached to the server private network interface","description_kind":"plain","optional":true},"server_labels":{"type":["map","string"],"description":"Map of the labels which will be assigned to the server","description_kind":"plain","optional":true},"server_location":{"type":"string","description":"Hetzner Cloud datacenter","description_kind":"plain","optional":true},"server_type":{"type":"string","description":"Hetzner Cloud server type","description_kind":"plain","optional":true},"use_private_network":{"type":"bool","description":"Use private network","description_kind":"plain","optional":true},"userdata":{"type":"string","description":"Path to file with cloud-init user-data","description_kind":"plain","optional":true},"volumes":{"type":"string","description":"Comma-separated list of volume IDs or names which should be attached to the server","description_kind":"plain","optional":true}},"description_kind":"plain"},"max_items":1},"linode_config":{"nesting_mode":"list","block":{"attributes":{"authorized_users":{"type":"string","description":"Linode user accounts (seperated by commas) whose Linode SSH keys will be permitted root access to the created node","description_kind":"plain","optional":true},"create_private_ip":{"type":"bool","description":"Create private IP for the instance","description_kind":"plain","optional":true},"docker_port":{"type":"string","description":"Docker Port","description_kind":"plain","optional":true},"image":{"type":"string","description":"Specifies the Linode Instance image which determines the OS distribution and base files","description_kind":"plain","optional":true},"instance_type":{"type":"string","description":"Specifies the Linode Instance type which determines CPU, memory, disk size, etc.","description_kind":"plain","optional":true},"label":{"type":"string","description":"Linode Instance Label","description_kind":"plain","optional":true},"region":{"type":"string","description":"Specifies the region (location) of the Linode instance","description_kind":"plain","optional":true},"root_pass":{"type":"string","description":"Root Password","description_kind":"plain","optional":true,"sensitive":true},"ssh_port":{"type":"string","description":"Linode Instance SSH Port","description_kind":"plain","optional":true},"ssh_user":{"type":"string","description":"Specifies the user as which docker-machine should log in to the Linode instance to install Docker.","description_kind":"plain","optional":true},"stackscript":{"type":"string","description":"Specifies the Linode StackScript to use to create the instance","description_kind":"plain","optional":true},"stackscript_data":{"type":"string","description":"A JSON string specifying data for the selected StackScript","description_kind":"plain","optional":true},"swap_size":{"type":"string","description":"Linode Instance Swap Size (MB)","description_kind":"plain","optional":true},"tags":{"type":"string","description":"A comma separated list of tags to apply to the the Linode resource","description_kind":"plain","optional":true},"token":{"type":"string","description":"Linode API Token","description_kind":"plain","optional":true,"sensitive":true},"ua_prefix":{"type":"string","description":"Prefix the User-Agent in Linode API calls with some 'product/version'","description_kind":"plain","optional":true}},"description_kind":"plain"},"max_items":1},"node_taints":{"nesting_mode":"list","block":{"attributes":{"effect":{"type":"string","description_kind":"plain","optional":true},"key":{"type":"string","description_kind":"plain","required":true},"time_added":{"type":"string","description_kind":"plain","optional":true,"computed":true},"value":{"type":"string","description_kind":"plain","required":true}},"description_kind":"plain"}},"opennebula_config":{"nesting_mode":"list","block":{"attributes":{"b2d_size":{"type":"string","description_kind":"plain","optional":true},"cpu":{"type":"string","description_kind":"plain","optional":true},"dev_prefix":{"type":"string","description_kind":"plain","optional":true},"disable_vnc":{"type":"bool","description_kind":"plain","optional":true},"disk_resize":{"type":"string","description_kind":"plain","optional":true},"image_id":{"type":"string","description_kind":"plain","optional":true},"image_name":{"type":"string","description_kind":"plain","optional":true},"image_owner":{"type":"string","description_kind":"plain","optional":true},"memory":{"type":"string","description_kind":"plain","optional":true},"network_id":{"type":"string","description_kind":"plain","optional":true},"network_name":{"type":"string","description_kind":"plain","optional":true},"network_owner":{"type":"string","description_kind":"plain","optional":true},"password":{"type":"string","description_kind":"plain","required":true,"sensitive":true},"ssh_user":{"type":"string","description_kind":"plain","optional":true},"template_id":{"type":"string","description_kind":"plain","optional":true},"template_name":{"type":"string","description_kind":"plain","optional":true},"user":{"type":"string","description_kind":"plain","required":true},"vcpu":{"type":"string","description_kind":"plain","optional":true},"xml_rpc_url":{"type":"string","description_kind":"plain","required":true}},"description_kind":"plain"},"max_items":1},"openstack_config":{"nesting_mode":"list","block":{"attributes":{"active_timeout":{"type":"string","description_kind":"plain","optional":true},"application_credential_id":{"type":"string","description_kind":"plain","optional":true},"application_credential_name":{"type":"string","description_kind":"plain","optional":true},"application_credential_secret":{"type":"string","description_kind":"plain","optional":true,"sensitive":true},"auth_url":{"type":"string","description_kind":"plain","required":true},"availability_zone":{"type":"string","description_kind":"plain","required":true},"boot_from_volume":{"type":"bool","description_kind":"plain","optional":true},"cacert":{"type":"string","description_kind":"plain","optional":true},"config_drive":{"type":"bool","description_kind":"plain","optional":true},"domain_id":{"type":"string","description_kind":"plain","optional":true},"domain_name":{"type":"string","description_kind":"plain","optional":true},"endpoint_type":{"type":"string","description_kind":"plain","optional":true},"flavor_id":{"type":"string","description_kind":"plain","optional":true},"flavor_name":{"type":"string","description_kind":"plain","optional":true},"floating_ip_pool":{"type":"string","description_kind":"plain","optional":true},"image_id":{"type":"string","description_kind":"plain","optional":true},"image_name":{"type":"string","description_kind":"plain","optional":true},"insecure":{"type":"bool","description_kind":"plain","optional":true},"ip_version":{"type":"string","description_kind":"plain","optional":true},"keypair_name":{"type":"string","description_kind":"plain","optional":true},"net_id":{"type":"string","description_kind":"plain","optional":true},"net_name":{"type":"string","description_kind":"plain","optional":true},"nova_network":{"type":"bool","description_kind":"plain","optional":true},"password":{"type":"string","description_kind":"plain","optional":true,"sensitive":true},"private_key_file":{"type":"string","description_kind":"plain","optional":true,"sensitive":true},"region":{"type":"string","description_kind":"plain","required":true},"sec_groups":{"type":"string","description_kind":"plain","optional":true},"ssh_port":{"type":"string","description_kind":"plain","optional":true},"ssh_user":{"type":"string","description_kind":"plain","optional":true},"tenant_id":{"type":"string","description_kind":"plain","optional":true},"tenant_name":{"type":"string","description_kind":"plain","optional":true},"user_data_file":{"type":"string","description_kind":"plain","optional":true},"username":{"type":"string","description_kind":"plain","optional":true},"volume_device_path":{"type":"string","description_kind":"plain","optional":true},"volume_id":{"type":"string","description_kind":"plain","optional":true},"volume_name":{"type":"string","description_kind":"plain","optional":true},"volume_size":{"type":"string","description_kind":"plain","optional":true},"volume_type":{"type":"string","description_kind":"plain","optional":true}},"description_kind":"plain"},"max_items":1},"outscale_config":{"nesting_mode":"list","block":{"attributes":{"access_key":{"type":"string","description":"Outscale Access Key","description_kind":"plain","required":true,"sensitive":true},"extra_tags_all":{"type":["list","string"],"description":"Extra tags for all created resources (e.g. key1=value1,key2=value2)","description_kind":"plain","optional":true},"extra_tags_instances":{"type":["list","string"],"description":"Extra tags only for instances (e.g. key1=value1,key2=value2)","description_kind":"plain","optional":true},"instance_type":{"type":"string","description":"Outscale VM type","description_kind":"plain","optional":true},"region":{"type":"string","description":"Outscale Region","description_kind":"plain","optional":true},"root_disk_iops":{"type":"number","description":"Iops for io1 Root Disk. From 1 to 13000.","description_kind":"plain","optional":true},"root_disk_size":{"type":"number","description":"Size of the Root Disk (in GB). From 1 to 14901.","description_kind":"plain","optional":true},"root_disk_type":{"type":"string","description":"Type of the Root Disk. Possible values are :'standard', 'gp2' or 'io1'.","description_kind":"plain","optional":true},"secret_key":{"type":"string","description":"Outscale Secret Key","description_kind":"plain","required":true,"sensitive":true},"security_group_ids":{"type":["list","string"],"description":"Ids of user defined Security Groups to add to the machine","description_kind":"plain","optional":true},"source_omi":{"type":"string","description":"Outscale Machine Image to use as bootstrap for the VM","description_kind":"plain","optional":true}},"description_kind":"plain"},"max_items":1},"timeouts":{"nesting_mode":"single","block":{"attributes":{"create":{"type":"string","description_kind":"plain","optional":true},"delete":{"type":"string","description_kind":"plain","optional":true},"update":{"type":"string","description_kind":"plain","optional":true}},"description_kind":"plain"}},"vsphere_config":{"nesting_mode":"list","block":{"attributes":{"boot2docker_url":{"type":"string","description":"vSphere URL for boot2docker image","description_kind":"plain","optional":true},"cfgparam":{"type":["list","string"],"description":"vSphere vm configuration parameters (used for guestinfo)","description_kind":"plain","optional":true},"clone_from":{"type":"string","description":"If you choose creation type clone a name of what you want to clone is required","description_kind":"plain","optional":true},"cloud_config":{"type":"string","description":"Filepath to a cloud-config yaml file to put into the ISO user-data","description_kind":"plain","optional":true},"cloudinit":{"type":"string","description":"vSphere cloud-init filepath or url to add to guestinfo","description_kind":"plain","optional":true},"content_library":{"type":"string","description":"If you choose to clone from a content library template specify the name of the library","description_kind":"plain","optional":true},"cpu_count":{"type":"string","description":"vSphere CPU number for docker VM","description_kind":"plain","optional":true},"creation_type":{"type":"string","description":"Creation type when creating a new virtual machine. Supported values: vm, template, library, legacy","description_kind":"plain","optional":true},"custom_attributes":{"type":["list","string"],"description":"vSphere custom attributes, format key/value e.g. '200=my custom value'","description_kind":"plain","optional":true},"datacenter":{"type":"string","description":"vSphere datacenter for virtual machine","description_kind":"plain","optional":true},"datastore":{"type":"string","description":"vSphere datastore for virtual machine","description_kind":"plain","optional":true},"datastore_cluster":{"type":"string","description":"vSphere datastore cluster for virtual machine","description_kind":"plain","optional":true},"disk_size":{"type":"string","description":"vSphere size of disk for docker VM (in MB)","description_kind":"plain","optional":true},"folder":{"type":"string","description":"vSphere folder for the docker VM. This folder must already exist in the datacenter","description_kind":"plain","optional":true},"graceful_shutdown_timeout":{"type":"string","description":"Duration in seconds before the graceful shutdown of the VM times out and the VM is destroyed. A force destroy will be performed when the value is zero","description_kind":"plain","optional":true},"hostsystem":{"type":"string","description":"vSphere compute resource where the docker VM will be instantiated. This can be omitted if using a cluster with DRS","description_kind":"plain","optional":true},"memory_size":{"type":"string","description":"vSphere size of memory for docker VM (in MB)","description_kind":"plain","optional":true},"network":{"type":["list","string"],"description":"vSphere network where the virtual machine will be attached","description_kind":"plain","optional":true},"password":{"type":"string","description":"vSphere password","description_kind":"plain","optional":true,"sensitive":true},"pool":{"type":"string","description":"vSphere resource pool for docker VM","description_kind":"plain","optional":true},"ssh_password":{"type":"string","description":"If using a non-B2D image you can specify the ssh password","description_kind":"plain","optional":true,"sensitive":true},"ssh_port":{"type":"string","description":"If using a non-B2D image you can specify the ssh port","description_kind":"plain","optional":true},"ssh_user":{"type":"string","description":"If using a non-B2D image you can specify the ssh user","description_kind":"plain","optional":true},"ssh_user_group":{"type":"string","description":"If using a non-B2D image the uploaded keys will need chown'ed, defaults to staff e.g. docker:staff","description_kind":"plain","optional":true},"tags":{"type":["list","string"],"description":"vSphere tags id e.g. urn:xxx","description_kind":"plain","optional":true},"username":{"type":"string","description":"vSphere username","description_kind":"plain","optional":true},"vapp_ip_allocation_policy":{"type":"string","description":"vSphere vApp IP allocation policy. Supported values are: dhcp, fixed, transient and fixedAllocated","description_kind":"plain","optional":true},"vapp_ip_protocol":{"type":"string","description":"vSphere vApp IP protocol for this deployment. Supported values are: IPv4 and IPv6","description_kind":"plain","optional":true},"vapp_property":{"type":["list","string"],"description":"vSphere vApp properties","description_kind":"plain","optional":true},"vapp_transport":{"type":"string","description":"vSphere OVF environment transports to use for properties. Supported values are: iso and com.vmware.guestInfo","description_kind":"plain","optional":true},"vcenter":{"type":"string","description":"vSphere IP/hostname for vCenter","description_kind":"plain","optional":true},"vcenter_port":{"type":"string","description":"vSphere Port for vCenter","description_kind":"plain","optional":true}},"description_kind":"plain"},"max_items":1}},"description_kind":"plain"}},"rancher2_pod_security_admission_configuration_template":{"version":0,"block":{"attributes":{"annotations":{"type":["map","string"],"description":"Annotations of the resource","description_kind":"plain","optional":true,"computed":true},"description":{"type":"string","description":"Pod Security Admission Configuration template description","description_kind":"plain","optional":true},"id":{"type":"string","description_kind":"plain","optional":true,"computed":true},"labels":{"type":["map","string"],"description":"Labels of the resource","description_kind":"plain","optional":true,"computed":true},"name":{"type":"string","description":"Pod Security Admission Configuration template name","description_kind":"plain","required":true}},"block_types":{"defaults":{"nesting_mode":"list","block":{"attributes":{"audit":{"type":"string","description":"Pod Security Admission Configuration audit. This audits a pod in violation of privileged, baseline, or restricted policy (default: privileged)","description_kind":"plain","optional":true},"audit_version":{"type":"string","description":"Pod Security Admission Configuration audit version (default: latest)","description_kind":"plain","optional":true},"enforce":{"type":"string","description":"Pod Security Admission Configuration enforce. This rejects a pod in violation of privileged, baseline, or restricted policy (default: privileged)","description_kind":"plain","optional":true},"enforce_version":{"type":"string","description":"Pod Security Admission Configuration enforce version (default: latest)","description_kind":"plain","optional":true},"warn":{"type":"string","description":"Pod Security Admission Configuration warn. This warns the user about a pod in violation of privileged, baseline, or restricted policy (default: privileged)","description_kind":"plain","optional":true},"warn_version":{"type":"string","description":"Pod Security Admission Configuration warn version (default: latest)","description_kind":"plain","optional":true}},"description":"defaults allows the user to define admission control mode for Pod Security","description_kind":"plain"},"min_items":1,"max_items":1},"exemptions":{"nesting_mode":"list","block":{"attributes":{"namespaces":{"type":["list","string"],"description":"Pod Security Admission Configuration namespace exemptions","description_kind":"plain","optional":true},"runtime_classes":{"type":["list","string"],"description":"Pod Security Admission Configuration runtime class exemptions","description_kind":"plain","optional":true},"usernames":{"type":["list","string"],"description":"Pod Security Admission Configuration username exemptions","description_kind":"plain","optional":true}},"description":"exemptions allows the creation of pods for specific Usernames, RuntimeClassNames, and Namespaces that would otherwise be prohibited","description_kind":"plain"},"max_items":1},"timeouts":{"nesting_mode":"single","block":{"attributes":{"create":{"type":"string","description_kind":"plain","optional":true},"delete":{"type":"string","description_kind":"plain","optional":true},"update":{"type":"string","description_kind":"plain","optional":true}},"description_kind":"plain"}}},"description_kind":"plain"}},"rancher2_project":{"version":0,"block":{"attributes":{"annotations":{"type":["map","string"],"description":"Annotations of the resource","description_kind":"plain","optional":true,"computed":true},"cluster_id":{"type":"string","description_kind":"plain","required":true},"description":{"type":"string","description_kind":"plain","optional":true},"id":{"type":"string","description_kind":"plain","optional":true,"computed":true},"labels":{"type":["map","string"],"description":"Labels of the resource","description_kind":"plain","optional":true,"computed":true},"name":{"type":"string","description_kind":"plain","required":true},"wait_for_cluster":{"type":"bool","description":"Wait for cluster becomes active","description_kind":"plain","optional":true}},"block_types":{"container_resource_limit":{"nesting_mode":"list","block":{"attributes":{"limits_cpu":{"type":"string","description_kind":"plain","optional":true},"limits_memory":{"type":"string","description_kind":"plain","optional":true},"requests_cpu":{"type":"string","description_kind":"plain","optional":true},"requests_memory":{"type":"string","description_kind":"plain","optional":true}},"description_kind":"plain"},"max_items":1},"resource_quota":{"nesting_mode":"list","block":{"block_types":{"namespace_default_limit":{"nesting_mode":"list","block":{"attributes":{"config_maps":{"type":"string","description_kind":"plain","optional":true},"limits_cpu":{"type":"string","description_kind":"plain","optional":true},"limits_memory":{"type":"string","description_kind":"plain","optional":true},"persistent_volume_claims":{"type":"string","description_kind":"plain","optional":true},"pods":{"type":"string","description_kind":"plain","optional":true},"replication_controllers":{"type":"string","description_kind":"plain","optional":true},"requests_cpu":{"type":"string","description_kind":"plain","optional":true},"requests_memory":{"type":"string","description_kind":"plain","optional":true},"requests_storage":{"type":"string","description_kind":"plain","optional":true},"secrets":{"type":"string","description_kind":"plain","optional":true},"services":{"type":"string","description_kind":"plain","optional":true},"services_load_balancers":{"type":"string","description_kind":"plain","optional":true},"services_node_ports":{"type":"string","description_kind":"plain","optional":true}},"description_kind":"plain"},"min_items":1,"max_items":1},"project_limit":{"nesting_mode":"list","block":{"attributes":{"config_maps":{"type":"string","description_kind":"plain","optional":true},"limits_cpu":{"type":"string","description_kind":"plain","optional":true},"limits_memory":{"type":"string","description_kind":"plain","optional":true},"persistent_volume_claims":{"type":"string","description_kind":"plain","optional":true},"pods":{"type":"string","description_kind":"plain","optional":true},"replication_controllers":{"type":"string","description_kind":"plain","optional":true},"requests_cpu":{"type":"string","description_kind":"plain","optional":true},"requests_memory":{"type":"string","description_kind":"plain","optional":true},"requests_storage":{"type":"string","description_kind":"plain","optional":true},"secrets":{"type":"string","description_kind":"plain","optional":true},"services":{"type":"string","description_kind":"plain","optional":true},"services_load_balancers":{"type":"string","description_kind":"plain","optional":true},"services_node_ports":{"type":"string","description_kind":"plain","optional":true}},"description_kind":"plain"},"min_items":1,"max_items":1}},"description_kind":"plain"},"max_items":1},"timeouts":{"nesting_mode":"single","block":{"attributes":{"create":{"type":"string","description_kind":"plain","optional":true},"delete":{"type":"string","description_kind":"plain","optional":true},"update":{"type":"string","description_kind":"plain","optional":true}},"description_kind":"plain"}}},"description_kind":"plain"}},"rancher2_project_role_template_binding":{"version":0,"block":{"attributes":{"annotations":{"type":["map","string"],"description":"Annotations of the resource","description_kind":"plain","optional":true,"computed":true},"group_id":{"type":"string","description_kind":"plain","optional":true,"computed":true},"group_principal_id":{"type":"string","description_kind":"plain","optional":true,"computed":true},"id":{"type":"string","description_kind":"plain","optional":true,"computed":true},"labels":{"type":["map","string"],"description":"Labels of the resource","description_kind":"plain","optional":true,"computed":true},"name":{"type":"string","description_kind":"plain","required":true},"project_id":{"type":"string","description_kind":"plain","required":true},"role_template_id":{"type":"string","description_kind":"plain","required":true},"user_id":{"type":"string","description_kind":"plain","optional":true,"computed":true},"user_principal_id":{"type":"string","description_kind":"plain","optional":true,"computed":true}},"block_types":{"timeouts":{"nesting_mode":"single","block":{"attributes":{"create":{"type":"string","description_kind":"plain","optional":true},"delete":{"type":"string","description_kind":"plain","optional":true},"update":{"type":"string","description_kind":"plain","optional":true}},"description_kind":"plain"}}},"description_kind":"plain"}},"rancher2_registry":{"version":0,"block":{"attributes":{"annotations":{"type":["map","string"],"description":"Annotations of the resource","description_kind":"plain","optional":true,"computed":true},"description":{"type":"string","description":"Description of the docker registry","description_kind":"plain","optional":true},"id":{"type":"string","description_kind":"plain","optional":true,"computed":true},"labels":{"type":["map","string"],"description":"Labels of the resource","description_kind":"plain","optional":true,"computed":true},"name":{"type":"string","description":"Name of the docker registry","description_kind":"plain","required":true},"namespace_id":{"type":"string","description":"Namespace ID to add docker registry","description_kind":"plain","optional":true},"project_id":{"type":"string","description":"Project ID to add docker registry","description_kind":"plain","required":true}},"block_types":{"registries":{"nesting_mode":"list","block":{"attributes":{"address":{"type":"string","description_kind":"plain","required":true},"password":{"type":"string","description_kind":"plain","optional":true,"sensitive":true},"username":{"type":"string","description_kind":"plain","optional":true}},"description_kind":"plain"},"min_items":1},"timeouts":{"nesting_mode":"single","block":{"attributes":{"create":{"type":"string","description_kind":"plain","optional":true},"delete":{"type":"string","description_kind":"plain","optional":true},"update":{"type":"string","description_kind":"plain","optional":true}},"description_kind":"plain"}}},"description_kind":"plain"}},"rancher2_role_template":{"version":0,"block":{"attributes":{"administrative":{"type":"bool","description":"Administrative role template","description_kind":"plain","optional":true},"annotations":{"type":["map","string"],"description":"Annotations of the resource","description_kind":"plain","optional":true,"computed":true},"builtin":{"type":"bool","description":"Builtin role template","description_kind":"plain","computed":true},"context":{"type":"string","description":"Context role template","description_kind":"plain","optional":true},"default_role":{"type":"bool","description":"Default role template for new created cluster or project","description_kind":"plain","optional":true},"description":{"type":"string","description":"Role template policy description","description_kind":"plain","optional":true,"computed":true},"external":{"type":"bool","description":"External role template","description_kind":"plain","optional":true},"hidden":{"type":"bool","description":"Hidden role template","description_kind":"plain","optional":true},"id":{"type":"string","description_kind":"plain","optional":true,"computed":true},"labels":{"type":["map","string"],"description":"Labels of the resource","description_kind":"plain","optional":true,"computed":true},"locked":{"type":"bool","description":"Locked role template","description_kind":"plain","optional":true},"name":{"type":"string","description":"Role template policy name","description_kind":"plain","required":true},"role_template_ids":{"type":["list","string"],"description":"Inherit role template IDs","description_kind":"plain","optional":true,"computed":true}},"block_types":{"external_rules":{"nesting_mode":"list","block":{"attributes":{"api_groups":{"type":["list","string"],"description":"Policy rule api groups","description_kind":"plain","optional":true},"non_resource_urls":{"type":["list","string"],"description":"Policy rule non resource urls","description_kind":"plain","optional":true},"resource_names":{"type":["list","string"],"description":"Policy rule resource names","description_kind":"plain","optional":true},"resources":{"type":["list","string"],"description":"Policy rule resources","description_kind":"plain","optional":true},"verbs":{"type":["list","string"],"description":"Policy rule verbs","description_kind":"plain","optional":true}},"description":"External policy rules used for authorization","description_kind":"plain"}},"rules":{"nesting_mode":"list","block":{"attributes":{"api_groups":{"type":["list","string"],"description":"Policy rule api groups","description_kind":"plain","optional":true},"non_resource_urls":{"type":["list","string"],"description":"Policy rule non resource urls","description_kind":"plain","optional":true},"resource_names":{"type":["list","string"],"description":"Policy rule resource names","description_kind":"plain","optional":true},"resources":{"type":["list","string"],"description":"Policy rule resources","description_kind":"plain","optional":true},"verbs":{"type":["list","string"],"description":"Policy rule verbs","description_kind":"plain","optional":true}},"description":"Role template policy rules","description_kind":"plain"}},"timeouts":{"nesting_mode":"single","block":{"attributes":{"create":{"type":"string","description_kind":"plain","optional":true},"delete":{"type":"string","description_kind":"plain","optional":true},"update":{"type":"string","description_kind":"plain","optional":true}},"description_kind":"plain"}}},"description_kind":"plain"}},"rancher2_secret":{"version":0,"block":{"attributes":{"annotations":{"type":["map","string"],"description":"Annotations of the resource","description_kind":"plain","optional":true,"computed":true},"data":{"type":["map","string"],"description":"Secret data base64 encoded","description_kind":"plain","required":true,"sensitive":true},"description":{"type":"string","description":"Secret description","description_kind":"plain","optional":true},"id":{"type":"string","description_kind":"plain","optional":true,"computed":true},"labels":{"type":["map","string"],"description":"Labels of the resource","description_kind":"plain","optional":true,"computed":true},"name":{"type":"string","description":"Secret name","description_kind":"plain","optional":true},"namespace_id":{"type":"string","description":"Namespace ID to add secret","description_kind":"plain","optional":true},"project_id":{"type":"string","description":"Project ID to add secret","description_kind":"plain","required":true}},"block_types":{"timeouts":{"nesting_mode":"single","block":{"attributes":{"create":{"type":"string","description_kind":"plain","optional":true},"delete":{"type":"string","description_kind":"plain","optional":true},"update":{"type":"string","description_kind":"plain","optional":true}},"description_kind":"plain"}}},"description_kind":"plain"}},"rancher2_secret_v2":{"version":0,"block":{"attributes":{"annotations":{"type":["map","string"],"description":"Annotations of the resource","description_kind":"plain","optional":true,"computed":true},"cluster_id":{"type":"string","description":"K8s cluster ID","description_kind":"plain","required":true},"data":{"type":["map","string"],"description":"Secret data map","description_kind":"plain","required":true,"sensitive":true},"id":{"type":"string","description_kind":"plain","optional":true,"computed":true},"immutable":{"type":"bool","description":"If set to true, ensures that data stored in the Secret cannot be updated","description_kind":"plain","optional":true},"labels":{"type":["map","string"],"description":"Labels of the resource","description_kind":"plain","optional":true,"computed":true},"name":{"type":"string","description":"K8s Secret name","description_kind":"plain","required":true},"namespace":{"type":"string","description":"K8s Secret namespace","description_kind":"plain","optional":true},"resource_version":{"type":"string","description_kind":"plain","computed":true},"type":{"type":"string","description":"Used to facilitate programmatic handling of Secret data","description_kind":"plain","optional":true}},"block_types":{"timeouts":{"nesting_mode":"single","block":{"attributes":{"create":{"type":"string","description_kind":"plain","optional":true},"delete":{"type":"string","description_kind":"plain","optional":true},"update":{"type":"string","description_kind":"plain","optional":true}},"description_kind":"plain"}}},"description_kind":"plain"}},"rancher2_setting":{"version":0,"block":{"attributes":{"annotations":{"type":["map","string"],"description":"Annotations of the resource","description_kind":"plain","optional":true,"computed":true},"id":{"type":"string","description_kind":"plain","optional":true,"computed":true},"labels":{"type":["map","string"],"description":"Labels of the resource","description_kind":"plain","optional":true,"computed":true},"name":{"type":"string","description_kind":"plain","required":true},"value":{"type":"string","description_kind":"plain","required":true}},"description_kind":"plain"}},"rancher2_storage_class_v2":{"version":0,"block":{"attributes":{"allow_volume_expansion":{"type":"bool","description":"StorageClass allow_volume_expansion","description_kind":"plain","optional":true,"computed":true},"annotations":{"type":["map","string"],"description":"Annotations of the resource","description_kind":"plain","optional":true,"computed":true},"cluster_id":{"type":"string","description":"K8s cluster ID","description_kind":"plain","required":true},"id":{"type":"string","description_kind":"plain","optional":true,"computed":true},"k8s_provisioner":{"type":"string","description":"StorageClass provisioner","description_kind":"plain","required":true},"labels":{"type":["map","string"],"description":"Labels of the resource","description_kind":"plain","optional":true,"computed":true},"mount_options":{"type":["list","string"],"description":"StorageClass mount options","description_kind":"plain","optional":true,"computed":true},"name":{"type":"string","description":"StorageClass name","description_kind":"plain","required":true},"parameters":{"type":["map","string"],"description":"StorageClass provisioner paramaters","description_kind":"plain","optional":true},"reclaim_policy":{"type":"string","description":"StorageClass provisioner reclaim policy","description_kind":"plain","optional":true},"resource_version":{"type":"string","description_kind":"plain","computed":true},"volume_binding_mode":{"type":"string","description":"StorageClass provisioner volume binding mode","description_kind":"plain","optional":true}},"block_types":{"timeouts":{"nesting_mode":"single","block":{"attributes":{"create":{"type":"string","description_kind":"plain","optional":true},"delete":{"type":"string","description_kind":"plain","optional":true},"update":{"type":"string","description_kind":"plain","optional":true}},"description_kind":"plain"}}},"description_kind":"plain"}},"rancher2_token":{"version":0,"block":{"attributes":{"access_key":{"type":"string","description":"Token access key","description_kind":"plain","computed":true},"annotations":{"type":["map","string"],"description":"Annotations of the resource","description_kind":"plain","optional":true,"computed":true},"cluster_id":{"type":"string","description":"Cluster ID for scoped token","description_kind":"plain","optional":true},"description":{"type":"string","description":"Token description","description_kind":"plain","optional":true},"enabled":{"type":"bool","description":"Token enabled","description_kind":"plain","computed":true},"expired":{"type":"bool","description":"Token expired","description_kind":"plain","computed":true},"id":{"type":"string","description_kind":"plain","optional":true,"computed":true},"labels":{"type":["map","string"],"description":"Labels of the resource","description_kind":"plain","optional":true,"computed":true},"name":{"type":"string","description":"Token name","description_kind":"plain","computed":true},"renew":{"type":"bool","description":"Renew expired or disabled token","description_kind":"plain","optional":true},"secret_key":{"type":"string","description":"Token secret key","description_kind":"plain","computed":true,"sensitive":true},"token":{"type":"string","description":"Token value","description_kind":"plain","computed":true,"sensitive":true},"ttl":{"type":"number","description":"Token time to live in seconds","description_kind":"plain","optional":true},"user_id":{"type":"string","description":"Token user ID","description_kind":"plain","computed":true}},"block_types":{"timeouts":{"nesting_mode":"single","block":{"attributes":{"create":{"type":"string","description_kind":"plain","optional":true},"delete":{"type":"string","description_kind":"plain","optional":true},"update":{"type":"string","description_kind":"plain","optional":true}},"description_kind":"plain"}}},"description_kind":"plain"}},"rancher2_user":{"version":0,"block":{"attributes":{"annotations":{"type":["map","string"],"description":"Annotations of the resource","description_kind":"plain","optional":true,"computed":true},"enabled":{"type":"bool","description_kind":"plain","optional":true},"id":{"type":"string","description_kind":"plain","optional":true,"computed":true},"labels":{"type":["map","string"],"description":"Labels of the resource","description_kind":"plain","optional":true,"computed":true},"must_change_password":{"type":"bool","description_kind":"plain","optional":true},"name":{"type":"string","description_kind":"plain","optional":true},"password":{"type":"string","description_kind":"plain","required":true,"sensitive":true},"principal_ids":{"type":["list","string"],"description_kind":"plain","computed":true},"username":{"type":"string","description_kind":"plain","required":true}},"block_types":{"timeouts":{"nesting_mode":"single","block":{"attributes":{"create":{"type":"string","description_kind":"plain","optional":true},"delete":{"type":"string","description_kind":"plain","optional":true},"update":{"type":"string","description_kind":"plain","optional":true}},"description_kind":"plain"}}},"description_kind":"plain"}}},"data_source_schemas":{"rancher2_catalog_v2":{"version":0,"block":{"attributes":{"annotations":{"type":["map","string"],"description_kind":"plain","computed":true},"ca_bundle":{"type":"string","description_kind":"plain","computed":true},"cluster_id":{"type":"string","description_kind":"plain","required":true},"enabled":{"type":"bool","description_kind":"plain","computed":true},"exponential_backoff_max_retries":{"type":"number","description":"Maximum number of retries before returning error","description_kind":"plain","optional":true,"computed":true},"exponential_backoff_max_wait":{"type":"number","description":"Maximum amount of seconds to wait before retrying","description_kind":"plain","optional":true,"computed":true},"exponential_backoff_min_wait":{"type":"number","description":"Minimum amount of seconds to wait before retrying","description_kind":"plain","optional":true,"computed":true},"git_branch":{"type":"string","description_kind":"plain","computed":true},"git_repo":{"type":"string","description_kind":"plain","computed":true},"id":{"type":"string","description_kind":"plain","optional":true,"computed":true},"insecure":{"type":"bool","description_kind":"plain","computed":true},"insecure_plain_http":{"type":"bool","description":"Only valid for OCI URL's. Allows insecure connections to registries without enforcing TLS checks","description_kind":"plain","optional":true},"labels":{"type":["map","string"],"description_kind":"plain","computed":true},"name":{"type":"string","description_kind":"plain","required":true},"resource_version":{"type":"string","description_kind":"plain","computed":true},"secret_name":{"type":"string","description_kind":"plain","computed":true},"secret_namespace":{"type":"string","description_kind":"plain","computed":true},"service_account":{"type":"string","description_kind":"plain","computed":true},"service_account_namespace":{"type":"string","description_kind":"plain","computed":true},"url":{"type":"string","description_kind":"plain","computed":true}},"description_kind":"plain"}},"rancher2_certificate":{"version":0,"block":{"attributes":{"annotations":{"type":["map","string"],"description":"Annotations of the certificate","description_kind":"plain","computed":true},"certs":{"type":"string","description":"Certificate certs base64 encoded","description_kind":"plain","computed":true},"description":{"type":"string","description":"Description of the certificate","description_kind":"plain","computed":true},"id":{"type":"string","description_kind":"plain","optional":true,"computed":true},"labels":{"type":["map","string"],"description":"Labels of the certificate","description_kind":"plain","computed":true},"name":{"type":"string","description":"Name of the certificate","description_kind":"plain","required":true},"namespace_id":{"type":"string","description":"Namespace ID to add certificate","description_kind":"plain","optional":true},"project_id":{"type":"string","description":"Project ID to add certificate","description_kind":"plain","required":true}},"description_kind":"plain"}},"rancher2_cloud_credential":{"version":0,"block":{"attributes":{"annotations":{"type":["map","string"],"description_kind":"plain","computed":true},"id":{"type":"string","description_kind":"plain","optional":true,"computed":true},"labels":{"type":["map","string"],"description_kind":"plain","computed":true},"name":{"type":"string","description_kind":"plain","required":true}},"description_kind":"plain"}},"rancher2_cluster":{"version":2,"block":{"attributes":{"agent_env_vars":{"type":["list","string"],"description":"Optional Agent Env Vars for Rancher agent","description_kind":"plain","computed":true},"aks_config_v2":{"type":["list",["object",{"auth_base_url":"string","authorized_ip_ranges":["list","string"],"base_url":"string","cloud_credential_id":"string","dns_prefix":"string","http_application_routing":"bool","imported":"bool","kubernetes_version":"string","linux_admin_username":"string","linux_ssh_public_key":"string","load_balancer_sku":"string","log_analytics_workspace_group":"string","log_analytics_workspace_name":"string","monitoring":"bool","name":"string","network_dns_service_ip":"string","network_docker_bridge_cidr":"string","network_plugin":"string","network_pod_cidr":"string","network_policy":"string","network_service_cidr":"string","node_pools":["list",["object",{"availability_zones":["list","string"],"count":"number","enable_auto_scaling":"bool","labels":["map","string"],"max_count":"number","max_pods":"number","max_surge":"string","min_count":"number","mode":"string","name":"string","orchestrator_version":"string","os_disk_size_gb":"number","os_disk_type":"string","os_type":"string","taints":["list","string"],"vm_size":"string"}]],"node_resource_group":"string","outbound_type":"string","private_cluster":"bool","resource_group":"string","resource_location":"string","subnet":"string","tags":["map","string"],"virtual_network":"string","virtual_network_resource_group":"string"}]],"description_kind":"plain","computed":true},"annotations":{"type":["map","string"],"description_kind":"plain","computed":true},"ca_cert":{"type":"string","description_kind":"plain","computed":true,"sensitive":true},"cluster_auth_endpoint":{"type":["list",["object",{"ca_certs":"string","enabled":"bool","fqdn":"string"}]],"description_kind":"plain","computed":true},"cluster_registration_token":{"type":["list",["object",{"annotations":["map","string"],"cluster_id":"string","command":"string","id":"string","insecure_command":"string","insecure_node_command":"string","insecure_windows_node_command":"string","labels":["map","string"],"manifest_url":"string","name":"string","node_command":"string","token":"string","windows_node_command":"string"}]],"description_kind":"plain","computed":true},"cluster_template_answers":{"type":["list",["object",{"cluster_id":"string","project_id":"string","values":["map","string"]}]],"description":"Cluster template answers","description_kind":"plain","computed":true},"cluster_template_id":{"type":"string","description":"Cluster template ID","description_kind":"plain","computed":true},"cluster_template_questions":{"type":["list",["object",{"default":"string","required":"bool","type":"string","variable":"string"}]],"description":"Cluster template questions","description_kind":"plain","computed":true},"cluster_template_revision_id":{"type":"string","description":"Cluster template revision ID","description_kind":"plain","computed":true},"default_pod_security_admission_configuration_template_name":{"type":"string","description":"Default pod security admission configuration template name","description_kind":"plain","optional":true,"computed":true},"default_project_id":{"type":"string","description_kind":"plain","computed":true},"description":{"type":"string","description_kind":"plain","computed":true},"driver":{"type":"string","description_kind":"plain","computed":true},"eks_config_v2":{"type":["list",["object",{"cloud_credential_id":"string","imported":"bool","kms_key":"string","kubernetes_version":"string","logging_types":["list","string"],"name":"string","node_groups":["list",["object",{"desired_size":"number","disk_size":"number","ec2_ssh_key":"string","gpu":"bool","image_id":"string","instance_type":"string","labels":["map","string"],"launch_template":["list",["object",{"id":"string","name":"string","version":"number"}]],"max_size":"number","min_size":"number","name":"string","node_role":"string","request_spot_instances":"bool","resource_tags":["map","string"],"spot_instance_types":["list","string"],"subnets":["list","string"],"tags":["map","string"],"user_data":"string","version":"string"}]],"private_access":"bool","public_access":"bool","public_access_sources":["list","string"],"region":"string","secrets_encryption":"bool","security_groups":["list","string"],"service_role":"string","subnets":["list","string"],"tags":["map","string"]}]],"description_kind":"plain","computed":true},"enable_network_policy":{"type":"bool","description":"Enable project network isolation","description_kind":"plain","computed":true},"fleet_workspace_name":{"type":"string","description_kind":"plain","computed":true},"gke_config_v2":{"type":["list",["object",{"cluster_addons":["list",["object",{"horizontal_pod_autoscaling":"bool","http_load_balancing":"bool","network_policy_config":"bool"}]],"cluster_ipv4_cidr_block":"string","description":"string","enable_kubernetes_alpha":"bool","google_credential_secret":"string","imported":"bool","ip_allocation_policy":["list",["object",{"cluster_ipv4_cidr_block":"string","cluster_secondary_range_name":"string","create_subnetwork":"bool","node_ipv4_cidr_block":"string","services_ipv4_cidr_block":"string","services_secondary_range_name":"string","subnetwork_name":"string","use_ip_aliases":"bool"}]],"kubernetes_version":"string","labels":["map","string"],"locations":["list","string"],"logging_service":"string","maintenance_window":"string","master_authorized_networks_config":["list",["object",{"cidr_blocks":["list",["object",{"cidr_block":"string","display_name":"string"}]],"enabled":"bool"}]],"monitoring_service":"string","name":"string","network":"string","network_policy_enabled":"bool","node_pools":["list",["object",{"autoscaling":["list",["object",{"enabled":"bool","max_node_count":"number","min_node_count":"number"}]],"config":["list",["object",{"disk_size_gb":"number","disk_type":"string","image_type":"string","labels":["map","string"],"local_ssd_count":"number","machine_type":"string","oauth_scopes":["list","string"],"preemptible":"bool","service_account":"string","tags":["list","string"],"taints":["list",["object",{"effect":"string","key":"string","value":"string"}]]}]],"initial_node_count":"number","management":["list",["object",{"auto_repair":"bool","auto_upgrade":"bool"}]],"max_pods_constraint":"number","name":"string","version":"string"}]],"private_cluster_config":["list",["object",{"enable_private_endpoint":"bool","enable_private_nodes":"bool","master_ipv4_cidr_block":"string"}]],"project_id":"string","region":"string","subnetwork":"string","zone":"string"}]],"description_kind":"plain","computed":true},"id":{"type":"string","description_kind":"plain","optional":true,"computed":true},"imported_config":{"type":["list",["object",{"private_registry_url":"string"}]],"description_kind":"plain","computed":true},"k3s_config":{"type":["list",["object",{"upgrade_strategy":["list",["object",{"drain_server_nodes":"bool","drain_worker_nodes":"bool","server_concurrency":"number","worker_concurrency":"number"}]],"version":"string"}]],"description_kind":"plain","computed":true},"kube_config":{"type":"string","description_kind":"plain","computed":true},"labels":{"type":["map","string"],"description_kind":"plain","computed":true},"name":{"type":"string","description_kind":"plain","required":true},"oke_config":{"type":["list",["object",{"cluster_type":"string","compartment_id":"string","control_plane_subnet_name":"string","custom_boot_volume_size":"number","description":"string","enable_kubernetes_dashboard":"bool","enable_private_control_plane":"bool","enable_private_nodes":"bool","eviction_grace_duration":"string","fingerprint":"string","flex_memory_in_gbs":"number","flex_ocpus":"number","force_delete_after_grace_duration":"bool","image_verification_kms_key_id":"string","kms_key_id":"string","kubernetes_version":"string","limit_node_count":"number","load_balancer_subnet_name_1":"string","load_balancer_subnet_name_2":"string","node_image":"string","node_pool_dns_domain_name":"string","node_pool_subnet_name":"string","node_public_key_contents":"string","node_shape":"string","node_user_data_contents":"string","pod_cidr":"string","pod_network":"string","pod_subnet_name":"string","private_key_contents":"string","private_key_passphrase":"string","quantity_of_node_subnets":"number","quantity_per_subnet":"number","region":"string","service_cidr":"string","service_dns_domain_name":"string","skip_vcn_delete":"bool","tenancy_id":"string","user_ocid":"string","vcn_compartment_id":"string","vcn_name":"string","worker_node_ingress_cidr":"string"}]],"description_kind":"plain","computed":true},"rke2_config":{"type":["list",["object",{"upgrade_strategy":["list",["object",{"drain_server_nodes":"bool","drain_worker_nodes":"bool","server_concurrency":"number","worker_concurrency":"number"}]],"version":"string"}]],"description_kind":"plain","computed":true},"rke_config":{"type":["list",["object",{"addon_job_timeout":"number","addons":"string","addons_include":["list","string"],"authentication":["list",["object",{"sans":["list","string"],"strategy":"string"}]],"authorization":["list",["object",{"mode":"string","options":["map","string"]}]],"bastion_host":["list",["object",{"address":"string","port":"string","ssh_agent_auth":"bool","ssh_key":"string","ssh_key_path":"string","user":"string"}]],"cloud_provider":["list",["object",{"aws_cloud_provider":["list",["object",{"global":["list",["object",{"disable_security_group_ingress":"bool","disable_strict_zone_check":"bool","elb_security_group":"string","kubernetes_cluster_id":"string","kubernetes_cluster_tag":"string","role_arn":"string","route_table_id":"string","subnet_id":"string","vpc":"string","zone":"string"}]],"service_override":["list",["object",{"region":"string","service":"string","signing_method":"string","signing_name":"string","signing_region":"string","url":"string"}]]}]],"azure_cloud_provider":["list",["object",{"aad_client_cert_password":"string","aad_client_cert_path":"string","aad_client_id":"string","aad_client_secret":"string","cloud":"string","cloud_provider_backoff":"bool","cloud_provider_backoff_duration":"number","cloud_provider_backoff_exponent":"number","cloud_provider_backoff_jitter":"number","cloud_provider_backoff_retries":"number","cloud_provider_rate_limit":"bool","cloud_provider_rate_limit_bucket":"number","cloud_provider_rate_limit_qps":"number","load_balancer_sku":"string","location":"string","maximum_load_balancer_rule_count":"number","primary_availability_set_name":"string","primary_scale_set_name":"string","resource_group":"string","route_table_name":"string","security_group_name":"string","subnet_name":"string","subscription_id":"string","tenant_id":"string","use_instance_metadata":"bool","use_managed_identity_extension":"bool","vm_type":"string","vnet_name":"string","vnet_resource_group":"string"}]],"custom_cloud_provider":"string","name":"string","openstack_cloud_provider":["list",["object",{"block_storage":["list",["object",{"bs_version":"string","ignore_volume_az":"bool","trust_device_path":"bool"}]],"global":["list",["object",{"auth_url":"string","ca_file":"string","domain_id":"string","domain_name":"string","password":"string","region":"string","tenant_id":"string","tenant_name":"string","trust_id":"string","username":"string"}]],"load_balancer":["list",["object",{"create_monitor":"bool","floating_network_id":"string","lb_method":"string","lb_provider":"string","lb_version":"string","manage_security_groups":"bool","monitor_delay":"string","monitor_max_retries":"number","monitor_timeout":"string","subnet_id":"string","use_octavia":"bool"}]],"metadata":["list",["object",{"request_timeout":"number","search_order":"string"}]],"route":["list",["object",{"router_id":"string"}]]}]],"vsphere_cloud_provider":["list",["object",{"disk":["list",["object",{"scsi_controller_type":"string"}]],"global":["list",["object",{"datacenters":"string","graceful_shutdown_timeout":"string","insecure_flag":"bool","password":"string","port":"string","soap_roundtrip_count":"number","user":"string"}]],"network":["list",["object",{"public_network":"string"}]],"virtual_center":["list",["object",{"datacenters":"string","name":"string","password":"string","port":"string","soap_roundtrip_count":"number","user":"string"}]],"workspace":["list",["object",{"datacenter":"string","default_datastore":"string","folder":"string","resourcepool_path":"string","server":"string"}]]}]]}]],"dns":["list",["object",{"linear_autoscaler_params":["list",["object",{"cores_per_replica":"number","max":"number","min":"number","nodes_per_replica":"number","prevent_single_point_failure":"bool"}]],"node_selector":["map","string"],"nodelocal":["list",["object",{"ip_address":"string","node_selector":["map","string"]}]],"options":["map","string"],"provider":"string","reverse_cidrs":["list","string"],"tolerations":["list",["object",{"effect":"string","key":"string","operator":"string","seconds":"number","value":"string"}]],"update_strategy":["list",["object",{"rolling_update":["list",["object",{"max_surge":"number","max_unavailable":"number"}]],"strategy":"string"}]],"upstream_nameservers":["list","string"]}]],"enable_cri_dockerd":"bool","ignore_docker_version":"bool","ingress":["list",["object",{"default_backend":"bool","dns_policy":"string","extra_args":["map","string"],"http_port":"number","https_port":"number","network_mode":"string","node_selector":["map","string"],"options":["map","string"],"provider":"string","tolerations":["list",["object",{"effect":"string","key":"string","operator":"string","seconds":"number","value":"string"}]],"update_strategy":["list",["object",{"rolling_update":["list",["object",{"max_unavailable":"number"}]],"strategy":"string"}]]}]],"kubernetes_version":"string","monitoring":["list",["object",{"node_selector":["map","string"],"options":["map","string"],"provider":"string","replicas":"number","tolerations":["list",["object",{"effect":"string","key":"string","operator":"string","seconds":"number","value":"string"}]],"update_strategy":["list",["object",{"rolling_update":["list",["object",{"max_surge":"number","max_unavailable":"number"}]],"strategy":"string"}]]}]],"network":["list",["object",{"aci_network_provider":["list",["object",{"aep":"string","apic_hosts":["list","string"],"apic_refresh_ticker_adjust":"string","apic_refresh_time":"string","apic_subscription_delay":"string","apic_user_crt":"string","apic_user_key":"string","apic_user_name":"string","capic":"string","controller_log_level":"string","disable_periodic_snat_global_info_sync":"string","disable_wait_for_network":"string","drop_log_enable":"string","duration_wait_for_network":"string","enable_endpoint_slice":"string","encap_type":"string","ep_registry":"string","extern_dynamic":"string","extern_static":"string","gbp_pod_subnet":"string","host_agent_log_level":"string","image_pull_policy":"string","image_pull_secret":"string","infra_vlan":"string","install_istio":"string","istio_profile":"string","kafka_brokers":["list","string"],"kafka_client_crt":"string","kafka_client_key":"string","kube_api_vlan":"string","l3out":"string","l3out_external_networks":["list","string"],"max_nodes_svc_graph":"string","mcast_range_end":"string","mcast_range_start":"string","mtu_head_room":"string","multus_disable":"string","no_priority_class":"string","node_pod_if_enable":"string","node_subnet":"string","node_svc_subnet":"string","opflex_client_ssl":"string","opflex_device_delete_timeout":"string","opflex_log_level":"string","opflex_mode":"string","opflex_server_port":"string","overlay_vrf_name":"string","ovs_memory_limit":"string","pbr_tracking_non_snat":"string","pod_subnet_chunk_size":"string","run_gbp_container":"string","run_opflex_server_container":"string","service_monitor_interval":"string","service_vlan":"string","snat_contract_scope":"string","snat_namespace":"string","snat_port_range_end":"string","snat_port_range_start":"string","snat_ports_per_node":"string","sriov_enable":"string","subnet_domain_name":"string","system_id":"string","tenant":"string","token":"string","use_aci_anywhere_crd":"string","use_aci_cni_priority_class":"string","use_cluster_role":"string","use_host_netns_volume":"string","use_opflex_server_volume":"string","use_privileged_container":"string","vmm_controller":"string","vmm_domain":"string","vrf_name":"string","vrf_tenant":"string"}]],"calico_network_provider":["list",["object",{"cloud_provider":"string"}]],"canal_network_provider":["list",["object",{"iface":"string"}]],"flannel_network_provider":["list",["object",{"iface":"string"}]],"mtu":"number","options":["map","string"],"plugin":"string","tolerations":["list",["object",{"effect":"string","key":"string","operator":"string","seconds":"number","value":"string"}]],"weave_network_provider":["list",["object",{"password":"string"}]]}]],"nodes":["list",["object",{"address":"string","docker_socket":"string","hostname_override":"string","internal_address":"string","labels":["map","string"],"node_id":"string","port":"string","role":["list","string"],"ssh_agent_auth":"bool","ssh_key":"string","ssh_key_path":"string","user":"string"}]],"prefix_path":"string","private_registries":["list",["object",{"ecr_credential_plugin":["list",["object",{"aws_access_key_id":"string","aws_secret_access_key":"string","aws_session_token":"string"}]],"is_default":"bool","password":"string","url":"string","user":"string"}]],"services":["list",["object",{"etcd":["list",["object",{"backup_config":["list",["object",{"enabled":"bool","interval_hours":"number","retention":"number","s3_backup_config":["list",["object",{"access_key":"string","bucket_name":"string","custom_ca":"string","endpoint":"string","folder":"string","region":"string","secret_key":"string"}]],"safe_timestamp":"bool","timeout":"number"}]],"ca_cert":"string","cert":"string","creation":"string","external_urls":["list","string"],"extra_args":["map","string"],"extra_binds":["list","string"],"extra_env":["list","string"],"gid":"number","image":"string","key":"string","path":"string","retention":"string","snapshot":"bool","uid":"number"}]],"kube_api":["list",["object",{"admission_configuration":["list",["object",{"api_version":"string","kind":"string","plugins":["list",["object",{"configuration":"string","name":"string","path":"string"}]]}]],"always_pull_images":"bool","audit_log":["list",["object",{"configuration":["list",["object",{"format":"string","max_age":"number","max_backup":"number","max_size":"number","path":"string","policy":"string"}]],"enabled":"bool"}]],"event_rate_limit":["list",["object",{"configuration":"string","enabled":"bool"}]],"extra_args":["map","string"],"extra_binds":["list","string"],"extra_env":["list","string"],"image":"string","secrets_encryption_config":["list",["object",{"custom_config":"string","enabled":"bool"}]],"service_cluster_ip_range":"string","service_node_port_range":"string"}]],"kube_controller":["list",["object",{"cluster_cidr":"string","extra_args":["map","string"],"extra_binds":["list","string"],"extra_env":["list","string"],"image":"string","service_cluster_ip_range":"string"}]],"kubelet":["list",["object",{"cluster_dns_server":"string","cluster_domain":"string","extra_args":["map","string"],"extra_binds":["list","string"],"extra_env":["list","string"],"fail_swap_on":"bool","generate_serving_certificate":"bool","image":"string","infra_container_image":"string"}]],"kubeproxy":["list",["object",{"extra_args":["map","string"],"extra_binds":["list","string"],"extra_env":["list","string"],"image":"string"}]],"scheduler":["list",["object",{"extra_args":["map","string"],"extra_binds":["list","string"],"extra_env":["list","string"],"image":"string"}]]}]],"ssh_agent_auth":"bool","ssh_cert_path":"string","ssh_key_path":"string","upgrade_strategy":["list",["object",{"drain":"bool","drain_input":["list",["object",{"delete_local_data":"bool","force":"bool","grace_period":"number","ignore_daemon_sets":"bool","timeout":"number"}]],"max_unavailable_controlplane":"string","max_unavailable_worker":"string"}]],"win_prefix_path":"string"}]],"description_kind":"plain","computed":true},"system_project_id":{"type":"string","description_kind":"plain","computed":true}},"description_kind":"plain"}},"rancher2_cluster_driver":{"version":0,"block":{"attributes":{"active":{"type":"bool","description_kind":"plain","computed":true},"actual_url":{"type":"string","description_kind":"plain","computed":true},"annotations":{"type":["map","string"],"description_kind":"plain","computed":true},"builtin":{"type":"bool","description_kind":"plain","computed":true},"checksum":{"type":"string","description_kind":"plain","computed":true},"id":{"type":"string","description_kind":"plain","optional":true,"computed":true},"labels":{"type":["map","string"],"description_kind":"plain","computed":true},"name":{"type":"string","description_kind":"plain","required":true},"ui_url":{"type":"string","description_kind":"plain","computed":true},"url":{"type":"string","description_kind":"plain","optional":true,"computed":true},"whitelist_domains":{"type":["list","string"],"description_kind":"plain","computed":true}},"description_kind":"plain"}},"rancher2_cluster_role_template_binding":{"version":0,"block":{"attributes":{"annotations":{"type":["map","string"],"description_kind":"plain","computed":true},"cluster_id":{"type":"string","description_kind":"plain","required":true},"group_id":{"type":"string","description_kind":"plain","computed":true},"group_principal_id":{"type":"string","description_kind":"plain","computed":true},"id":{"type":"string","description_kind":"plain","optional":true,"computed":true},"labels":{"type":["map","string"],"description_kind":"plain","computed":true},"name":{"type":"string","description_kind":"plain","required":true},"role_template_id":{"type":"string","description_kind":"plain","optional":true,"computed":true},"user_id":{"type":"string","description_kind":"plain","computed":true},"user_principal_id":{"type":"string","description_kind":"plain","computed":true}},"description_kind":"plain"}},"rancher2_cluster_template":{"version":1,"block":{"attributes":{"annotations":{"type":["map","string"],"description_kind":"plain","optional":true,"computed":true},"default_revision_id":{"type":"string","description":"Default cluster template revision ID","description_kind":"plain","computed":true},"description":{"type":"string","description":"Cluster template description","description_kind":"plain","optional":true,"computed":true},"id":{"type":"string","description_kind":"plain","optional":true,"computed":true},"labels":{"type":["map","string"],"description_kind":"plain","optional":true,"computed":true},"members":{"type":["list",["object",{"access_type":"string","group_principal_id":"string","user_principal_id":"string"}]],"description":"Cluster template members","description_kind":"plain","computed":true},"name":{"type":"string","description":"Cluster template name","description_kind":"plain","required":true},"template_revisions":{"type":["list",["object",{"annotations":["map","string"],"cluster_config":["list",["object",{"cluster_auth_endpoint":["list",["object",{"ca_certs":"string","enabled":"bool","fqdn":"string"}]],"default_cluster_role_for_project_members":"string","default_pod_security_admission_configuration_template_name":"string","desired_agent_image":"string","desired_auth_image":"string","docker_root_dir":"string","enable_network_policy":"bool","rke_config":["list",["object",{"addon_job_timeout":"number","addons":"string","addons_include":["list","string"],"authentication":["list",["object",{"sans":["list","string"],"strategy":"string"}]],"authorization":["list",["object",{"mode":"string","options":["map","string"]}]],"bastion_host":["list",["object",{"address":"string","port":"string","ssh_agent_auth":"bool","ssh_key":"string","ssh_key_path":"string","user":"string"}]],"cloud_provider":["list",["object",{"aws_cloud_provider":["list",["object",{"global":["list",["object",{"disable_security_group_ingress":"bool","disable_strict_zone_check":"bool","elb_security_group":"string","kubernetes_cluster_id":"string","kubernetes_cluster_tag":"string","role_arn":"string","route_table_id":"string","subnet_id":"string","vpc":"string","zone":"string"}]],"service_override":["list",["object",{"region":"string","service":"string","signing_method":"string","signing_name":"string","signing_region":"string","url":"string"}]]}]],"azure_cloud_provider":["list",["object",{"aad_client_cert_password":"string","aad_client_cert_path":"string","aad_client_id":"string","aad_client_secret":"string","cloud":"string","cloud_provider_backoff":"bool","cloud_provider_backoff_duration":"number","cloud_provider_backoff_exponent":"number","cloud_provider_backoff_jitter":"number","cloud_provider_backoff_retries":"number","cloud_provider_rate_limit":"bool","cloud_provider_rate_limit_bucket":"number","cloud_provider_rate_limit_qps":"number","load_balancer_sku":"string","location":"string","maximum_load_balancer_rule_count":"number","primary_availability_set_name":"string","primary_scale_set_name":"string","resource_group":"string","route_table_name":"string","security_group_name":"string","subnet_name":"string","subscription_id":"string","tenant_id":"string","use_instance_metadata":"bool","use_managed_identity_extension":"bool","vm_type":"string","vnet_name":"string","vnet_resource_group":"string"}]],"custom_cloud_provider":"string","name":"string","openstack_cloud_provider":["list",["object",{"block_storage":["list",["object",{"bs_version":"string","ignore_volume_az":"bool","trust_device_path":"bool"}]],"global":["list",["object",{"auth_url":"string","ca_file":"string","domain_id":"string","domain_name":"string","password":"string","region":"string","tenant_id":"string","tenant_name":"string","trust_id":"string","username":"string"}]],"load_balancer":["list",["object",{"create_monitor":"bool","floating_network_id":"string","lb_method":"string","lb_provider":"string","lb_version":"string","manage_security_groups":"bool","monitor_delay":"string","monitor_max_retries":"number","monitor_timeout":"string","subnet_id":"string","use_octavia":"bool"}]],"metadata":["list",["object",{"request_timeout":"number","search_order":"string"}]],"route":["list",["object",{"router_id":"string"}]]}]],"vsphere_cloud_provider":["list",["object",{"disk":["list",["object",{"scsi_controller_type":"string"}]],"global":["list",["object",{"datacenters":"string","graceful_shutdown_timeout":"string","insecure_flag":"bool","password":"string","port":"string","soap_roundtrip_count":"number","user":"string"}]],"network":["list",["object",{"public_network":"string"}]],"virtual_center":["list",["object",{"datacenters":"string","name":"string","password":"string","port":"string","soap_roundtrip_count":"number","user":"string"}]],"workspace":["list",["object",{"datacenter":"string","default_datastore":"string","folder":"string","resourcepool_path":"string","server":"string"}]]}]]}]],"dns":["list",["object",{"linear_autoscaler_params":["list",["object",{"cores_per_replica":"number","max":"number","min":"number","nodes_per_replica":"number","prevent_single_point_failure":"bool"}]],"node_selector":["map","string"],"nodelocal":["list",["object",{"ip_address":"string","node_selector":["map","string"]}]],"options":["map","string"],"provider":"string","reverse_cidrs":["list","string"],"tolerations":["list",["object",{"effect":"string","key":"string","operator":"string","seconds":"number","value":"string"}]],"update_strategy":["list",["object",{"rolling_update":["list",["object",{"max_surge":"number","max_unavailable":"number"}]],"strategy":"string"}]],"upstream_nameservers":["list","string"]}]],"enable_cri_dockerd":"bool","ignore_docker_version":"bool","ingress":["list",["object",{"default_backend":"bool","dns_policy":"string","extra_args":["map","string"],"http_port":"number","https_port":"number","network_mode":"string","node_selector":["map","string"],"options":["map","string"],"provider":"string","tolerations":["list",["object",{"effect":"string","key":"string","operator":"string","seconds":"number","value":"string"}]],"update_strategy":["list",["object",{"rolling_update":["list",["object",{"max_unavailable":"number"}]],"strategy":"string"}]]}]],"kubernetes_version":"string","monitoring":["list",["object",{"node_selector":["map","string"],"options":["map","string"],"provider":"string","replicas":"number","tolerations":["list",["object",{"effect":"string","key":"string","operator":"string","seconds":"number","value":"string"}]],"update_strategy":["list",["object",{"rolling_update":["list",["object",{"max_surge":"number","max_unavailable":"number"}]],"strategy":"string"}]]}]],"network":["list",["object",{"aci_network_provider":["list",["object",{"aep":"string","apic_hosts":["list","string"],"apic_refresh_ticker_adjust":"string","apic_refresh_time":"string","apic_subscription_delay":"string","apic_user_crt":"string","apic_user_key":"string","apic_user_name":"string","capic":"string","controller_log_level":"string","disable_periodic_snat_global_info_sync":"string","disable_wait_for_network":"string","drop_log_enable":"string","duration_wait_for_network":"string","enable_endpoint_slice":"string","encap_type":"string","ep_registry":"string","extern_dynamic":"string","extern_static":"string","gbp_pod_subnet":"string","host_agent_log_level":"string","image_pull_policy":"string","image_pull_secret":"string","infra_vlan":"string","install_istio":"string","istio_profile":"string","kafka_brokers":["list","string"],"kafka_client_crt":"string","kafka_client_key":"string","kube_api_vlan":"string","l3out":"string","l3out_external_networks":["list","string"],"max_nodes_svc_graph":"string","mcast_range_end":"string","mcast_range_start":"string","mtu_head_room":"string","multus_disable":"string","no_priority_class":"string","node_pod_if_enable":"string","node_subnet":"string","node_svc_subnet":"string","opflex_client_ssl":"string","opflex_device_delete_timeout":"string","opflex_log_level":"string","opflex_mode":"string","opflex_server_port":"string","overlay_vrf_name":"string","ovs_memory_limit":"string","pbr_tracking_non_snat":"string","pod_subnet_chunk_size":"string","run_gbp_container":"string","run_opflex_server_container":"string","service_monitor_interval":"string","service_vlan":"string","snat_contract_scope":"string","snat_namespace":"string","snat_port_range_end":"string","snat_port_range_start":"string","snat_ports_per_node":"string","sriov_enable":"string","subnet_domain_name":"string","system_id":"string","tenant":"string","token":"string","use_aci_anywhere_crd":"string","use_aci_cni_priority_class":"string","use_cluster_role":"string","use_host_netns_volume":"string","use_opflex_server_volume":"string","use_privileged_container":"string","vmm_controller":"string","vmm_domain":"string","vrf_name":"string","vrf_tenant":"string"}]],"calico_network_provider":["list",["object",{"cloud_provider":"string"}]],"canal_network_provider":["list",["object",{"iface":"string"}]],"flannel_network_provider":["list",["object",{"iface":"string"}]],"mtu":"number","options":["map","string"],"plugin":"string","tolerations":["list",["object",{"effect":"string","key":"string","operator":"string","seconds":"number","value":"string"}]],"weave_network_provider":["list",["object",{"password":"string"}]]}]],"nodes":["list",["object",{"address":"string","docker_socket":"string","hostname_override":"string","internal_address":"string","labels":["map","string"],"node_id":"string","port":"string","role":["list","string"],"ssh_agent_auth":"bool","ssh_key":"string","ssh_key_path":"string","user":"string"}]],"prefix_path":"string","private_registries":["list",["object",{"ecr_credential_plugin":["list",["object",{"aws_access_key_id":"string","aws_secret_access_key":"string","aws_session_token":"string"}]],"is_default":"bool","password":"string","url":"string","user":"string"}]],"services":["list",["object",{"etcd":["list",["object",{"backup_config":["list",["object",{"enabled":"bool","interval_hours":"number","retention":"number","s3_backup_config":["list",["object",{"access_key":"string","bucket_name":"string","custom_ca":"string","endpoint":"string","folder":"string","region":"string","secret_key":"string"}]],"safe_timestamp":"bool","timeout":"number"}]],"ca_cert":"string","cert":"string","creation":"string","external_urls":["list","string"],"extra_args":["map","string"],"extra_binds":["list","string"],"extra_env":["list","string"],"gid":"number","image":"string","key":"string","path":"string","retention":"string","snapshot":"bool","uid":"number"}]],"kube_api":["list",["object",{"admission_configuration":["list",["object",{"api_version":"string","kind":"string","plugins":["list",["object",{"configuration":"string","name":"string","path":"string"}]]}]],"always_pull_images":"bool","audit_log":["list",["object",{"configuration":["list",["object",{"format":"string","max_age":"number","max_backup":"number","max_size":"number","path":"string","policy":"string"}]],"enabled":"bool"}]],"event_rate_limit":["list",["object",{"configuration":"string","enabled":"bool"}]],"extra_args":["map","string"],"extra_binds":["list","string"],"extra_env":["list","string"],"image":"string","secrets_encryption_config":["list",["object",{"custom_config":"string","enabled":"bool"}]],"service_cluster_ip_range":"string","service_node_port_range":"string"}]],"kube_controller":["list",["object",{"cluster_cidr":"string","extra_args":["map","string"],"extra_binds":["list","string"],"extra_env":["list","string"],"image":"string","service_cluster_ip_range":"string"}]],"kubelet":["list",["object",{"cluster_dns_server":"string","cluster_domain":"string","extra_args":["map","string"],"extra_binds":["list","string"],"extra_env":["list","string"],"fail_swap_on":"bool","generate_serving_certificate":"bool","image":"string","infra_container_image":"string"}]],"kubeproxy":["list",["object",{"extra_args":["map","string"],"extra_binds":["list","string"],"extra_env":["list","string"],"image":"string"}]],"scheduler":["list",["object",{"extra_args":["map","string"],"extra_binds":["list","string"],"extra_env":["list","string"],"image":"string"}]]}]],"ssh_agent_auth":"bool","ssh_cert_path":"string","ssh_key_path":"string","upgrade_strategy":["list",["object",{"drain":"bool","drain_input":["list",["object",{"delete_local_data":"bool","force":"bool","grace_period":"number","ignore_daemon_sets":"bool","timeout":"number"}]],"max_unavailable_controlplane":"string","max_unavailable_worker":"string"}]],"win_prefix_path":"string"}]],"windows_prefered_cluster":"bool"}]],"cluster_template_id":"string","default":"bool","enabled":"bool","id":"string","labels":["map","string"],"name":"string","questions":["list",["object",{"default":"string","required":"bool","type":"string","variable":"string"}]]}]],"description":"Cluster template revisions","description_kind":"plain","computed":true}},"description_kind":"plain"}},"rancher2_cluster_v2":{"version":1,"block":{"attributes":{"agent_env_vars":{"type":["list",["object",{"name":"string","value":"string"}]],"description":"Cluster V2 default agent env vars","description_kind":"plain","computed":true},"annotations":{"type":["map","string"],"description_kind":"plain","computed":true},"cloud_credential_secret_name":{"type":"string","description":"Cluster V2 cloud credential secret name","description_kind":"plain","computed":true},"cluster_registration_token":{"type":["list",["object",{"annotations":["map","string"],"cluster_id":"string","command":"string","id":"string","insecure_command":"string","insecure_node_command":"string","insecure_windows_node_command":"string","labels":["map","string"],"manifest_url":"string","name":"string","node_command":"string","token":"string","windows_node_command":"string"}]],"description_kind":"plain","computed":true,"sensitive":true},"cluster_v1_id":{"type":"string","description_kind":"plain","computed":true},"default_cluster_role_for_project_members":{"type":"string","description":"Cluster V2 default cluster role for project members","description_kind":"plain","computed":true},"default_pod_security_admission_configuration_template_name":{"type":"string","description":"Cluster V2 default pod security admission configuration template name","description_kind":"plain","computed":true},"enable_network_policy":{"type":"bool","description":"Enable k8s network policy","description_kind":"plain","computed":true},"fleet_namespace":{"type":"string","description_kind":"plain","optional":true},"id":{"type":"string","description_kind":"plain","optional":true,"computed":true},"kube_config":{"type":"string","description_kind":"plain","computed":true,"sensitive":true},"kubernetes_version":{"type":"string","description":"Cluster V2 kubernetes version","description_kind":"plain","computed":true},"labels":{"type":["map","string"],"description_kind":"plain","computed":true},"name":{"type":"string","description":"Cluster V2 name","description_kind":"plain","required":true},"resource_version":{"type":"string","description_kind":"plain","computed":true},"rke_config":{"type":["list",["object",{"additional_manifest":"string","chart_values":"string","data_directories":["list",["object",{"k8s_distro":"string","provisioning":"string","system_agent":"string"}]],"etcd":["list",["object",{"disable_snapshots":"bool","s3_config":["list",["object",{"bucket":"string","cloud_credential_name":"string","endpoint":"string","endpoint_ca":"string","folder":"string","region":"string","skip_ssl_verify":"bool"}]],"snapshot_retention":"number","snapshot_schedule_cron":"string"}]],"etcd_snapshot_create":["list",["object",{"generation":"number"}]],"etcd_snapshot_restore":["list",["object",{"generation":"number","name":"string","restore_rke_config":"string"}]],"local_auth_endpoint":["list",["object",{"ca_certs":"string","enabled":"bool","fqdn":"string"}]],"machine_global_config":"string","machine_pool_defaults":["list",["object",{"hostname_length_limit":"number"}]],"machine_pools":["list",["object",{"annotations":["map","string"],"cloud_credential_secret_name":"string","control_plane_role":"bool","drain_before_delete":"bool","etcd_role":"bool","hostname_length_limit":"number","labels":["map","string"],"machine_config":["list",["object",{"api_version":"string","kind":"string","name":"string"}]],"machine_labels":["map","string"],"machine_os":"string","max_unhealthy":"string","name":"string","node_drain_timeout":"number","node_startup_timeout_seconds":"number","paused":"bool","quantity":"number","rolling_update":["list",["object",{"max_surge":"string","max_unavailable":"string"}]],"taints":["list",["object",{"effect":"string","key":"string","value":"string"}]],"unhealthy_node_timeout_seconds":"number","unhealthy_range":"string","worker_role":"bool"}]],"machine_selector_config":["list",["object",{"config":"string","machine_label_selector":["list",["object",{"match_expressions":["list",["object",{"key":"string","operator":"string","values":["list","string"]}]],"match_labels":["map","string"]}]]}]],"machine_selector_files":["list",["object",{"file_sources":["list",["object",{"configmap":["list",["object",{"default_permissions":"string","items":["list",["object",{"dynamic":"bool","hash":"string","key":"string","path":"string","permissions":"string"}]],"name":"string"}]],"secret":["list",["object",{"default_permissions":"string","items":["list",["object",{"dynamic":"bool","hash":"string","key":"string","path":"string","permissions":"string"}]],"name":"string"}]]}]],"machine_label_selector":["list",["object",{"match_expressions":["list",["object",{"key":"string","operator":"string","values":["list","string"]}]],"match_labels":["map","string"]}]]}]],"registries":["list",["object",{"configs":["list",["object",{"auth_config_secret_name":"string","ca_bundle":"string","hostname":"string","insecure":"bool","tls_secret_name":"string"}]],"mirrors":["list",["object",{"endpoints":["list","string"],"hostname":"string","rewrites":["map","string"]}]]}]],"rotate_certificates":["list",["object",{"generation":"number","services":["list","string"]}]],"upgrade_strategy":["list",["object",{"control_plane_concurrency":"string","control_plane_drain_options":["list",["object",{"delete_empty_dir_data":"bool","disable_eviction":"bool","enabled":"bool","force":"bool","grace_period":"number","ignore_daemon_sets":"bool","ignore_errors":"bool","skip_wait_for_delete_timeout_seconds":"number","timeout":"number"}]],"worker_concurrency":"string","worker_drain_options":["list",["object",{"delete_empty_dir_data":"bool","disable_eviction":"bool","enabled":"bool","force":"bool","grace_period":"number","ignore_daemon_sets":"bool","ignore_errors":"bool","skip_wait_for_delete_timeout_seconds":"number","timeout":"number"}]]}]]}]],"description":"Cluster V2 rke config","description_kind":"plain","computed":true}},"description_kind":"plain"}},"rancher2_config_map_v2":{"version":0,"block":{"attributes":{"annotations":{"type":["map","string"],"description_kind":"plain","computed":true},"cluster_id":{"type":"string","description_kind":"plain","required":true},"data":{"type":["map","string"],"description_kind":"plain","computed":true},"id":{"type":"string","description_kind":"plain","optional":true,"computed":true},"immutable":{"type":"bool","description_kind":"plain","computed":true},"labels":{"type":["map","string"],"description_kind":"plain","computed":true},"name":{"type":"string","description_kind":"plain","required":true},"namespace":{"type":"string","description_kind":"plain","optional":true},"resource_version":{"type":"string","description_kind":"plain","computed":true}},"description_kind":"plain"}},"rancher2_etcd_backup":{"version":0,"block":{"attributes":{"annotations":{"type":["map","string"],"description_kind":"plain","computed":true},"backup_config":{"type":["list",["object",{"enabled":"bool","interval_hours":"number","retention":"number","s3_backup_config":["list",["object",{"access_key":"string","bucket_name":"string","custom_ca":"string","endpoint":"string","folder":"string","region":"string","secret_key":"string"}]],"safe_timestamp":"bool","timeout":"number"}]],"description_kind":"plain","computed":true},"cluster_id":{"type":"string","description_kind":"plain","required":true},"filename":{"type":"string","description_kind":"plain","computed":true},"id":{"type":"string","description_kind":"plain","optional":true,"computed":true},"labels":{"type":["map","string"],"description_kind":"plain","computed":true},"manual":{"type":"bool","description_kind":"plain","computed":true},"name":{"type":"string","description_kind":"plain","required":true},"namespace_id":{"type":"string","description_kind":"plain","computed":true}},"description_kind":"plain"}},"rancher2_global_role":{"version":0,"block":{"attributes":{"annotations":{"type":["map","string"],"description":"Annotations of the global role","description_kind":"plain","computed":true},"builtin":{"type":"bool","description":"Builtin global role","description_kind":"plain","computed":true},"description":{"type":"string","description":"Global role policy description","description_kind":"plain","computed":true},"id":{"type":"string","description_kind":"plain","optional":true,"computed":true},"inherited_cluster_roles":{"type":["list","string"],"description":"Names of role templates whose permissions are granted by this global role in every cluster besides the local cluster","description_kind":"plain","optional":true},"labels":{"type":["map","string"],"description":"Labels of the global role","description_kind":"plain","computed":true},"name":{"type":"string","description":"Global role policy name","description_kind":"plain","required":true},"new_user_default":{"type":"bool","description":"Whether or not this role should be added to new users","description_kind":"plain","computed":true},"rules":{"type":["list",["object",{"api_groups":["list","string"],"non_resource_urls":["list","string"],"resource_names":["list","string"],"resources":["list","string"],"verbs":["list","string"]}]],"description":"Global role policy rules","description_kind":"plain","computed":true},"uuid":{"type":"string","description":"Global role uuid","description_kind":"plain","computed":true}},"description_kind":"plain"}},"rancher2_global_role_binding":{"version":0,"block":{"attributes":{"annotations":{"type":["map","string"],"description_kind":"plain","computed":true},"global_role_id":{"type":"string","description_kind":"plain","optional":true,"computed":true},"group_principal_id":{"type":"string","description_kind":"plain","computed":true},"id":{"type":"string","description_kind":"plain","optional":true,"computed":true},"labels":{"type":["map","string"],"description_kind":"plain","computed":true},"name":{"type":"string","description_kind":"plain","required":true},"user_id":{"type":"string","description_kind":"plain","computed":true}},"description_kind":"plain"}},"rancher2_namespace":{"version":0,"block":{"attributes":{"annotations":{"type":["map","string"],"description":"Annotations of the k8s namespace managed by rancher v2","description_kind":"plain","computed":true},"container_resource_limit":{"type":["list",["object",{"limits_cpu":"string","limits_memory":"string","requests_cpu":"string","requests_memory":"string"}]],"description_kind":"plain","computed":true},"description":{"type":"string","description":"Description of the k8s namespace managed by rancher v2","description_kind":"plain","computed":true},"id":{"type":"string","description_kind":"plain","optional":true,"computed":true},"labels":{"type":["map","string"],"description":"Labels of the k8s namespace managed by rancher v2","description_kind":"plain","computed":true},"name":{"type":"string","description":"Name of the k8s namespace managed by rancher v2","description_kind":"plain","required":true},"project_id":{"type":"string","description":"Project ID where k8s namespace belongs","description_kind":"plain","required":true},"resource_quota":{"type":["list",["object",{"limit":["list",["object",{"config_maps":"string","limits_cpu":"string","limits_memory":"string","persistent_volume_claims":"string","pods":"string","replication_controllers":"string","requests_cpu":"string","requests_memory":"string","requests_storage":"string","secrets":"string","services":"string","services_load_balancers":"string","services_node_ports":"string"}]]}]],"description_kind":"plain","computed":true}},"description_kind":"plain"}},"rancher2_node_driver":{"version":0,"block":{"attributes":{"active":{"type":"bool","description_kind":"plain","computed":true},"annotations":{"type":["map","string"],"description_kind":"plain","computed":true},"builtin":{"type":"bool","description_kind":"plain","computed":true},"checksum":{"type":"string","description_kind":"plain","computed":true},"description":{"type":"string","description_kind":"plain","computed":true},"external_id":{"type":"string","description_kind":"plain","computed":true},"id":{"type":"string","description_kind":"plain","optional":true,"computed":true},"labels":{"type":["map","string"],"description_kind":"plain","computed":true},"name":{"type":"string","description_kind":"plain","required":true},"ui_url":{"type":"string","description_kind":"plain","computed":true},"url":{"type":"string","description_kind":"plain","optional":true,"computed":true},"whitelist_domains":{"type":["list","string"],"description_kind":"plain","computed":true}},"description_kind":"plain"}},"rancher2_node_pool":{"version":0,"block":{"attributes":{"annotations":{"type":["map","string"],"description_kind":"plain","computed":true},"cluster_id":{"type":"string","description_kind":"plain","required":true},"control_plane":{"type":"bool","description_kind":"plain","computed":true},"delete_not_ready_after_secs":{"type":"number","description_kind":"plain","computed":true},"etcd":{"type":"bool","description_kind":"plain","computed":true},"hostname_prefix":{"type":"string","description_kind":"plain","computed":true},"id":{"type":"string","description_kind":"plain","optional":true,"computed":true},"labels":{"type":["map","string"],"description_kind":"plain","computed":true},"name":{"type":"string","description_kind":"plain","required":true},"node_taints":{"type":["list",["object",{"effect":"string","key":"string","time_added":"string","value":"string"}]],"description_kind":"plain","computed":true},"node_template_id":{"type":"string","description_kind":"plain","optional":true,"computed":true},"quantity":{"type":"number","description_kind":"plain","computed":true},"worker":{"type":"bool","description_kind":"plain","computed":true}},"description_kind":"plain"}},"rancher2_node_template":{"version":0,"block":{"attributes":{"annotations":{"type":["map","string"],"description_kind":"plain","computed":true},"cloud_credential_id":{"type":"string","description_kind":"plain","computed":true},"description":{"type":"string","description_kind":"plain","computed":true},"driver":{"type":"string","description_kind":"plain","computed":true},"engine_env":{"type":["map","string"],"description_kind":"plain","computed":true},"engine_insecure_registry":{"type":["list","string"],"description_kind":"plain","computed":true},"engine_install_url":{"type":"string","description_kind":"plain","computed":true},"engine_label":{"type":["map","string"],"description_kind":"plain","computed":true},"engine_opt":{"type":["map","string"],"description_kind":"plain","computed":true},"engine_registry_mirror":{"type":["list","string"],"description_kind":"plain","computed":true},"engine_storage_driver":{"type":"string","description_kind":"plain","computed":true},"id":{"type":"string","description_kind":"plain","optional":true,"computed":true},"labels":{"type":["map","string"],"description_kind":"plain","computed":true},"name":{"type":"string","description_kind":"plain","required":true},"node_taints":{"type":["list",["object",{"effect":"string","key":"string","time_added":"string","value":"string"}]],"description_kind":"plain","computed":true},"use_internal_ip_address":{"type":"bool","description_kind":"plain","optional":true}},"description_kind":"plain"}},"rancher2_pod_security_admission_configuration_template":{"version":0,"block":{"attributes":{"annotations":{"type":["map","string"],"description":"Annotations of the Pod Security Admission Configuration Template","description_kind":"plain","optional":true,"computed":true},"defaults":{"type":["list",["object",{"audit":"string","audit_version":"string","enforce":"string","enforce_version":"string","warn":"string","warn_version":"string"}]],"description":"defaults allows the user to define admission control mode for Pod Security","description_kind":"plain","computed":true},"description":{"type":"string","description":"Pod Security Admission Configuration Template description","description_kind":"plain","computed":true},"exemptions":{"type":["list",["object",{"namespaces":["list","string"],"runtime_classes":["list","string"],"usernames":["list","string"]}]],"description":"exemptions allows the creation of pods for specific Usernames, RuntimeClassNames, and Namespaces that would otherwise be prohibited","description_kind":"plain","computed":true},"id":{"type":"string","description_kind":"plain","optional":true,"computed":true},"labels":{"type":["map","string"],"description":"Labels of the Pod Security Admission Configuration Template","description_kind":"plain","optional":true,"computed":true},"name":{"type":"string","description":"Pod Security Admission Configuration Template name","description_kind":"plain","required":true}},"description_kind":"plain"}},"rancher2_principal":{"version":0,"block":{"attributes":{"id":{"type":"string","description_kind":"plain","optional":true,"computed":true},"name":{"type":"string","description_kind":"plain","required":true},"type":{"type":"string","description_kind":"plain","optional":true}},"description_kind":"plain"}},"rancher2_project":{"version":0,"block":{"attributes":{"annotations":{"type":["map","string"],"description_kind":"plain","computed":true},"cluster_id":{"type":"string","description":"ID of the cluster to whom the project belongs","description_kind":"plain","required":true},"container_resource_limit":{"type":["list",["object",{"limits_cpu":"string","limits_memory":"string","requests_cpu":"string","requests_memory":"string"}]],"description_kind":"plain","computed":true},"description":{"type":"string","description":"Description of the project","description_kind":"plain","computed":true},"id":{"type":"string","description_kind":"plain","optional":true,"computed":true},"labels":{"type":["map","string"],"description_kind":"plain","computed":true},"name":{"type":"string","description":"Name of the project","description_kind":"plain","required":true},"resource_quota":{"type":["list",["object",{"namespace_default_limit":["list",["object",{"config_maps":"string","limits_cpu":"string","limits_memory":"string","persistent_volume_claims":"string","pods":"string","replication_controllers":"string","requests_cpu":"string","requests_memory":"string","requests_storage":"string","secrets":"string","services":"string","services_load_balancers":"string","services_node_ports":"string"}]],"project_limit":["list",["object",{"config_maps":"string","limits_cpu":"string","limits_memory":"string","persistent_volume_claims":"string","pods":"string","replication_controllers":"string","requests_cpu":"string","requests_memory":"string","requests_storage":"string","secrets":"string","services":"string","services_load_balancers":"string","services_node_ports":"string"}]]}]],"description_kind":"plain","computed":true},"uuid":{"type":"string","description":"UUID of the project","description_kind":"plain","computed":true}},"description_kind":"plain"}},"rancher2_project_role_template_binding":{"version":0,"block":{"attributes":{"annotations":{"type":["map","string"],"description_kind":"plain","computed":true},"group_id":{"type":"string","description_kind":"plain","computed":true},"group_principal_id":{"type":"string","description_kind":"plain","computed":true},"id":{"type":"string","description_kind":"plain","optional":true,"computed":true},"labels":{"type":["map","string"],"description_kind":"plain","computed":true},"name":{"type":"string","description_kind":"plain","required":true},"project_id":{"type":"string","description_kind":"plain","required":true},"role_template_id":{"type":"string","description_kind":"plain","optional":true,"computed":true},"user_id":{"type":"string","description_kind":"plain","computed":true},"user_principal_id":{"type":"string","description_kind":"plain","computed":true}},"description_kind":"plain"}},"rancher2_registry":{"version":0,"block":{"attributes":{"annotations":{"type":["map","string"],"description":"Annotations of the docker registry","description_kind":"plain","computed":true},"description":{"type":"string","description":"Description of the docker registry","description_kind":"plain","computed":true},"id":{"type":"string","description_kind":"plain","optional":true,"computed":true},"labels":{"type":["map","string"],"description":"Labels of the docker registry","description_kind":"plain","computed":true},"name":{"type":"string","description":"Name of the docker registry","description_kind":"plain","required":true},"namespace_id":{"type":"string","description":"Namespace ID to add docker registry","description_kind":"plain","optional":true},"project_id":{"type":"string","description":"Project ID to add docker registry","description_kind":"plain","required":true},"registries":{"type":["list",["object",{"address":"string","password":"string","username":"string"}]],"description_kind":"plain","computed":true}},"description_kind":"plain"}},"rancher2_role_template":{"version":0,"block":{"attributes":{"administrative":{"type":"bool","description":"Administrative role template","description_kind":"plain","computed":true},"annotations":{"type":["map","string"],"description":"Annotations of the role template","description_kind":"plain","computed":true},"builtin":{"type":"bool","description":"Builtin role template","description_kind":"plain","computed":true},"context":{"type":"string","description":"Context role template","description_kind":"plain","optional":true,"computed":true},"default_role":{"type":"bool","description":"Default role template for new created cluster or project","description_kind":"plain","computed":true},"description":{"type":"string","description":"Role template policy description","description_kind":"plain","computed":true},"external":{"type":"bool","description":"External role template","description_kind":"plain","computed":true},"hidden":{"type":"bool","description":"Hidden role template","description_kind":"plain","computed":true},"id":{"type":"string","description_kind":"plain","optional":true,"computed":true},"labels":{"type":["map","string"],"description":"Labels of the role template","description_kind":"plain","computed":true},"locked":{"type":"bool","description":"Locked role template","description_kind":"plain","computed":true},"name":{"type":"string","description":"Role template policy name","description_kind":"plain","required":true},"role_template_ids":{"type":["list","string"],"description":"Inherit role template IDs","description_kind":"plain","computed":true},"rules":{"type":["list",["object",{"api_groups":["list","string"],"non_resource_urls":["list","string"],"resource_names":["list","string"],"resources":["list","string"],"verbs":["list","string"]}]],"description":"Role template policy rules","description_kind":"plain","computed":true}},"block_types":{"external_rules":{"nesting_mode":"list","block":{"attributes":{"api_groups":{"type":["list","string"],"description":"Policy rule api groups","description_kind":"plain","optional":true},"non_resource_urls":{"type":["list","string"],"description":"Policy rule non resource urls","description_kind":"plain","optional":true},"resource_names":{"type":["list","string"],"description":"Policy rule resource names","description_kind":"plain","optional":true},"resources":{"type":["list","string"],"description":"Policy rule resources","description_kind":"plain","optional":true},"verbs":{"type":["list","string"],"description":"Policy rule verbs","description_kind":"plain","optional":true}},"description":"External policy rules used for authorization","description_kind":"plain"}}},"description_kind":"plain"}},"rancher2_secret":{"version":0,"block":{"attributes":{"annotations":{"type":["map","string"],"description":"Annotations of the secret","description_kind":"plain","computed":true},"data":{"type":["map","string"],"description":"Secret data base64 encoded","description_kind":"plain","computed":true},"description":{"type":"string","description":"Description of the secret","description_kind":"plain","computed":true},"id":{"type":"string","description_kind":"plain","optional":true,"computed":true},"labels":{"type":["map","string"],"description":"Labels of the secret","description_kind":"plain","computed":true},"name":{"type":"string","description":"Name of the secret","description_kind":"plain","required":true},"namespace_id":{"type":"string","description":"Namespace ID to add secret","description_kind":"plain","optional":true},"project_id":{"type":"string","description":"Project ID to add secret","description_kind":"plain","required":true}},"description_kind":"plain"}},"rancher2_secret_v2":{"version":0,"block":{"attributes":{"annotations":{"type":["map","string"],"description_kind":"plain","computed":true},"cluster_id":{"type":"string","description_kind":"plain","required":true},"data":{"type":["map","string"],"description_kind":"plain","computed":true},"id":{"type":"string","description_kind":"plain","optional":true,"computed":true},"immutable":{"type":"bool","description_kind":"plain","computed":true},"labels":{"type":["map","string"],"description_kind":"plain","computed":true},"name":{"type":"string","description_kind":"plain","required":true},"namespace":{"type":"string","description_kind":"plain","optional":true},"resource_version":{"type":"string","description_kind":"plain","computed":true},"type":{"type":"string","description_kind":"plain","computed":true}},"description_kind":"plain"}},"rancher2_setting":{"version":0,"block":{"attributes":{"id":{"type":"string","description_kind":"plain","optional":true,"computed":true},"name":{"type":"string","description_kind":"plain","required":true},"value":{"type":"string","description_kind":"plain","computed":true}},"description_kind":"plain"}},"rancher2_storage_class_v2":{"version":0,"block":{"attributes":{"allow_volume_expansion":{"type":"bool","description":"StorageClass allow_volume_expansion","description_kind":"plain","computed":true},"annotations":{"type":["map","string"],"description_kind":"plain","computed":true},"cluster_id":{"type":"string","description":"K8s cluster ID","description_kind":"plain","required":true},"id":{"type":"string","description_kind":"plain","optional":true,"computed":true},"k8s_provisioner":{"type":"string","description":"StorageClass provisioner","description_kind":"plain","computed":true},"labels":{"type":["map","string"],"description_kind":"plain","computed":true},"mount_options":{"type":["list","string"],"description":"StorageClass mount options","description_kind":"plain","computed":true},"name":{"type":"string","description":"StorageClass name","description_kind":"plain","required":true},"parameters":{"type":["map","string"],"description":"StorageClass provisioner paramaters","description_kind":"plain","computed":true},"reclaim_policy":{"type":"string","description":"StorageClass provisioner reclaim policy","description_kind":"plain","computed":true},"resource_version":{"type":"string","description_kind":"plain","computed":true},"volume_binding_mode":{"type":"string","description":"StorageClass provisioner volume binding mode","description_kind":"plain","computed":true}},"description_kind":"plain"}},"rancher2_user":{"version":0,"block":{"attributes":{"annotations":{"type":["map","string"],"description_kind":"plain","computed":true},"enabled":{"type":"bool","description_kind":"plain","computed":true},"id":{"type":"string","description_kind":"plain","optional":true,"computed":true},"is_external":{"type":"bool","description_kind":"plain","optional":true},"labels":{"type":["map","string"],"description_kind":"plain","computed":true},"must_change_password":{"type":"bool","description_kind":"plain","computed":true},"name":{"type":"string","description_kind":"plain","optional":true,"computed":true},"principal_ids":{"type":["list","string"],"description_kind":"plain","computed":true},"username":{"type":"string","description_kind":"plain","optional":true,"computed":true}},"description_kind":"plain"}}}}}}
